// !$*UTF8*$!
{
	archiveVersion = 1;
	classes = {
	};
	objectVersion = 46;
	objects = {

/* Begin PBXBuildFile section */
		4300A0C11DF0EF0A00497FE4 /* Bond.framework in Frameworks */ = {isa = PBXBuildFile; fileRef = 4300A0BF1DF0EF0A00497FE4 /* Bond.framework */; };
		4300A0C21DF0EF0A00497FE4 /* ReactiveKit.framework in Frameworks */ = {isa = PBXBuildFile; fileRef = 4300A0C01DF0EF0A00497FE4 /* ReactiveKit.framework */; };
		432564391DECAE8F001B943A /* Subverse.storyboard in Resources */ = {isa = PBXBuildFile; fileRef = 432564381DECAE8F001B943A /* Subverse.storyboard */; };
		432564B61DEEB798001B943A /* TabController.storyboard in Resources */ = {isa = PBXBuildFile; fileRef = 432564B51DEEB798001B943A /* TabController.storyboard */; };
		432564BA1DEED077001B943A /* Swinject.framework in Frameworks */ = {isa = PBXBuildFile; fileRef = 43F9A04D1DEA3C26001EB1FC /* Swinject.framework */; };
		432564BB1DEED077001B943A /* SwinjectStoryboard.framework in Frameworks */ = {isa = PBXBuildFile; fileRef = 43F9A04E1DEA3C26001EB1FC /* SwinjectStoryboard.framework */; };
		43433D791E0272860017FAB0 /* DataProviderHelper.swift in Sources */ = {isa = PBXBuildFile; fileRef = 43433D781E0272860017FAB0 /* DataProviderHelper.swift */; };
		43433D7B1E027FD00017FAB0 /* ImageDownloader.swift in Sources */ = {isa = PBXBuildFile; fileRef = 43433D7A1E027FD00017FAB0 /* ImageDownloader.swift */; };
		43433D7D1E02B8750017FAB0 /* SubmissionTextFormatter.swift in Sources */ = {isa = PBXBuildFile; fileRef = 43433D7C1E02B8750017FAB0 /* SubmissionTextFormatter.swift */; };
		43433D7F1E03C8290017FAB0 /* CellHeightCalculator.swift in Sources */ = {isa = PBXBuildFile; fileRef = 43433D7E1E03C8290017FAB0 /* CellHeightCalculator.swift */; };
		43433D861E03DCF80017FAB0 /* TSBaseParser.m in Sources */ = {isa = PBXBuildFile; fileRef = 43433D821E03DCF80017FAB0 /* TSBaseParser.m */; };
		43433D871E03DCF80017FAB0 /* TSMarkdownParser.m in Sources */ = {isa = PBXBuildFile; fileRef = 43433D851E03DCF80017FAB0 /* TSMarkdownParser.m */; };
		43433D8C1E0575040017FAB0 /* FindSubverse.storyboard in Resources */ = {isa = PBXBuildFile; fileRef = 43433D8B1E0575040017FAB0 /* FindSubverse.storyboard */; };
		43433D8E1E057C160017FAB0 /* FindSubverseViewController.swift in Sources */ = {isa = PBXBuildFile; fileRef = 43433D8D1E057C160017FAB0 /* FindSubverseViewController.swift */; };
		43433DA21E057E620017FAB0 /* ActivityIndicatorCell.swift in Sources */ = {isa = PBXBuildFile; fileRef = 43433D911E057E620017FAB0 /* ActivityIndicatorCell.swift */; };
		43433DA31E057E620017FAB0 /* CommentCell.swift in Sources */ = {isa = PBXBuildFile; fileRef = 43433D921E057E620017FAB0 /* CommentCell.swift */; };
		43433DA41E057E620017FAB0 /* CommentCellViewModel.swift in Sources */ = {isa = PBXBuildFile; fileRef = 43433D931E057E620017FAB0 /* CommentCellViewModel.swift */; };
		43433DA51E057E620017FAB0 /* CommentsSortByCell.swift in Sources */ = {isa = PBXBuildFile; fileRef = 43433D941E057E620017FAB0 /* CommentsSortByCell.swift */; };
		43433DA61E057E620017FAB0 /* CommentsSortByCellViewModel.swift in Sources */ = {isa = PBXBuildFile; fileRef = 43433D951E057E620017FAB0 /* CommentsSortByCellViewModel.swift */; };
		43433DA71E057E620017FAB0 /* SubmissionImageCell.swift in Sources */ = {isa = PBXBuildFile; fileRef = 43433D961E057E620017FAB0 /* SubmissionImageCell.swift */; };
		43433DA81E057E620017FAB0 /* SubmissionImageCellViewModel.swift in Sources */ = {isa = PBXBuildFile; fileRef = 43433D971E057E620017FAB0 /* SubmissionImageCellViewModel.swift */; };
		43433DA91E057E620017FAB0 /* SubmissionLinkCell.swift in Sources */ = {isa = PBXBuildFile; fileRef = 43433D981E057E620017FAB0 /* SubmissionLinkCell.swift */; };
		43433DAA1E057E620017FAB0 /* SubmissionLinkCellViewModel.swift in Sources */ = {isa = PBXBuildFile; fileRef = 43433D991E057E620017FAB0 /* SubmissionLinkCellViewModel.swift */; };
		43433DAB1E057E620017FAB0 /* SubmissionTextCell.swift in Sources */ = {isa = PBXBuildFile; fileRef = 43433D9A1E057E620017FAB0 /* SubmissionTextCell.swift */; };
		43433DAC1E057E620017FAB0 /* SubmissionTextCellViewModel.swift in Sources */ = {isa = PBXBuildFile; fileRef = 43433D9B1E057E620017FAB0 /* SubmissionTextCellViewModel.swift */; };
		43433DAD1E057E620017FAB0 /* SubmissionTitleCell.swift in Sources */ = {isa = PBXBuildFile; fileRef = 43433D9C1E057E620017FAB0 /* SubmissionTitleCell.swift */; };
		43433DAE1E057E620017FAB0 /* SubmissionTitleCellViewModel.swift in Sources */ = {isa = PBXBuildFile; fileRef = 43433D9D1E057E620017FAB0 /* SubmissionTitleCellViewModel.swift */; };
		43433DAF1E057E620017FAB0 /* SubmissionCell.swift in Sources */ = {isa = PBXBuildFile; fileRef = 43433DA01E057E620017FAB0 /* SubmissionCell.swift */; };
		43433DB01E057E620017FAB0 /* SubmissionCellViewModel.swift in Sources */ = {isa = PBXBuildFile; fileRef = 43433DA11E057E620017FAB0 /* SubmissionCellViewModel.swift */; };
		43433DB21E0581510017FAB0 /* SubverseSearchResultCell.swift in Sources */ = {isa = PBXBuildFile; fileRef = 43433DB11E0581510017FAB0 /* SubverseSearchResultCell.swift */; };
		43433DB41E0582420017FAB0 /* SubverseSearchResultCellViewModel.swift in Sources */ = {isa = PBXBuildFile; fileRef = 43433DB31E0582420017FAB0 /* SubverseSearchResultCellViewModel.swift */; };
		43433DBA1E059EB60017FAB0 /* SampleComments_legacy.txt in Resources */ = {isa = PBXBuildFile; fileRef = 43433DB61E059EB60017FAB0 /* SampleComments_legacy.txt */; };
		43433DBB1E059EB60017FAB0 /* SampleComments_v1.txt in Resources */ = {isa = PBXBuildFile; fileRef = 43433DB71E059EB60017FAB0 /* SampleComments_v1.txt */; };
		43433DBC1E059EB60017FAB0 /* SampleJsonSubmissions_legacy.txt in Resources */ = {isa = PBXBuildFile; fileRef = 43433DB81E059EB60017FAB0 /* SampleJsonSubmissions_legacy.txt */; };
		43433DBD1E059EB60017FAB0 /* SampleSubverseList_legacy.txt in Resources */ = {isa = PBXBuildFile; fileRef = 43433DB91E059EB60017FAB0 /* SampleSubverseList_legacy.txt */; };
		43433DBF1E059FE70017FAB0 /* SubverseSearchResultDataModelProtocol.swift in Sources */ = {isa = PBXBuildFile; fileRef = 43433DBE1E059FE70017FAB0 /* SubverseSearchResultDataModelProtocol.swift */; };
		43433DC11E05A0040017FAB0 /* SubverseSearchResultDataModelLegacy.swift in Sources */ = {isa = PBXBuildFile; fileRef = 43433DC01E05A0040017FAB0 /* SubverseSearchResultDataModelLegacy.swift */; };
		4375BFBD1DF30F5F00576CC6 /* APIVersion.swift in Sources */ = {isa = PBXBuildFile; fileRef = 4375BFBC1DF30F5F00576CC6 /* APIVersion.swift */; };
		4375BFC21DF33EFB00576CC6 /* SwiftyJSON.framework in Frameworks */ = {isa = PBXBuildFile; fileRef = 4375BFC11DF33EFB00576CC6 /* SwiftyJSON.framework */; };
		4375BFC41DF3614E00576CC6 /* NSMutableAttributedString+Bold.swift in Sources */ = {isa = PBXBuildFile; fileRef = 4375BFC31DF3614E00576CC6 /* NSMutableAttributedString+Bold.swift */; };
		4375BFC61DF3737F00576CC6 /* SubmissionType.swift in Sources */ = {isa = PBXBuildFile; fileRef = 4375BFC51DF3737F00576CC6 /* SubmissionType.swift */; };
		4375BFC81DF3EDC300576CC6 /* Delayer.swift in Sources */ = {isa = PBXBuildFile; fileRef = 4375BFC71DF3EDC300576CC6 /* Delayer.swift */; };
		4375BFCA1DF5060F00576CC6 /* Assets.xcassets in Resources */ = {isa = PBXBuildFile; fileRef = 4375BFC91DF5060F00576CC6 /* Assets.xcassets */; };
		4375BFCD1DF5D45400576CC6 /* SubverseRefreshControl.swift in Sources */ = {isa = PBXBuildFile; fileRef = 4375BFCC1DF5D45400576CC6 /* SubverseRefreshControl.swift */; };
		4375C0011DF62F6700576CC6 /* NVActivityIndicatorView.framework in Frameworks */ = {isa = PBXBuildFile; fileRef = 4375C0001DF62F6700576CC6 /* NVActivityIndicatorView.framework */; };
		4375C0221DF67EDA00576CC6 /* AsyncButton.swift in Sources */ = {isa = PBXBuildFile; fileRef = 4375C0041DF67EDA00576CC6 /* AsyncButton.swift */; };
		4375C0231DF67EDA00576CC6 /* AsyncImageView.swift in Sources */ = {isa = PBXBuildFile; fileRef = 4375C0051DF67EDA00576CC6 /* AsyncImageView.swift */; };
		4375C0241DF67EDA00576CC6 /* AutoTextView.swift in Sources */ = {isa = PBXBuildFile; fileRef = 4375C0061DF67EDA00576CC6 /* AutoTextView.swift */; };
		4375C0251DF67EDA00576CC6 /* BlurView.swift in Sources */ = {isa = PBXBuildFile; fileRef = 4375C0071DF67EDA00576CC6 /* BlurView.swift */; };
		4375C0261DF67EDA00576CC6 /* DesignableButton.swift in Sources */ = {isa = PBXBuildFile; fileRef = 4375C0081DF67EDA00576CC6 /* DesignableButton.swift */; };
		4375C0271DF67EDA00576CC6 /* DesignableImageView.swift in Sources */ = {isa = PBXBuildFile; fileRef = 4375C0091DF67EDA00576CC6 /* DesignableImageView.swift */; };
		4375C0281DF67EDA00576CC6 /* DesignableLabel.swift in Sources */ = {isa = PBXBuildFile; fileRef = 4375C00A1DF67EDA00576CC6 /* DesignableLabel.swift */; };
		4375C0291DF67EDA00576CC6 /* DesignableTabBarController.swift in Sources */ = {isa = PBXBuildFile; fileRef = 4375C00B1DF67EDA00576CC6 /* DesignableTabBarController.swift */; };
		4375C02A1DF67EDA00576CC6 /* DesignableTextField.swift in Sources */ = {isa = PBXBuildFile; fileRef = 4375C00C1DF67EDA00576CC6 /* DesignableTextField.swift */; };
		4375C02B1DF67EDA00576CC6 /* DesignableTextView.swift in Sources */ = {isa = PBXBuildFile; fileRef = 4375C00D1DF67EDA00576CC6 /* DesignableTextView.swift */; };
		4375C02C1DF67EDA00576CC6 /* DesignableView.swift in Sources */ = {isa = PBXBuildFile; fileRef = 4375C00E1DF67EDA00576CC6 /* DesignableView.swift */; };
		4375C02D1DF67EDA00576CC6 /* ImageLoader.swift in Sources */ = {isa = PBXBuildFile; fileRef = 4375C00F1DF67EDA00576CC6 /* ImageLoader.swift */; };
		4375C02E1DF67EDA00576CC6 /* Info.plist in Resources */ = {isa = PBXBuildFile; fileRef = 4375C0101DF67EDA00576CC6 /* Info.plist */; };
		4375C02F1DF67EDA00576CC6 /* KeyboardLayoutConstraint.swift in Sources */ = {isa = PBXBuildFile; fileRef = 4375C0111DF67EDA00576CC6 /* KeyboardLayoutConstraint.swift */; };
		4375C0301DF67EDA00576CC6 /* LoadingView.swift in Sources */ = {isa = PBXBuildFile; fileRef = 4375C0121DF67EDA00576CC6 /* LoadingView.swift */; };
		4375C0311DF67EDA00576CC6 /* LoadingView.xib in Resources */ = {isa = PBXBuildFile; fileRef = 4375C0131DF67EDA00576CC6 /* LoadingView.xib */; };
		4375C0321DF67EDA00576CC6 /* Misc.swift in Sources */ = {isa = PBXBuildFile; fileRef = 4375C0141DF67EDA00576CC6 /* Misc.swift */; };
		4375C0331DF67EDA00576CC6 /* SoundPlayer.swift in Sources */ = {isa = PBXBuildFile; fileRef = 4375C0151DF67EDA00576CC6 /* SoundPlayer.swift */; };
		4375C0341DF67EDA00576CC6 /* Spring.swift in Sources */ = {isa = PBXBuildFile; fileRef = 4375C0171DF67EDA00576CC6 /* Spring.swift */; };
		4375C0351DF67EDA00576CC6 /* SpringAnimation.swift in Sources */ = {isa = PBXBuildFile; fileRef = 4375C0181DF67EDA00576CC6 /* SpringAnimation.swift */; };
		4375C0361DF67EDA00576CC6 /* SpringButton.swift in Sources */ = {isa = PBXBuildFile; fileRef = 4375C0191DF67EDA00576CC6 /* SpringButton.swift */; };
		4375C0371DF67EDA00576CC6 /* SpringImageView.swift in Sources */ = {isa = PBXBuildFile; fileRef = 4375C01A1DF67EDA00576CC6 /* SpringImageView.swift */; };
		4375C0381DF67EDA00576CC6 /* SpringLabel.swift in Sources */ = {isa = PBXBuildFile; fileRef = 4375C01B1DF67EDA00576CC6 /* SpringLabel.swift */; };
		4375C0391DF67EDA00576CC6 /* SpringTextField.swift in Sources */ = {isa = PBXBuildFile; fileRef = 4375C01C1DF67EDA00576CC6 /* SpringTextField.swift */; };
		4375C03A1DF67EDA00576CC6 /* SpringTextView.swift in Sources */ = {isa = PBXBuildFile; fileRef = 4375C01D1DF67EDA00576CC6 /* SpringTextView.swift */; };
		4375C03B1DF67EDA00576CC6 /* SpringView.swift in Sources */ = {isa = PBXBuildFile; fileRef = 4375C01E1DF67EDA00576CC6 /* SpringView.swift */; };
		4375C03C1DF67EDA00576CC6 /* TransitionManager.swift in Sources */ = {isa = PBXBuildFile; fileRef = 4375C01F1DF67EDA00576CC6 /* TransitionManager.swift */; };
		4375C03D1DF67EDA00576CC6 /* TransitionZoom.swift in Sources */ = {isa = PBXBuildFile; fileRef = 4375C0201DF67EDA00576CC6 /* TransitionZoom.swift */; };
		4375C03E1DF67EDA00576CC6 /* UnwindSegue.swift in Sources */ = {isa = PBXBuildFile; fileRef = 4375C0211DF67EDA00576CC6 /* UnwindSegue.swift */; };
		4375C0401DF74B1700576CC6 /* Comments.storyboard in Resources */ = {isa = PBXBuildFile; fileRef = 4375C03F1DF74B1700576CC6 /* Comments.storyboard */; };
		4375C0421DF7524700576CC6 /* CommentsViewController.swift in Sources */ = {isa = PBXBuildFile; fileRef = 4375C0411DF7524700576CC6 /* CommentsViewController.swift */; };
		4375C0761DF8A3B700576CC6 /* CommentDataModelProtocol.swift in Sources */ = {isa = PBXBuildFile; fileRef = 4375C0751DF8A3B700576CC6 /* CommentDataModelProtocol.swift */; };
		4375C08C1E011F8E00576CC6 /* SortType.swift in Sources */ = {isa = PBXBuildFile; fileRef = 4375C08B1E011F8E00576CC6 /* SortType.swift */; };
		4375C08E1E01317F00576CC6 /* ActivityIndicatorProvider.swift in Sources */ = {isa = PBXBuildFile; fileRef = 4375C08D1E01317F00576CC6 /* ActivityIndicatorProvider.swift */; };
		43F674231DF11217001F83BE /* SubmissionCellViewViewModelBindingsTest.swift in Sources */ = {isa = PBXBuildFile; fileRef = 43F674221DF11217001F83BE /* SubmissionCellViewViewModelBindingsTest.swift */; };
		43F674261DF114CD001F83BE /* Nimble.framework in Frameworks */ = {isa = PBXBuildFile; fileRef = 43F674241DF114CD001F83BE /* Nimble.framework */; };
		43F674271DF114CD001F83BE /* Quick.framework in Frameworks */ = {isa = PBXBuildFile; fileRef = 43F674251DF114CD001F83BE /* Quick.framework */; };
		43F675231DF20078001F83BE /* SubmissionDataModelLegacy.swift in Sources */ = {isa = PBXBuildFile; fileRef = 43F675131DF20078001F83BE /* SubmissionDataModelLegacy.swift */; };
		43F675241DF20078001F83BE /* SubmissionDataModelProtocol.swift in Sources */ = {isa = PBXBuildFile; fileRef = 43F675141DF20078001F83BE /* SubmissionDataModelProtocol.swift */; };
		43F675251DF20078001F83BE /* DataProviderType.swift in Sources */ = {isa = PBXBuildFile; fileRef = 43F675161DF20078001F83BE /* DataProviderType.swift */; };
		43F675261DF20078001F83BE /* OfflineDataProvider.swift in Sources */ = {isa = PBXBuildFile; fileRef = 43F675171DF20078001F83BE /* OfflineDataProvider.swift */; };
		43F675271DF20078001F83BE /* SFXManager.swift in Sources */ = {isa = PBXBuildFile; fileRef = 43F675191DF20078001F83BE /* SFXManager.swift */; };
		43F675281DF20078001F83BE /* SFXManagerDummy.swift in Sources */ = {isa = PBXBuildFile; fileRef = 43F6751A1DF20078001F83BE /* SFXManagerDummy.swift */; };
		43F675291DF20078001F83BE /* SFXManagerType.swift in Sources */ = {isa = PBXBuildFile; fileRef = 43F6751B1DF20078001F83BE /* SFXManagerType.swift */; };
		43F6752A1DF20078001F83BE /* SubverseViewController.swift in Sources */ = {isa = PBXBuildFile; fileRef = 43F6751D1DF20078001F83BE /* SubverseViewController.swift */; };
		43F6752B1DF20078001F83BE /* TabBarController.swift in Sources */ = {isa = PBXBuildFile; fileRef = 43F6751E1DF20078001F83BE /* TabBarController.swift */; };
		43F675301DF2050B001F83BE /* SubCellViewModelDataModelTest.swift in Sources */ = {isa = PBXBuildFile; fileRef = 43F6752F1DF2050B001F83BE /* SubCellViewModelDataModelTest.swift */; };
		43F9A02D1DEA3AE0001EB1FC /* AppDelegate.swift in Sources */ = {isa = PBXBuildFile; fileRef = 43F9A02C1DEA3AE0001EB1FC /* AppDelegate.swift */; };
		43F9A0371DEA3AE0001EB1FC /* LaunchScreen.storyboard in Resources */ = {isa = PBXBuildFile; fileRef = 43F9A0351DEA3AE0001EB1FC /* LaunchScreen.storyboard */; };
		43F9A0421DEA3AE0001EB1FC /* VerionTests.swift in Sources */ = {isa = PBXBuildFile; fileRef = 43F9A0411DEA3AE0001EB1FC /* VerionTests.swift */; };
		43F9A04F1DEA3C26001EB1FC /* Swinject.framework in Frameworks */ = {isa = PBXBuildFile; fileRef = 43F9A04D1DEA3C26001EB1FC /* Swinject.framework */; };
		43F9A0501DEA3C26001EB1FC /* SwinjectStoryboard.framework in Frameworks */ = {isa = PBXBuildFile; fileRef = 43F9A04E1DEA3C26001EB1FC /* SwinjectStoryboard.framework */; };
/* End PBXBuildFile section */

/* Begin PBXContainerItemProxy section */
		43F9A03E1DEA3AE0001EB1FC /* PBXContainerItemProxy */ = {
			isa = PBXContainerItemProxy;
			containerPortal = 43F9A0211DEA3ADF001EB1FC /* Project object */;
			proxyType = 1;
			remoteGlobalIDString = 43F9A0281DEA3ADF001EB1FC;
			remoteInfo = Verion;
		};
/* End PBXContainerItemProxy section */

/* Begin PBXFileReference section */
		4300A0BF1DF0EF0A00497FE4 /* Bond.framework */ = {isa = PBXFileReference; lastKnownFileType = wrapper.framework; name = Bond.framework; path = Carthage/Build/iOS/Bond.framework; sourceTree = "<group>"; };
		4300A0C01DF0EF0A00497FE4 /* ReactiveKit.framework */ = {isa = PBXFileReference; lastKnownFileType = wrapper.framework; name = ReactiveKit.framework; path = Carthage/Build/iOS/ReactiveKit.framework; sourceTree = "<group>"; };
		432564381DECAE8F001B943A /* Subverse.storyboard */ = {isa = PBXFileReference; fileEncoding = 4; lastKnownFileType = file.storyboard; path = Subverse.storyboard; sourceTree = "<group>"; };
		432564B51DEEB798001B943A /* TabController.storyboard */ = {isa = PBXFileReference; fileEncoding = 4; lastKnownFileType = file.storyboard; path = TabController.storyboard; sourceTree = "<group>"; };
		43433D781E0272860017FAB0 /* DataProviderHelper.swift */ = {isa = PBXFileReference; fileEncoding = 4; lastKnownFileType = sourcecode.swift; path = DataProviderHelper.swift; sourceTree = "<group>"; };
		43433D7A1E027FD00017FAB0 /* ImageDownloader.swift */ = {isa = PBXFileReference; fileEncoding = 4; lastKnownFileType = sourcecode.swift; path = ImageDownloader.swift; sourceTree = "<group>"; };
		43433D7C1E02B8750017FAB0 /* SubmissionTextFormatter.swift */ = {isa = PBXFileReference; fileEncoding = 4; lastKnownFileType = sourcecode.swift; path = SubmissionTextFormatter.swift; sourceTree = "<group>"; };
		43433D7E1E03C8290017FAB0 /* CellHeightCalculator.swift */ = {isa = PBXFileReference; fileEncoding = 4; lastKnownFileType = sourcecode.swift; path = CellHeightCalculator.swift; sourceTree = "<group>"; };
		43433D811E03DCF80017FAB0 /* TSBaseParser.h */ = {isa = PBXFileReference; fileEncoding = 4; lastKnownFileType = sourcecode.c.h; path = TSBaseParser.h; sourceTree = "<group>"; };
		43433D821E03DCF80017FAB0 /* TSBaseParser.m */ = {isa = PBXFileReference; fileEncoding = 4; lastKnownFileType = sourcecode.c.objc; path = TSBaseParser.m; sourceTree = "<group>"; };
		43433D831E03DCF80017FAB0 /* TSMarkdownParser-Prefix.pch */ = {isa = PBXFileReference; fileEncoding = 4; lastKnownFileType = sourcecode.c.h; path = "TSMarkdownParser-Prefix.pch"; sourceTree = "<group>"; };
		43433D841E03DCF80017FAB0 /* TSMarkdownParser.h */ = {isa = PBXFileReference; fileEncoding = 4; lastKnownFileType = sourcecode.c.h; path = TSMarkdownParser.h; sourceTree = "<group>"; };
		43433D851E03DCF80017FAB0 /* TSMarkdownParser.m */ = {isa = PBXFileReference; fileEncoding = 4; lastKnownFileType = sourcecode.c.objc; path = TSMarkdownParser.m; sourceTree = "<group>"; };
		43433D881E03DD570017FAB0 /* Verion-Bridging-Header.h */ = {isa = PBXFileReference; lastKnownFileType = sourcecode.c.h; path = "Verion-Bridging-Header.h"; sourceTree = "<group>"; };
		43433D8B1E0575040017FAB0 /* FindSubverse.storyboard */ = {isa = PBXFileReference; fileEncoding = 4; lastKnownFileType = file.storyboard; path = FindSubverse.storyboard; sourceTree = "<group>"; };
		43433D8D1E057C160017FAB0 /* FindSubverseViewController.swift */ = {isa = PBXFileReference; fileEncoding = 4; lastKnownFileType = sourcecode.swift; path = FindSubverseViewController.swift; sourceTree = "<group>"; };
		43433D911E057E620017FAB0 /* ActivityIndicatorCell.swift */ = {isa = PBXFileReference; fileEncoding = 4; lastKnownFileType = sourcecode.swift; path = ActivityIndicatorCell.swift; sourceTree = "<group>"; };
		43433D921E057E620017FAB0 /* CommentCell.swift */ = {isa = PBXFileReference; fileEncoding = 4; lastKnownFileType = sourcecode.swift; path = CommentCell.swift; sourceTree = "<group>"; };
		43433D931E057E620017FAB0 /* CommentCellViewModel.swift */ = {isa = PBXFileReference; fileEncoding = 4; lastKnownFileType = sourcecode.swift; path = CommentCellViewModel.swift; sourceTree = "<group>"; };
		43433D941E057E620017FAB0 /* CommentsSortByCell.swift */ = {isa = PBXFileReference; fileEncoding = 4; lastKnownFileType = sourcecode.swift; path = CommentsSortByCell.swift; sourceTree = "<group>"; };
		43433D951E057E620017FAB0 /* CommentsSortByCellViewModel.swift */ = {isa = PBXFileReference; fileEncoding = 4; lastKnownFileType = sourcecode.swift; path = CommentsSortByCellViewModel.swift; sourceTree = "<group>"; };
		43433D961E057E620017FAB0 /* SubmissionImageCell.swift */ = {isa = PBXFileReference; fileEncoding = 4; lastKnownFileType = sourcecode.swift; path = SubmissionImageCell.swift; sourceTree = "<group>"; };
		43433D971E057E620017FAB0 /* SubmissionImageCellViewModel.swift */ = {isa = PBXFileReference; fileEncoding = 4; lastKnownFileType = sourcecode.swift; path = SubmissionImageCellViewModel.swift; sourceTree = "<group>"; };
		43433D981E057E620017FAB0 /* SubmissionLinkCell.swift */ = {isa = PBXFileReference; fileEncoding = 4; lastKnownFileType = sourcecode.swift; path = SubmissionLinkCell.swift; sourceTree = "<group>"; };
		43433D991E057E620017FAB0 /* SubmissionLinkCellViewModel.swift */ = {isa = PBXFileReference; fileEncoding = 4; lastKnownFileType = sourcecode.swift; path = SubmissionLinkCellViewModel.swift; sourceTree = "<group>"; };
		43433D9A1E057E620017FAB0 /* SubmissionTextCell.swift */ = {isa = PBXFileReference; fileEncoding = 4; lastKnownFileType = sourcecode.swift; path = SubmissionTextCell.swift; sourceTree = "<group>"; };
		43433D9B1E057E620017FAB0 /* SubmissionTextCellViewModel.swift */ = {isa = PBXFileReference; fileEncoding = 4; lastKnownFileType = sourcecode.swift; path = SubmissionTextCellViewModel.swift; sourceTree = "<group>"; };
		43433D9C1E057E620017FAB0 /* SubmissionTitleCell.swift */ = {isa = PBXFileReference; fileEncoding = 4; lastKnownFileType = sourcecode.swift; path = SubmissionTitleCell.swift; sourceTree = "<group>"; };
		43433D9D1E057E620017FAB0 /* SubmissionTitleCellViewModel.swift */ = {isa = PBXFileReference; fileEncoding = 4; lastKnownFileType = sourcecode.swift; path = SubmissionTitleCellViewModel.swift; sourceTree = "<group>"; };
		43433DA01E057E620017FAB0 /* SubmissionCell.swift */ = {isa = PBXFileReference; fileEncoding = 4; lastKnownFileType = sourcecode.swift; path = SubmissionCell.swift; sourceTree = "<group>"; };
		43433DA11E057E620017FAB0 /* SubmissionCellViewModel.swift */ = {isa = PBXFileReference; fileEncoding = 4; lastKnownFileType = sourcecode.swift; path = SubmissionCellViewModel.swift; sourceTree = "<group>"; };
		43433DB11E0581510017FAB0 /* SubverseSearchResultCell.swift */ = {isa = PBXFileReference; fileEncoding = 4; lastKnownFileType = sourcecode.swift; path = SubverseSearchResultCell.swift; sourceTree = "<group>"; };
		43433DB31E0582420017FAB0 /* SubverseSearchResultCellViewModel.swift */ = {isa = PBXFileReference; fileEncoding = 4; lastKnownFileType = sourcecode.swift; path = SubverseSearchResultCellViewModel.swift; sourceTree = "<group>"; };
		43433DB61E059EB60017FAB0 /* SampleComments_legacy.txt */ = {isa = PBXFileReference; fileEncoding = 4; lastKnownFileType = text; path = SampleComments_legacy.txt; sourceTree = "<group>"; };
		43433DB71E059EB60017FAB0 /* SampleComments_v1.txt */ = {isa = PBXFileReference; fileEncoding = 4; lastKnownFileType = text; path = SampleComments_v1.txt; sourceTree = "<group>"; };
		43433DB81E059EB60017FAB0 /* SampleJsonSubmissions_legacy.txt */ = {isa = PBXFileReference; fileEncoding = 4; lastKnownFileType = text; path = SampleJsonSubmissions_legacy.txt; sourceTree = "<group>"; };
		43433DB91E059EB60017FAB0 /* SampleSubverseList_legacy.txt */ = {isa = PBXFileReference; fileEncoding = 4; lastKnownFileType = text; path = SampleSubverseList_legacy.txt; sourceTree = "<group>"; };
		43433DBE1E059FE70017FAB0 /* SubverseSearchResultDataModelProtocol.swift */ = {isa = PBXFileReference; fileEncoding = 4; lastKnownFileType = sourcecode.swift; path = SubverseSearchResultDataModelProtocol.swift; sourceTree = "<group>"; };
		43433DC01E05A0040017FAB0 /* SubverseSearchResultDataModelLegacy.swift */ = {isa = PBXFileReference; fileEncoding = 4; lastKnownFileType = sourcecode.swift; path = SubverseSearchResultDataModelLegacy.swift; sourceTree = "<group>"; };
		4375BFBC1DF30F5F00576CC6 /* APIVersion.swift */ = {isa = PBXFileReference; fileEncoding = 4; lastKnownFileType = sourcecode.swift; path = APIVersion.swift; sourceTree = "<group>"; };
		4375BFC11DF33EFB00576CC6 /* SwiftyJSON.framework */ = {isa = PBXFileReference; lastKnownFileType = wrapper.framework; name = SwiftyJSON.framework; path = Carthage/Build/iOS/SwiftyJSON.framework; sourceTree = "<group>"; };
		4375BFC31DF3614E00576CC6 /* NSMutableAttributedString+Bold.swift */ = {isa = PBXFileReference; fileEncoding = 4; lastKnownFileType = sourcecode.swift; path = "NSMutableAttributedString+Bold.swift"; sourceTree = "<group>"; };
		4375BFC51DF3737F00576CC6 /* SubmissionType.swift */ = {isa = PBXFileReference; fileEncoding = 4; lastKnownFileType = sourcecode.swift; path = SubmissionType.swift; sourceTree = "<group>"; };
		4375BFC71DF3EDC300576CC6 /* Delayer.swift */ = {isa = PBXFileReference; fileEncoding = 4; lastKnownFileType = sourcecode.swift; path = Delayer.swift; sourceTree = "<group>"; };
		4375BFC91DF5060F00576CC6 /* Assets.xcassets */ = {isa = PBXFileReference; lastKnownFileType = folder.assetcatalog; path = Assets.xcassets; sourceTree = "<group>"; };
		4375BFCC1DF5D45400576CC6 /* SubverseRefreshControl.swift */ = {isa = PBXFileReference; fileEncoding = 4; lastKnownFileType = sourcecode.swift; path = SubverseRefreshControl.swift; sourceTree = "<group>"; };
		4375C0001DF62F6700576CC6 /* NVActivityIndicatorView.framework */ = {isa = PBXFileReference; lastKnownFileType = wrapper.framework; name = NVActivityIndicatorView.framework; path = Carthage/Build/iOS/NVActivityIndicatorView.framework; sourceTree = "<group>"; };
		4375C0041DF67EDA00576CC6 /* AsyncButton.swift */ = {isa = PBXFileReference; fileEncoding = 4; lastKnownFileType = sourcecode.swift; path = AsyncButton.swift; sourceTree = "<group>"; };
		4375C0051DF67EDA00576CC6 /* AsyncImageView.swift */ = {isa = PBXFileReference; fileEncoding = 4; lastKnownFileType = sourcecode.swift; path = AsyncImageView.swift; sourceTree = "<group>"; };
		4375C0061DF67EDA00576CC6 /* AutoTextView.swift */ = {isa = PBXFileReference; fileEncoding = 4; lastKnownFileType = sourcecode.swift; path = AutoTextView.swift; sourceTree = "<group>"; };
		4375C0071DF67EDA00576CC6 /* BlurView.swift */ = {isa = PBXFileReference; fileEncoding = 4; lastKnownFileType = sourcecode.swift; path = BlurView.swift; sourceTree = "<group>"; };
		4375C0081DF67EDA00576CC6 /* DesignableButton.swift */ = {isa = PBXFileReference; fileEncoding = 4; lastKnownFileType = sourcecode.swift; path = DesignableButton.swift; sourceTree = "<group>"; };
		4375C0091DF67EDA00576CC6 /* DesignableImageView.swift */ = {isa = PBXFileReference; fileEncoding = 4; lastKnownFileType = sourcecode.swift; path = DesignableImageView.swift; sourceTree = "<group>"; };
		4375C00A1DF67EDA00576CC6 /* DesignableLabel.swift */ = {isa = PBXFileReference; fileEncoding = 4; lastKnownFileType = sourcecode.swift; path = DesignableLabel.swift; sourceTree = "<group>"; };
		4375C00B1DF67EDA00576CC6 /* DesignableTabBarController.swift */ = {isa = PBXFileReference; fileEncoding = 4; lastKnownFileType = sourcecode.swift; path = DesignableTabBarController.swift; sourceTree = "<group>"; };
		4375C00C1DF67EDA00576CC6 /* DesignableTextField.swift */ = {isa = PBXFileReference; fileEncoding = 4; lastKnownFileType = sourcecode.swift; path = DesignableTextField.swift; sourceTree = "<group>"; };
		4375C00D1DF67EDA00576CC6 /* DesignableTextView.swift */ = {isa = PBXFileReference; fileEncoding = 4; lastKnownFileType = sourcecode.swift; path = DesignableTextView.swift; sourceTree = "<group>"; };
		4375C00E1DF67EDA00576CC6 /* DesignableView.swift */ = {isa = PBXFileReference; fileEncoding = 4; lastKnownFileType = sourcecode.swift; path = DesignableView.swift; sourceTree = "<group>"; };
		4375C00F1DF67EDA00576CC6 /* ImageLoader.swift */ = {isa = PBXFileReference; fileEncoding = 4; lastKnownFileType = sourcecode.swift; path = ImageLoader.swift; sourceTree = "<group>"; };
		4375C0101DF67EDA00576CC6 /* Info.plist */ = {isa = PBXFileReference; fileEncoding = 4; lastKnownFileType = text.plist.xml; path = Info.plist; sourceTree = "<group>"; };
		4375C0111DF67EDA00576CC6 /* KeyboardLayoutConstraint.swift */ = {isa = PBXFileReference; fileEncoding = 4; lastKnownFileType = sourcecode.swift; path = KeyboardLayoutConstraint.swift; sourceTree = "<group>"; };
		4375C0121DF67EDA00576CC6 /* LoadingView.swift */ = {isa = PBXFileReference; fileEncoding = 4; lastKnownFileType = sourcecode.swift; path = LoadingView.swift; sourceTree = "<group>"; };
		4375C0131DF67EDA00576CC6 /* LoadingView.xib */ = {isa = PBXFileReference; fileEncoding = 4; lastKnownFileType = file.xib; path = LoadingView.xib; sourceTree = "<group>"; };
		4375C0141DF67EDA00576CC6 /* Misc.swift */ = {isa = PBXFileReference; fileEncoding = 4; lastKnownFileType = sourcecode.swift; path = Misc.swift; sourceTree = "<group>"; };
		4375C0151DF67EDA00576CC6 /* SoundPlayer.swift */ = {isa = PBXFileReference; fileEncoding = 4; lastKnownFileType = sourcecode.swift; path = SoundPlayer.swift; sourceTree = "<group>"; };
		4375C0161DF67EDA00576CC6 /* Spring.h */ = {isa = PBXFileReference; fileEncoding = 4; lastKnownFileType = sourcecode.c.h; path = Spring.h; sourceTree = "<group>"; };
		4375C0171DF67EDA00576CC6 /* Spring.swift */ = {isa = PBXFileReference; fileEncoding = 4; lastKnownFileType = sourcecode.swift; path = Spring.swift; sourceTree = "<group>"; };
		4375C0181DF67EDA00576CC6 /* SpringAnimation.swift */ = {isa = PBXFileReference; fileEncoding = 4; lastKnownFileType = sourcecode.swift; path = SpringAnimation.swift; sourceTree = "<group>"; };
		4375C0191DF67EDA00576CC6 /* SpringButton.swift */ = {isa = PBXFileReference; fileEncoding = 4; lastKnownFileType = sourcecode.swift; path = SpringButton.swift; sourceTree = "<group>"; };
		4375C01A1DF67EDA00576CC6 /* SpringImageView.swift */ = {isa = PBXFileReference; fileEncoding = 4; lastKnownFileType = sourcecode.swift; path = SpringImageView.swift; sourceTree = "<group>"; };
		4375C01B1DF67EDA00576CC6 /* SpringLabel.swift */ = {isa = PBXFileReference; fileEncoding = 4; lastKnownFileType = sourcecode.swift; path = SpringLabel.swift; sourceTree = "<group>"; };
		4375C01C1DF67EDA00576CC6 /* SpringTextField.swift */ = {isa = PBXFileReference; fileEncoding = 4; lastKnownFileType = sourcecode.swift; path = SpringTextField.swift; sourceTree = "<group>"; };
		4375C01D1DF67EDA00576CC6 /* SpringTextView.swift */ = {isa = PBXFileReference; fileEncoding = 4; lastKnownFileType = sourcecode.swift; path = SpringTextView.swift; sourceTree = "<group>"; };
		4375C01E1DF67EDA00576CC6 /* SpringView.swift */ = {isa = PBXFileReference; fileEncoding = 4; lastKnownFileType = sourcecode.swift; path = SpringView.swift; sourceTree = "<group>"; };
		4375C01F1DF67EDA00576CC6 /* TransitionManager.swift */ = {isa = PBXFileReference; fileEncoding = 4; lastKnownFileType = sourcecode.swift; path = TransitionManager.swift; sourceTree = "<group>"; };
		4375C0201DF67EDA00576CC6 /* TransitionZoom.swift */ = {isa = PBXFileReference; fileEncoding = 4; lastKnownFileType = sourcecode.swift; path = TransitionZoom.swift; sourceTree = "<group>"; };
		4375C0211DF67EDA00576CC6 /* UnwindSegue.swift */ = {isa = PBXFileReference; fileEncoding = 4; lastKnownFileType = sourcecode.swift; path = UnwindSegue.swift; sourceTree = "<group>"; };
		4375C03F1DF74B1700576CC6 /* Comments.storyboard */ = {isa = PBXFileReference; fileEncoding = 4; lastKnownFileType = file.storyboard; path = Comments.storyboard; sourceTree = "<group>"; };
		4375C0411DF7524700576CC6 /* CommentsViewController.swift */ = {isa = PBXFileReference; fileEncoding = 4; lastKnownFileType = sourcecode.swift; path = CommentsViewController.swift; sourceTree = "<group>"; };
		4375C0751DF8A3B700576CC6 /* CommentDataModelProtocol.swift */ = {isa = PBXFileReference; fileEncoding = 4; lastKnownFileType = sourcecode.swift; path = CommentDataModelProtocol.swift; sourceTree = "<group>"; };
		4375C08B1E011F8E00576CC6 /* SortType.swift */ = {isa = PBXFileReference; fileEncoding = 4; lastKnownFileType = sourcecode.swift; path = SortType.swift; sourceTree = "<group>"; };
		4375C08D1E01317F00576CC6 /* ActivityIndicatorProvider.swift */ = {isa = PBXFileReference; fileEncoding = 4; lastKnownFileType = sourcecode.swift; path = ActivityIndicatorProvider.swift; sourceTree = "<group>"; };
		43F674221DF11217001F83BE /* SubmissionCellViewViewModelBindingsTest.swift */ = {isa = PBXFileReference; fileEncoding = 4; lastKnownFileType = sourcecode.swift; path = SubmissionCellViewViewModelBindingsTest.swift; sourceTree = "<group>"; };
		43F674241DF114CD001F83BE /* Nimble.framework */ = {isa = PBXFileReference; lastKnownFileType = wrapper.framework; name = Nimble.framework; path = Carthage/Build/iOS/Nimble.framework; sourceTree = "<group>"; };
		43F674251DF114CD001F83BE /* Quick.framework */ = {isa = PBXFileReference; lastKnownFileType = wrapper.framework; name = Quick.framework; path = Carthage/Build/iOS/Quick.framework; sourceTree = "<group>"; };
		43F675131DF20078001F83BE /* SubmissionDataModelLegacy.swift */ = {isa = PBXFileReference; fileEncoding = 4; lastKnownFileType = sourcecode.swift; path = SubmissionDataModelLegacy.swift; sourceTree = "<group>"; };
		43F675141DF20078001F83BE /* SubmissionDataModelProtocol.swift */ = {isa = PBXFileReference; fileEncoding = 4; lastKnownFileType = sourcecode.swift; path = SubmissionDataModelProtocol.swift; sourceTree = "<group>"; };
		43F675161DF20078001F83BE /* DataProviderType.swift */ = {isa = PBXFileReference; fileEncoding = 4; lastKnownFileType = sourcecode.swift; path = DataProviderType.swift; sourceTree = "<group>"; };
		43F675171DF20078001F83BE /* OfflineDataProvider.swift */ = {isa = PBXFileReference; fileEncoding = 4; lastKnownFileType = sourcecode.swift; path = OfflineDataProvider.swift; sourceTree = "<group>"; };
		43F675191DF20078001F83BE /* SFXManager.swift */ = {isa = PBXFileReference; fileEncoding = 4; lastKnownFileType = sourcecode.swift; path = SFXManager.swift; sourceTree = "<group>"; };
		43F6751A1DF20078001F83BE /* SFXManagerDummy.swift */ = {isa = PBXFileReference; fileEncoding = 4; lastKnownFileType = sourcecode.swift; path = SFXManagerDummy.swift; sourceTree = "<group>"; };
		43F6751B1DF20078001F83BE /* SFXManagerType.swift */ = {isa = PBXFileReference; fileEncoding = 4; lastKnownFileType = sourcecode.swift; path = SFXManagerType.swift; sourceTree = "<group>"; };
		43F6751D1DF20078001F83BE /* SubverseViewController.swift */ = {isa = PBXFileReference; fileEncoding = 4; lastKnownFileType = sourcecode.swift; path = SubverseViewController.swift; sourceTree = "<group>"; };
		43F6751E1DF20078001F83BE /* TabBarController.swift */ = {isa = PBXFileReference; fileEncoding = 4; lastKnownFileType = sourcecode.swift; path = TabBarController.swift; sourceTree = "<group>"; };
		43F6752F1DF2050B001F83BE /* SubCellViewModelDataModelTest.swift */ = {isa = PBXFileReference; fileEncoding = 4; lastKnownFileType = sourcecode.swift; path = SubCellViewModelDataModelTest.swift; sourceTree = "<group>"; };
		43F9A0291DEA3AE0001EB1FC /* Verion.app */ = {isa = PBXFileReference; explicitFileType = wrapper.application; includeInIndex = 0; path = Verion.app; sourceTree = BUILT_PRODUCTS_DIR; };
		43F9A02C1DEA3AE0001EB1FC /* AppDelegate.swift */ = {isa = PBXFileReference; lastKnownFileType = sourcecode.swift; path = AppDelegate.swift; sourceTree = "<group>"; };
		43F9A0361DEA3AE0001EB1FC /* Base */ = {isa = PBXFileReference; lastKnownFileType = file.storyboard; name = Base; path = Base.lproj/LaunchScreen.storyboard; sourceTree = "<group>"; };
		43F9A0381DEA3AE0001EB1FC /* Info.plist */ = {isa = PBXFileReference; lastKnownFileType = text.plist.xml; path = Info.plist; sourceTree = "<group>"; };
		43F9A03D1DEA3AE0001EB1FC /* VerionTests.xctest */ = {isa = PBXFileReference; explicitFileType = wrapper.cfbundle; includeInIndex = 0; path = VerionTests.xctest; sourceTree = BUILT_PRODUCTS_DIR; };
		43F9A0411DEA3AE0001EB1FC /* VerionTests.swift */ = {isa = PBXFileReference; lastKnownFileType = sourcecode.swift; path = VerionTests.swift; sourceTree = "<group>"; };
		43F9A0431DEA3AE0001EB1FC /* Info.plist */ = {isa = PBXFileReference; lastKnownFileType = text.plist.xml; path = Info.plist; sourceTree = "<group>"; };
		43F9A04D1DEA3C26001EB1FC /* Swinject.framework */ = {isa = PBXFileReference; lastKnownFileType = wrapper.framework; name = Swinject.framework; path = Carthage/Build/iOS/Swinject.framework; sourceTree = "<group>"; };
		43F9A04E1DEA3C26001EB1FC /* SwinjectStoryboard.framework */ = {isa = PBXFileReference; lastKnownFileType = wrapper.framework; name = SwinjectStoryboard.framework; path = Carthage/Build/iOS/SwinjectStoryboard.framework; sourceTree = "<group>"; };
/* End PBXFileReference section */

/* Begin PBXFrameworksBuildPhase section */
		43F9A0261DEA3ADF001EB1FC /* Frameworks */ = {
			isa = PBXFrameworksBuildPhase;
			buildActionMask = 2147483647;
			files = (
				4375BFC21DF33EFB00576CC6 /* SwiftyJSON.framework in Frameworks */,
				43F9A04F1DEA3C26001EB1FC /* Swinject.framework in Frameworks */,
				43F9A0501DEA3C26001EB1FC /* SwinjectStoryboard.framework in Frameworks */,
				4375C0011DF62F6700576CC6 /* NVActivityIndicatorView.framework in Frameworks */,
				4300A0C11DF0EF0A00497FE4 /* Bond.framework in Frameworks */,
				4300A0C21DF0EF0A00497FE4 /* ReactiveKit.framework in Frameworks */,
			);
			runOnlyForDeploymentPostprocessing = 0;
		};
		43F9A03A1DEA3AE0001EB1FC /* Frameworks */ = {
			isa = PBXFrameworksBuildPhase;
			buildActionMask = 2147483647;
			files = (
				432564BA1DEED077001B943A /* Swinject.framework in Frameworks */,
				432564BB1DEED077001B943A /* SwinjectStoryboard.framework in Frameworks */,
				43F674261DF114CD001F83BE /* Nimble.framework in Frameworks */,
				43F674271DF114CD001F83BE /* Quick.framework in Frameworks */,
			);
			runOnlyForDeploymentPostprocessing = 0;
		};
/* End PBXFrameworksBuildPhase section */

/* Begin PBXGroup section */
		43433D801E03DCF80017FAB0 /* TSMarkdownParser */ = {
			isa = PBXGroup;
			children = (
				43433D811E03DCF80017FAB0 /* TSBaseParser.h */,
				43433D821E03DCF80017FAB0 /* TSBaseParser.m */,
				43433D831E03DCF80017FAB0 /* TSMarkdownParser-Prefix.pch */,
				43433D841E03DCF80017FAB0 /* TSMarkdownParser.h */,
				43433D851E03DCF80017FAB0 /* TSMarkdownParser.m */,
			);
			path = TSMarkdownParser;
			sourceTree = "<group>";
		};
		43433D8F1E057E620017FAB0 /* Views+ViewModels */ = {
			isa = PBXGroup;
			children = (
				43433D901E057E620017FAB0 /* CommentsVCViews */,
				43433D9E1E057E620017FAB0 /* FindSubverseVCViews */,
				43433D9F1E057E620017FAB0 /* SubverseVCViews */,
			);
			path = "Views+ViewModels";
			sourceTree = "<group>";
		};
		43433D901E057E620017FAB0 /* CommentsVCViews */ = {
			isa = PBXGroup;
			children = (
				43433D911E057E620017FAB0 /* ActivityIndicatorCell.swift */,
				43433D921E057E620017FAB0 /* CommentCell.swift */,
				43433D931E057E620017FAB0 /* CommentCellViewModel.swift */,
				43433D941E057E620017FAB0 /* CommentsSortByCell.swift */,
				43433D951E057E620017FAB0 /* CommentsSortByCellViewModel.swift */,
				43433D961E057E620017FAB0 /* SubmissionImageCell.swift */,
				43433D971E057E620017FAB0 /* SubmissionImageCellViewModel.swift */,
				43433D981E057E620017FAB0 /* SubmissionLinkCell.swift */,
				43433D991E057E620017FAB0 /* SubmissionLinkCellViewModel.swift */,
				43433D9A1E057E620017FAB0 /* SubmissionTextCell.swift */,
				43433D9B1E057E620017FAB0 /* SubmissionTextCellViewModel.swift */,
				43433D9C1E057E620017FAB0 /* SubmissionTitleCell.swift */,
				43433D9D1E057E620017FAB0 /* SubmissionTitleCellViewModel.swift */,
			);
			path = CommentsVCViews;
			sourceTree = "<group>";
		};
		43433D9E1E057E620017FAB0 /* FindSubverseVCViews */ = {
			isa = PBXGroup;
			children = (
				43433DB11E0581510017FAB0 /* SubverseSearchResultCell.swift */,
				43433DB31E0582420017FAB0 /* SubverseSearchResultCellViewModel.swift */,
			);
			path = FindSubverseVCViews;
			sourceTree = "<group>";
		};
		43433D9F1E057E620017FAB0 /* SubverseVCViews */ = {
			isa = PBXGroup;
			children = (
				43433DA01E057E620017FAB0 /* SubmissionCell.swift */,
				43433DA11E057E620017FAB0 /* SubmissionCellViewModel.swift */,
			);
			path = SubverseVCViews;
			sourceTree = "<group>";
		};
		43433DB51E059EB60017FAB0 /* Resources */ = {
			isa = PBXGroup;
			children = (
				43433DB61E059EB60017FAB0 /* SampleComments_legacy.txt */,
				43433DB71E059EB60017FAB0 /* SampleComments_v1.txt */,
				43433DB81E059EB60017FAB0 /* SampleJsonSubmissions_legacy.txt */,
				43433DB91E059EB60017FAB0 /* SampleSubverseList_legacy.txt */,
			);
			path = Resources;
			sourceTree = "<group>";
		};
		4375BFCB1DF5D43900576CC6 /* CustomControls */ = {
			isa = PBXGroup;
			children = (
				4375BFCC1DF5D45400576CC6 /* SubverseRefreshControl.swift */,
				4375C08D1E01317F00576CC6 /* ActivityIndicatorProvider.swift */,
			);
			path = CustomControls;
			sourceTree = "<group>";
		};
		4375C0021DF67EDA00576CC6 /* Libraries */ = {
			isa = PBXGroup;
			children = (
				43433D801E03DCF80017FAB0 /* TSMarkdownParser */,
				4375C0031DF67EDA00576CC6 /* Spring */,
			);
			path = Libraries;
			sourceTree = "<group>";
		};
		4375C0031DF67EDA00576CC6 /* Spring */ = {
			isa = PBXGroup;
			children = (
				4375C0041DF67EDA00576CC6 /* AsyncButton.swift */,
				4375C0051DF67EDA00576CC6 /* AsyncImageView.swift */,
				4375C0061DF67EDA00576CC6 /* AutoTextView.swift */,
				4375C0071DF67EDA00576CC6 /* BlurView.swift */,
				4375C0081DF67EDA00576CC6 /* DesignableButton.swift */,
				4375C0091DF67EDA00576CC6 /* DesignableImageView.swift */,
				4375C00A1DF67EDA00576CC6 /* DesignableLabel.swift */,
				4375C00B1DF67EDA00576CC6 /* DesignableTabBarController.swift */,
				4375C00C1DF67EDA00576CC6 /* DesignableTextField.swift */,
				4375C00D1DF67EDA00576CC6 /* DesignableTextView.swift */,
				4375C00E1DF67EDA00576CC6 /* DesignableView.swift */,
				4375C00F1DF67EDA00576CC6 /* ImageLoader.swift */,
				4375C0101DF67EDA00576CC6 /* Info.plist */,
				4375C0111DF67EDA00576CC6 /* KeyboardLayoutConstraint.swift */,
				4375C0121DF67EDA00576CC6 /* LoadingView.swift */,
				4375C0131DF67EDA00576CC6 /* LoadingView.xib */,
				4375C0141DF67EDA00576CC6 /* Misc.swift */,
				4375C0151DF67EDA00576CC6 /* SoundPlayer.swift */,
				4375C0161DF67EDA00576CC6 /* Spring.h */,
				4375C0171DF67EDA00576CC6 /* Spring.swift */,
				4375C0181DF67EDA00576CC6 /* SpringAnimation.swift */,
				4375C0191DF67EDA00576CC6 /* SpringButton.swift */,
				4375C01A1DF67EDA00576CC6 /* SpringImageView.swift */,
				4375C01B1DF67EDA00576CC6 /* SpringLabel.swift */,
				4375C01C1DF67EDA00576CC6 /* SpringTextField.swift */,
				4375C01D1DF67EDA00576CC6 /* SpringTextView.swift */,
				4375C01E1DF67EDA00576CC6 /* SpringView.swift */,
				4375C01F1DF67EDA00576CC6 /* TransitionManager.swift */,
				4375C0201DF67EDA00576CC6 /* TransitionZoom.swift */,
				4375C0211DF67EDA00576CC6 /* UnwindSegue.swift */,
			);
			path = Spring;
			sourceTree = "<group>";
		};
		43F675111DF20078001F83BE /* Source */ = {
			isa = PBXGroup;
			children = (
				4375C0021DF67EDA00576CC6 /* Libraries */,
				4375BFCB1DF5D43900576CC6 /* CustomControls */,
				43F675121DF20078001F83BE /* DataModels */,
				43F675151DF20078001F83BE /* Networking */,
				43F675181DF20078001F83BE /* SFX */,
				43F9A05B1DEA67A1001EB1FC /* Storyboards */,
				43F6751C1DF20078001F83BE /* ViewControllers */,
				43433D8F1E057E620017FAB0 /* Views+ViewModels */,
			);
			path = Source;
			sourceTree = "<group>";
		};
		43F675121DF20078001F83BE /* DataModels */ = {
			isa = PBXGroup;
			children = (
				43F675131DF20078001F83BE /* SubmissionDataModelLegacy.swift */,
				43F675141DF20078001F83BE /* SubmissionDataModelProtocol.swift */,
				4375C0751DF8A3B700576CC6 /* CommentDataModelProtocol.swift */,
				43433DBE1E059FE70017FAB0 /* SubverseSearchResultDataModelProtocol.swift */,
				43433DC01E05A0040017FAB0 /* SubverseSearchResultDataModelLegacy.swift */,
				4375BFC51DF3737F00576CC6 /* SubmissionType.swift */,
				4375C08B1E011F8E00576CC6 /* SortType.swift */,
			);
			path = DataModels;
			sourceTree = "<group>";
		};
		43F675151DF20078001F83BE /* Networking */ = {
			isa = PBXGroup;
			children = (
				43F675161DF20078001F83BE /* DataProviderType.swift */,
				43F675171DF20078001F83BE /* OfflineDataProvider.swift */,
				43433D781E0272860017FAB0 /* DataProviderHelper.swift */,
				4375BFBC1DF30F5F00576CC6 /* APIVersion.swift */,
				4375BFC71DF3EDC300576CC6 /* Delayer.swift */,
				43433D7A1E027FD00017FAB0 /* ImageDownloader.swift */,
			);
			path = Networking;
			sourceTree = "<group>";
		};
		43F675181DF20078001F83BE /* SFX */ = {
			isa = PBXGroup;
			children = (
				43F675191DF20078001F83BE /* SFXManager.swift */,
				43F6751A1DF20078001F83BE /* SFXManagerDummy.swift */,
				43F6751B1DF20078001F83BE /* SFXManagerType.swift */,
				4375BFC31DF3614E00576CC6 /* NSMutableAttributedString+Bold.swift */,
				43433D7C1E02B8750017FAB0 /* SubmissionTextFormatter.swift */,
				43433D7E1E03C8290017FAB0 /* CellHeightCalculator.swift */,
			);
			path = SFX;
			sourceTree = "<group>";
		};
		43F6751C1DF20078001F83BE /* ViewControllers */ = {
			isa = PBXGroup;
			children = (
				43F6751D1DF20078001F83BE /* SubverseViewController.swift */,
				4375C0411DF7524700576CC6 /* CommentsViewController.swift */,
				43433D8D1E057C160017FAB0 /* FindSubverseViewController.swift */,
				43F6751E1DF20078001F83BE /* TabBarController.swift */,
			);
			path = ViewControllers;
			sourceTree = "<group>";
		};
		43F9A0201DEA3ADF001EB1FC = {
			isa = PBXGroup;
			children = (
				43F9A02B1DEA3AE0001EB1FC /* Verion */,
				43F9A0401DEA3AE0001EB1FC /* VerionTests */,
				43F9A02A1DEA3AE0001EB1FC /* Products */,
				43F9A04C1DEA3C26001EB1FC /* Frameworks */,
			);
			sourceTree = "<group>";
		};
		43F9A02A1DEA3AE0001EB1FC /* Products */ = {
			isa = PBXGroup;
			children = (
				43F9A0291DEA3AE0001EB1FC /* Verion.app */,
				43F9A03D1DEA3AE0001EB1FC /* VerionTests.xctest */,
			);
			name = Products;
			sourceTree = "<group>";
		};
		43F9A02B1DEA3AE0001EB1FC /* Verion */ = {
			isa = PBXGroup;
			children = (
				43F9A02C1DEA3AE0001EB1FC /* AppDelegate.swift */,
				43433D881E03DD570017FAB0 /* Verion-Bridging-Header.h */,
				43433DB51E059EB60017FAB0 /* Resources */,
				43F675111DF20078001F83BE /* Source */,
				43F9A0351DEA3AE0001EB1FC /* LaunchScreen.storyboard */,
				4375BFC91DF5060F00576CC6 /* Assets.xcassets */,
				43F9A0381DEA3AE0001EB1FC /* Info.plist */,
			);
			path = Verion;
			sourceTree = "<group>";
		};
		43F9A0401DEA3AE0001EB1FC /* VerionTests */ = {
			isa = PBXGroup;
			children = (
				43F9A0411DEA3AE0001EB1FC /* VerionTests.swift */,
				43F674221DF11217001F83BE /* SubmissionCellViewViewModelBindingsTest.swift */,
				43F6752F1DF2050B001F83BE /* SubCellViewModelDataModelTest.swift */,
				43F9A0431DEA3AE0001EB1FC /* Info.plist */,
			);
			path = VerionTests;
			sourceTree = "<group>";
		};
		43F9A04C1DEA3C26001EB1FC /* Frameworks */ = {
			isa = PBXGroup;
			children = (
				4375C0001DF62F6700576CC6 /* NVActivityIndicatorView.framework */,
				4375BFC11DF33EFB00576CC6 /* SwiftyJSON.framework */,
				43F674241DF114CD001F83BE /* Nimble.framework */,
				43F674251DF114CD001F83BE /* Quick.framework */,
				4300A0BF1DF0EF0A00497FE4 /* Bond.framework */,
				4300A0C01DF0EF0A00497FE4 /* ReactiveKit.framework */,
				43F9A04D1DEA3C26001EB1FC /* Swinject.framework */,
				43F9A04E1DEA3C26001EB1FC /* SwinjectStoryboard.framework */,
			);
			name = Frameworks;
			sourceTree = "<group>";
		};
		43F9A05B1DEA67A1001EB1FC /* Storyboards */ = {
			isa = PBXGroup;
			children = (
				432564381DECAE8F001B943A /* Subverse.storyboard */,
				4375C03F1DF74B1700576CC6 /* Comments.storyboard */,
				43433D8B1E0575040017FAB0 /* FindSubverse.storyboard */,
				432564B51DEEB798001B943A /* TabController.storyboard */,
			);
			name = Storyboards;
			path = ../Storyboards;
			sourceTree = "<group>";
		};
/* End PBXGroup section */

/* Begin PBXNativeTarget section */
		43F9A0281DEA3ADF001EB1FC /* Verion */ = {
			isa = PBXNativeTarget;
			buildConfigurationList = 43F9A0461DEA3AE0001EB1FC /* Build configuration list for PBXNativeTarget "Verion" */;
			buildPhases = (
				43F9A0251DEA3ADF001EB1FC /* Sources */,
				43F9A0261DEA3ADF001EB1FC /* Frameworks */,
				43F9A0271DEA3ADF001EB1FC /* Resources */,
				43F9A0521DEA3CD8001EB1FC /* ShellScript */,
			);
			buildRules = (
			);
			dependencies = (
			);
			name = Verion;
			productName = Verion;
			productReference = 43F9A0291DEA3AE0001EB1FC /* Verion.app */;
			productType = "com.apple.product-type.application";
		};
		43F9A03C1DEA3AE0001EB1FC /* VerionTests */ = {
			isa = PBXNativeTarget;
			buildConfigurationList = 43F9A0491DEA3AE0001EB1FC /* Build configuration list for PBXNativeTarget "VerionTests" */;
			buildPhases = (
				43F9A0391DEA3AE0001EB1FC /* Sources */,
				43F9A03A1DEA3AE0001EB1FC /* Frameworks */,
				43F9A03B1DEA3AE0001EB1FC /* Resources */,
				43F674281DF11BA6001F83BE /* ShellScript */,
			);
			buildRules = (
			);
			dependencies = (
				43F9A03F1DEA3AE0001EB1FC /* PBXTargetDependency */,
			);
			name = VerionTests;
			productName = VerionTests;
			productReference = 43F9A03D1DEA3AE0001EB1FC /* VerionTests.xctest */;
			productType = "com.apple.product-type.bundle.unit-test";
		};
/* End PBXNativeTarget section */

/* Begin PBXProject section */
		43F9A0211DEA3ADF001EB1FC /* Project object */ = {
			isa = PBXProject;
			attributes = {
				LastSwiftUpdateCheck = 0810;
				LastUpgradeCheck = 0820;
				ORGANIZATIONNAME = "Workhorse Bytes";
				TargetAttributes = {
					43F9A0281DEA3ADF001EB1FC = {
						CreatedOnToolsVersion = 8.1;
						DevelopmentTeam = EZ3EL33ZBM;
						ProvisioningStyle = Automatic;
					};
					43F9A03C1DEA3AE0001EB1FC = {
						CreatedOnToolsVersion = 8.1;
						DevelopmentTeam = EZ3EL33ZBM;
						ProvisioningStyle = Automatic;
						TestTargetID = 43F9A0281DEA3ADF001EB1FC;
					};
				};
			};
			buildConfigurationList = 43F9A0241DEA3ADF001EB1FC /* Build configuration list for PBXProject "Verion" */;
			compatibilityVersion = "Xcode 3.2";
			developmentRegion = English;
			hasScannedForEncodings = 0;
			knownRegions = (
				en,
				Base,
			);
			mainGroup = 43F9A0201DEA3ADF001EB1FC;
			productRefGroup = 43F9A02A1DEA3AE0001EB1FC /* Products */;
			projectDirPath = "";
			projectRoot = "";
			targets = (
				43F9A0281DEA3ADF001EB1FC /* Verion */,
				43F9A03C1DEA3AE0001EB1FC /* VerionTests */,
			);
		};
/* End PBXProject section */

/* Begin PBXResourcesBuildPhase section */
		43F9A0271DEA3ADF001EB1FC /* Resources */ = {
			isa = PBXResourcesBuildPhase;
			buildActionMask = 2147483647;
			files = (
				4375C0401DF74B1700576CC6 /* Comments.storyboard in Resources */,
				43F9A0371DEA3AE0001EB1FC /* LaunchScreen.storyboard in Resources */,
				43433DBA1E059EB60017FAB0 /* SampleComments_legacy.txt in Resources */,
				43433DBB1E059EB60017FAB0 /* SampleComments_v1.txt in Resources */,
				43433DBD1E059EB60017FAB0 /* SampleSubverseList_legacy.txt in Resources */,
				4375C0311DF67EDA00576CC6 /* LoadingView.xib in Resources */,
				43433DBC1E059EB60017FAB0 /* SampleJsonSubmissions_legacy.txt in Resources */,
				43433D8C1E0575040017FAB0 /* FindSubverse.storyboard in Resources */,
				432564B61DEEB798001B943A /* TabController.storyboard in Resources */,
				432564391DECAE8F001B943A /* Subverse.storyboard in Resources */,
				4375BFCA1DF5060F00576CC6 /* Assets.xcassets in Resources */,
				4375C02E1DF67EDA00576CC6 /* Info.plist in Resources */,
			);
			runOnlyForDeploymentPostprocessing = 0;
		};
		43F9A03B1DEA3AE0001EB1FC /* Resources */ = {
			isa = PBXResourcesBuildPhase;
			buildActionMask = 2147483647;
			files = (
			);
			runOnlyForDeploymentPostprocessing = 0;
		};
/* End PBXResourcesBuildPhase section */

/* Begin PBXShellScriptBuildPhase section */
		43F674281DF11BA6001F83BE /* ShellScript */ = {
			isa = PBXShellScriptBuildPhase;
			buildActionMask = 2147483647;
			files = (
			);
			inputPaths = (
				"$(SRCROOT)/Carthage/Build/iOS/Nimble.framework",
				"$(SRCROOT)/Carthage/Build/iOS/Quick.framework",
			);
			outputPaths = (
			);
			runOnlyForDeploymentPostprocessing = 0;
			shellPath = /bin/sh;
			shellScript = "/usr/local/bin/carthage copy-frameworks";
		};
		43F9A0521DEA3CD8001EB1FC /* ShellScript */ = {
			isa = PBXShellScriptBuildPhase;
			buildActionMask = 2147483647;
			files = (
			);
			inputPaths = (
				"$(SRCROOT)/Carthage/Build/iOS/Swinject.framework",
				"$(SRCROOT)/Carthage/Build/iOS/SwinjectStoryboard.framework",
				"$(SRCROOT)/Carthage/Build/iOS/Bond.framework",
				"$(SRCROOT)/Carthage/Build/iOS/ReactiveKit.framework",
				"$(SRCROOT)/Carthage/Build/iOS/SwiftyJSON.framework",
				"$(SRCROOT)/Carthage/Build/iOS/NVActivityIndicatorView.framework",
			);
			outputPaths = (
			);
			runOnlyForDeploymentPostprocessing = 0;
			shellPath = /bin/sh;
			shellScript = "/usr/local/bin/carthage copy-frameworks";
		};
/* End PBXShellScriptBuildPhase section */

/* Begin PBXSourcesBuildPhase section */
		43F9A0251DEA3ADF001EB1FC /* Sources */ = {
			isa = PBXSourcesBuildPhase;
			buildActionMask = 2147483647;
			files = (
				4375BFCD1DF5D45400576CC6 /* SubverseRefreshControl.swift in Sources */,
				4375C0371DF67EDA00576CC6 /* SpringImageView.swift in Sources */,
				4375C02F1DF67EDA00576CC6 /* KeyboardLayoutConstraint.swift in Sources */,
				4375C03D1DF67EDA00576CC6 /* TransitionZoom.swift in Sources */,
				43F675261DF20078001F83BE /* OfflineDataProvider.swift in Sources */,
				43433DAE1E057E620017FAB0 /* SubmissionTitleCellViewModel.swift in Sources */,
				43433DB41E0582420017FAB0 /* SubverseSearchResultCellViewModel.swift in Sources */,
				43433DB21E0581510017FAB0 /* SubverseSearchResultCell.swift in Sources */,
				43433DA61E057E620017FAB0 /* CommentsSortByCellViewModel.swift in Sources */,
				4375C02D1DF67EDA00576CC6 /* ImageLoader.swift in Sources */,
				43F675251DF20078001F83BE /* DataProviderType.swift in Sources */,
				43433DAA1E057E620017FAB0 /* SubmissionLinkCellViewModel.swift in Sources */,
				43433D791E0272860017FAB0 /* DataProviderHelper.swift in Sources */,
				4375C0301DF67EDA00576CC6 /* LoadingView.swift in Sources */,
				43433DB01E057E620017FAB0 /* SubmissionCellViewModel.swift in Sources */,
				43433DAC1E057E620017FAB0 /* SubmissionTextCellViewModel.swift in Sources */,
				4375C0421DF7524700576CC6 /* CommentsViewController.swift in Sources */,
				4375C0761DF8A3B700576CC6 /* CommentDataModelProtocol.swift in Sources */,
				43433DAF1E057E620017FAB0 /* SubmissionCell.swift in Sources */,
				4375C0341DF67EDA00576CC6 /* Spring.swift in Sources */,
				4375C0241DF67EDA00576CC6 /* AutoTextView.swift in Sources */,
				43433D7B1E027FD00017FAB0 /* ImageDownloader.swift in Sources */,
				4375C03C1DF67EDA00576CC6 /* TransitionManager.swift in Sources */,
				4375C02C1DF67EDA00576CC6 /* DesignableView.swift in Sources */,
				4375C0231DF67EDA00576CC6 /* AsyncImageView.swift in Sources */,
				43F675231DF20078001F83BE /* SubmissionDataModelLegacy.swift in Sources */,
				43433D7F1E03C8290017FAB0 /* CellHeightCalculator.swift in Sources */,
				4375C0391DF67EDA00576CC6 /* SpringTextField.swift in Sources */,
				43433DA41E057E620017FAB0 /* CommentCellViewModel.swift in Sources */,
				43F6752B1DF20078001F83BE /* TabBarController.swift in Sources */,
				4375BFBD1DF30F5F00576CC6 /* APIVersion.swift in Sources */,
				4375C08E1E01317F00576CC6 /* ActivityIndicatorProvider.swift in Sources */,
				4375C0381DF67EDA00576CC6 /* SpringLabel.swift in Sources */,
				4375C03B1DF67EDA00576CC6 /* SpringView.swift in Sources */,
				43433DA31E057E620017FAB0 /* CommentCell.swift in Sources */,
				43F6752A1DF20078001F83BE /* SubverseViewController.swift in Sources */,
				4375C0351DF67EDA00576CC6 /* SpringAnimation.swift in Sources */,
				43433DA71E057E620017FAB0 /* SubmissionImageCell.swift in Sources */,
				4375C02A1DF67EDA00576CC6 /* DesignableTextField.swift in Sources */,
				43433DA91E057E620017FAB0 /* SubmissionLinkCell.swift in Sources */,
				43433DC11E05A0040017FAB0 /* SubverseSearchResultDataModelLegacy.swift in Sources */,
				4375C0261DF67EDA00576CC6 /* DesignableButton.swift in Sources */,
				43F675281DF20078001F83BE /* SFXManagerDummy.swift in Sources */,
				4375BFC81DF3EDC300576CC6 /* Delayer.swift in Sources */,
				4375C0361DF67EDA00576CC6 /* SpringButton.swift in Sources */,
				4375BFC41DF3614E00576CC6 /* NSMutableAttributedString+Bold.swift in Sources */,
				43F9A02D1DEA3AE0001EB1FC /* AppDelegate.swift in Sources */,
				4375C02B1DF67EDA00576CC6 /* DesignableTextView.swift in Sources */,
				43433D861E03DCF80017FAB0 /* TSBaseParser.m in Sources */,
				43433D871E03DCF80017FAB0 /* TSMarkdownParser.m in Sources */,
				4375C0271DF67EDA00576CC6 /* DesignableImageView.swift in Sources */,
				4375C0251DF67EDA00576CC6 /* BlurView.swift in Sources */,
				43F675291DF20078001F83BE /* SFXManagerType.swift in Sources */,
				43433DA21E057E620017FAB0 /* ActivityIndicatorCell.swift in Sources */,
				43433DAB1E057E620017FAB0 /* SubmissionTextCell.swift in Sources */,
				43433DA51E057E620017FAB0 /* CommentsSortByCell.swift in Sources */,
				43433D8E1E057C160017FAB0 /* FindSubverseViewController.swift in Sources */,
				4375C0281DF67EDA00576CC6 /* DesignableLabel.swift in Sources */,
				43433DA81E057E620017FAB0 /* SubmissionImageCellViewModel.swift in Sources */,
				4375C03E1DF67EDA00576CC6 /* UnwindSegue.swift in Sources */,
				4375C0321DF67EDA00576CC6 /* Misc.swift in Sources */,
				4375C03A1DF67EDA00576CC6 /* SpringTextView.swift in Sources */,
				4375BFC61DF3737F00576CC6 /* SubmissionType.swift in Sources */,
				4375C0291DF67EDA00576CC6 /* DesignableTabBarController.swift in Sources */,
				43433DAD1E057E620017FAB0 /* SubmissionTitleCell.swift in Sources */,
				4375C08C1E011F8E00576CC6 /* SortType.swift in Sources */,
				43F675241DF20078001F83BE /* SubmissionDataModelProtocol.swift in Sources */,
				4375C0221DF67EDA00576CC6 /* AsyncButton.swift in Sources */,
				43433DBF1E059FE70017FAB0 /* SubverseSearchResultDataModelProtocol.swift in Sources */,
				43433D7D1E02B8750017FAB0 /* SubmissionTextFormatter.swift in Sources */,
				4375C0331DF67EDA00576CC6 /* SoundPlayer.swift in Sources */,
				43F675271DF20078001F83BE /* SFXManager.swift in Sources */,
			);
			runOnlyForDeploymentPostprocessing = 0;
		};
		43F9A0391DEA3AE0001EB1FC /* Sources */ = {
			isa = PBXSourcesBuildPhase;
			buildActionMask = 2147483647;
			files = (
				43F9A0421DEA3AE0001EB1FC /* VerionTests.swift in Sources */,
				43F674231DF11217001F83BE /* SubmissionCellViewViewModelBindingsTest.swift in Sources */,
				43F675301DF2050B001F83BE /* SubCellViewModelDataModelTest.swift in Sources */,
			);
			runOnlyForDeploymentPostprocessing = 0;
		};
/* End PBXSourcesBuildPhase section */

/* Begin PBXTargetDependency section */
		43F9A03F1DEA3AE0001EB1FC /* PBXTargetDependency */ = {
			isa = PBXTargetDependency;
			target = 43F9A0281DEA3ADF001EB1FC /* Verion */;
			targetProxy = 43F9A03E1DEA3AE0001EB1FC /* PBXContainerItemProxy */;
		};
/* End PBXTargetDependency section */

/* Begin PBXVariantGroup section */
		43F9A0351DEA3AE0001EB1FC /* LaunchScreen.storyboard */ = {
			isa = PBXVariantGroup;
			children = (
				43F9A0361DEA3AE0001EB1FC /* Base */,
			);
			name = LaunchScreen.storyboard;
			sourceTree = "<group>";
		};
/* End PBXVariantGroup section */

/* Begin XCBuildConfiguration section */
		43F9A0441DEA3AE0001EB1FC /* Debug */ = {
			isa = XCBuildConfiguration;
			buildSettings = {
				ALWAYS_SEARCH_USER_PATHS = NO;
				CLANG_ANALYZER_NONNULL = YES;
				CLANG_CXX_LANGUAGE_STANDARD = "gnu++0x";
				CLANG_CXX_LIBRARY = "libc++";
				CLANG_ENABLE_MODULES = YES;
				CLANG_ENABLE_OBJC_ARC = YES;
				CLANG_WARN_BOOL_CONVERSION = YES;
				CLANG_WARN_CONSTANT_CONVERSION = YES;
				CLANG_WARN_DIRECT_OBJC_ISA_USAGE = YES_ERROR;
				CLANG_WARN_DOCUMENTATION_COMMENTS = YES;
				CLANG_WARN_EMPTY_BODY = YES;
				CLANG_WARN_ENUM_CONVERSION = YES;
				CLANG_WARN_INFINITE_RECURSION = YES;
				CLANG_WARN_INT_CONVERSION = YES;
				CLANG_WARN_OBJC_ROOT_CLASS = YES_ERROR;
				CLANG_WARN_SUSPICIOUS_MOVE = YES;
				CLANG_WARN_SUSPICIOUS_MOVES = YES;
				CLANG_WARN_UNREACHABLE_CODE = YES;
				CLANG_WARN__DUPLICATE_METHOD_MATCH = YES;
				"CODE_SIGN_IDENTITY[sdk=iphoneos*]" = "iPhone Developer";
				COPY_PHASE_STRIP = NO;
				DEBUG_INFORMATION_FORMAT = dwarf;
				ENABLE_STRICT_OBJC_MSGSEND = YES;
				ENABLE_TESTABILITY = YES;
				GCC_C_LANGUAGE_STANDARD = gnu99;
				GCC_DYNAMIC_NO_PIC = NO;
				GCC_NO_COMMON_BLOCKS = YES;
				GCC_OPTIMIZATION_LEVEL = 0;
				GCC_PREPROCESSOR_DEFINITIONS = (
					"DEBUG=1",
					"$(inherited)",
				);
				GCC_WARN_64_TO_32_BIT_CONVERSION = YES;
				GCC_WARN_ABOUT_RETURN_TYPE = YES_ERROR;
				GCC_WARN_UNDECLARED_SELECTOR = YES;
				GCC_WARN_UNINITIALIZED_AUTOS = YES_AGGRESSIVE;
				GCC_WARN_UNUSED_FUNCTION = YES;
				GCC_WARN_UNUSED_VARIABLE = YES;
				IPHONEOS_DEPLOYMENT_TARGET = 10.1;
				MTL_ENABLE_DEBUG_INFO = YES;
				ONLY_ACTIVE_ARCH = YES;
				SDKROOT = iphoneos;
				SWIFT_ACTIVE_COMPILATION_CONDITIONS = DEBUG;
				SWIFT_OPTIMIZATION_LEVEL = "-Onone";
				TARGETED_DEVICE_FAMILY = "1,2";
			};
			name = Debug;
		};
		43F9A0451DEA3AE0001EB1FC /* Release */ = {
			isa = XCBuildConfiguration;
			buildSettings = {
				ALWAYS_SEARCH_USER_PATHS = NO;
				CLANG_ANALYZER_NONNULL = YES;
				CLANG_CXX_LANGUAGE_STANDARD = "gnu++0x";
				CLANG_CXX_LIBRARY = "libc++";
				CLANG_ENABLE_MODULES = YES;
				CLANG_ENABLE_OBJC_ARC = YES;
				CLANG_WARN_BOOL_CONVERSION = YES;
				CLANG_WARN_CONSTANT_CONVERSION = YES;
				CLANG_WARN_DIRECT_OBJC_ISA_USAGE = YES_ERROR;
				CLANG_WARN_DOCUMENTATION_COMMENTS = YES;
				CLANG_WARN_EMPTY_BODY = YES;
				CLANG_WARN_ENUM_CONVERSION = YES;
				CLANG_WARN_INFINITE_RECURSION = YES;
				CLANG_WARN_INT_CONVERSION = YES;
				CLANG_WARN_OBJC_ROOT_CLASS = YES_ERROR;
				CLANG_WARN_SUSPICIOUS_MOVE = YES;
				CLANG_WARN_SUSPICIOUS_MOVES = YES;
				CLANG_WARN_UNREACHABLE_CODE = YES;
				CLANG_WARN__DUPLICATE_METHOD_MATCH = YES;
				"CODE_SIGN_IDENTITY[sdk=iphoneos*]" = "iPhone Developer";
				COPY_PHASE_STRIP = NO;
				DEBUG_INFORMATION_FORMAT = "dwarf-with-dsym";
				ENABLE_NS_ASSERTIONS = NO;
				ENABLE_STRICT_OBJC_MSGSEND = YES;
				GCC_C_LANGUAGE_STANDARD = gnu99;
				GCC_NO_COMMON_BLOCKS = YES;
				GCC_WARN_64_TO_32_BIT_CONVERSION = YES;
				GCC_WARN_ABOUT_RETURN_TYPE = YES_ERROR;
				GCC_WARN_UNDECLARED_SELECTOR = YES;
				GCC_WARN_UNINITIALIZED_AUTOS = YES_AGGRESSIVE;
				GCC_WARN_UNUSED_FUNCTION = YES;
				GCC_WARN_UNUSED_VARIABLE = YES;
				IPHONEOS_DEPLOYMENT_TARGET = 10.1;
				MTL_ENABLE_DEBUG_INFO = NO;
				SDKROOT = iphoneos;
				SWIFT_OPTIMIZATION_LEVEL = "-Owholemodule";
				TARGETED_DEVICE_FAMILY = "1,2";
				VALIDATE_PRODUCT = YES;
			};
			name = Release;
		};
		43F9A0471DEA3AE0001EB1FC /* Debug */ = {
			isa = XCBuildConfiguration;
			buildSettings = {
				ASSETCATALOG_COMPILER_APPICON_NAME = AppIcon;
				DEVELOPMENT_TEAM = EZ3EL33ZBM;
				FRAMEWORK_SEARCH_PATHS = (
					"$(inherited)",
					"$(PROJECT_DIR)/Carthage/Build/iOS",
				);
				INFOPLIST_FILE = Verion/Info.plist;
				IPHONEOS_DEPLOYMENT_TARGET = 9.0;
				LD_RUNPATH_SEARCH_PATHS = "$(inherited) @executable_path/Frameworks";
				PRODUCT_BUNDLE_IDENTIFIER = com.workhorsebytes.Verion;
				PRODUCT_NAME = "$(TARGET_NAME)";
				SWIFT_OBJC_BRIDGING_HEADER = "Verion/Verion-Bridging-Header.h";
				SWIFT_VERSION = 3.0;
				TARGETED_DEVICE_FAMILY = "1,2";
			};
			name = Debug;
		};
		43F9A0481DEA3AE0001EB1FC /* Release */ = {
			isa = XCBuildConfiguration;
			buildSettings = {
				ASSETCATALOG_COMPILER_APPICON_NAME = AppIcon;
				DEVELOPMENT_TEAM = EZ3EL33ZBM;
				FRAMEWORK_SEARCH_PATHS = (
					"$(inherited)",
					"$(PROJECT_DIR)/Carthage/Build/iOS",
				);
				INFOPLIST_FILE = Verion/Info.plist;
				IPHONEOS_DEPLOYMENT_TARGET = 9.0;
				LD_RUNPATH_SEARCH_PATHS = "$(inherited) @executable_path/Frameworks";
				PRODUCT_BUNDLE_IDENTIFIER = com.workhorsebytes.Verion;
				PRODUCT_NAME = "$(TARGET_NAME)";
				SWIFT_OBJC_BRIDGING_HEADER = "Verion/Verion-Bridging-Header.h";
				SWIFT_VERSION = 3.0;
				TARGETED_DEVICE_FAMILY = "1,2";
			};
			name = Release;
		};
		43F9A04A1DEA3AE0001EB1FC /* Debug */ = {
			isa = XCBuildConfiguration;
			buildSettings = {
				ALWAYS_EMBED_SWIFT_STANDARD_LIBRARIES = YES;
				BUNDLE_LOADER = "$(TEST_HOST)";
				DEVELOPMENT_TEAM = EZ3EL33ZBM;
				FRAMEWORK_SEARCH_PATHS = (
					"$(inherited)",
					"$(PROJECT_DIR)/Carthage/Build/iOS",
				);
				INFOPLIST_FILE = VerionTests/Info.plist;
				LD_RUNPATH_SEARCH_PATHS = "$(inherited) @executable_path/Frameworks @loader_path/Frameworks";
				PRODUCT_BUNDLE_IDENTIFIER = com.workhorsebytes.VerionTests;
				PRODUCT_NAME = "$(TARGET_NAME)";
				SWIFT_VERSION = 3.0;
				TEST_HOST = "$(BUILT_PRODUCTS_DIR)/Verion.app/Verion";
			};
			name = Debug;
		};
		43F9A04B1DEA3AE0001EB1FC /* Release */ = {
			isa = XCBuildConfiguration;
			buildSettings = {
				ALWAYS_EMBED_SWIFT_STANDARD_LIBRARIES = YES;
				BUNDLE_LOADER = "$(TEST_HOST)";
				DEVELOPMENT_TEAM = EZ3EL33ZBM;
				FRAMEWORK_SEARCH_PATHS = (
					"$(inherited)",
					"$(PROJECT_DIR)/Carthage/Build/iOS",
				);
				INFOPLIST_FILE = VerionTests/Info.plist;
				LD_RUNPATH_SEARCH_PATHS = "$(inherited) @executable_path/Frameworks @loader_path/Frameworks";
				PRODUCT_BUNDLE_IDENTIFIER = com.workhorsebytes.VerionTests;
				PRODUCT_NAME = "$(TARGET_NAME)";
				SWIFT_VERSION = 3.0;
				TEST_HOST = "$(BUILT_PRODUCTS_DIR)/Verion.app/Verion";
			};
			name = Release;
		};
/* End XCBuildConfiguration section */

/* Begin XCConfigurationList section */
		43F9A0241DEA3ADF001EB1FC /* Build configuration list for PBXProject "Verion" */ = {
			isa = XCConfigurationList;
			buildConfigurations = (
				43F9A0441DEA3AE0001EB1FC /* Debug */,
				43F9A0451DEA3AE0001EB1FC /* Release */,
			);
			defaultConfigurationIsVisible = 0;
			defaultConfigurationName = Release;
		};
		43F9A0461DEA3AE0001EB1FC /* Build configuration list for PBXNativeTarget "Verion" */ = {
			isa = XCConfigurationList;
			buildConfigurations = (
				43F9A0471DEA3AE0001EB1FC /* Debug */,
				43F9A0481DEA3AE0001EB1FC /* Release */,
			);
			defaultConfigurationIsVisible = 0;
			defaultConfigurationName = Release;
		};
		43F9A0491DEA3AE0001EB1FC /* Build configuration list for PBXNativeTarget "VerionTests" */ = {
			isa = XCConfigurationList;
			buildConfigurations = (
				43F9A04A1DEA3AE0001EB1FC /* Debug */,
				43F9A04B1DEA3AE0001EB1FC /* Release */,
			);
			defaultConfigurationIsVisible = 0;
			defaultConfigurationName = Release;
		};
/* End XCConfigurationList section */
	};
	rootObject = 43F9A0211DEA3ADF001EB1FC /* Project object */;
}
