// !$*UTF8*$!
{
	archiveVersion = 1;
	classes = {
	};
	objectVersion = 46;
	objects = {

/* Begin PBXBuildFile section */
		4300A0C11DF0EF0A00497FE4 /* Bond.framework in Frameworks */ = {isa = PBXBuildFile; fileRef = 4300A0BF1DF0EF0A00497FE4 /* Bond.framework */; };
		4300A0C21DF0EF0A00497FE4 /* ReactiveKit.framework in Frameworks */ = {isa = PBXBuildFile; fileRef = 4300A0C01DF0EF0A00497FE4 /* ReactiveKit.framework */; };
		432564391DECAE8F001B943A /* Subverse.storyboard in Resources */ = {isa = PBXBuildFile; fileRef = 432564381DECAE8F001B943A /* Subverse.storyboard */; };
		432564B61DEEB798001B943A /* TabController.storyboard in Resources */ = {isa = PBXBuildFile; fileRef = 432564B51DEEB798001B943A /* TabController.storyboard */; };
		432564BA1DEED077001B943A /* Swinject.framework in Frameworks */ = {isa = PBXBuildFile; fileRef = 43F9A04D1DEA3C26001EB1FC /* Swinject.framework */; };
		432564BB1DEED077001B943A /* SwinjectStoryboard.framework in Frameworks */ = {isa = PBXBuildFile; fileRef = 43F9A04E1DEA3C26001EB1FC /* SwinjectStoryboard.framework */; };
		432B77771E12272A00457F2C /* ActivityIndicatorCellViewModel.swift in Sources */ = {isa = PBXBuildFile; fileRef = 432B77761E12272A00457F2C /* ActivityIndicatorCellViewModel.swift */; };
		432B777B1E12357700457F2C /* SubmissionsRequestParams.swift in Sources */ = {isa = PBXBuildFile; fileRef = 432B777A1E12357700457F2C /* SubmissionsRequestParams.swift */; };
		43433D791E0272860017FAB0 /* DataProviderHelper.swift in Sources */ = {isa = PBXBuildFile; fileRef = 43433D781E0272860017FAB0 /* DataProviderHelper.swift */; };
		43433D7B1E027FD00017FAB0 /* ImageDownloader.swift in Sources */ = {isa = PBXBuildFile; fileRef = 43433D7A1E027FD00017FAB0 /* ImageDownloader.swift */; };
		43433D7D1E02B8750017FAB0 /* SubmissionTextFormatter.swift in Sources */ = {isa = PBXBuildFile; fileRef = 43433D7C1E02B8750017FAB0 /* SubmissionTextFormatter.swift */; };
		43433D7F1E03C8290017FAB0 /* CellHeightCalculator.swift in Sources */ = {isa = PBXBuildFile; fileRef = 43433D7E1E03C8290017FAB0 /* CellHeightCalculator.swift */; };
		43433D8C1E0575040017FAB0 /* FindSubverse.storyboard in Resources */ = {isa = PBXBuildFile; fileRef = 43433D8B1E0575040017FAB0 /* FindSubverse.storyboard */; };
		43433D8E1E057C160017FAB0 /* FindSubverseViewController.swift in Sources */ = {isa = PBXBuildFile; fileRef = 43433D8D1E057C160017FAB0 /* FindSubverseViewController.swift */; };
		43433DA21E057E620017FAB0 /* ActivityIndicatorCell.swift in Sources */ = {isa = PBXBuildFile; fileRef = 43433D911E057E620017FAB0 /* ActivityIndicatorCell.swift */; };
		43433DA31E057E620017FAB0 /* CommentCell.swift in Sources */ = {isa = PBXBuildFile; fileRef = 43433D921E057E620017FAB0 /* CommentCell.swift */; };
		43433DA41E057E620017FAB0 /* CommentCellViewModel.swift in Sources */ = {isa = PBXBuildFile; fileRef = 43433D931E057E620017FAB0 /* CommentCellViewModel.swift */; };
		43433DA51E057E620017FAB0 /* CommentsSortByCell.swift in Sources */ = {isa = PBXBuildFile; fileRef = 43433D941E057E620017FAB0 /* CommentsSortByCell.swift */; };
		43433DA61E057E620017FAB0 /* CommentsSortByCellViewModel.swift in Sources */ = {isa = PBXBuildFile; fileRef = 43433D951E057E620017FAB0 /* CommentsSortByCellViewModel.swift */; };
		43433DA71E057E620017FAB0 /* SubmissionImageCell.swift in Sources */ = {isa = PBXBuildFile; fileRef = 43433D961E057E620017FAB0 /* SubmissionImageCell.swift */; };
		43433DA81E057E620017FAB0 /* SubmissionImageCellViewModel.swift in Sources */ = {isa = PBXBuildFile; fileRef = 43433D971E057E620017FAB0 /* SubmissionImageCellViewModel.swift */; };
		43433DA91E057E620017FAB0 /* SubmissionLinkCell.swift in Sources */ = {isa = PBXBuildFile; fileRef = 43433D981E057E620017FAB0 /* SubmissionLinkCell.swift */; };
		43433DAA1E057E620017FAB0 /* SubmissionLinkCellViewModel.swift in Sources */ = {isa = PBXBuildFile; fileRef = 43433D991E057E620017FAB0 /* SubmissionLinkCellViewModel.swift */; };
		43433DAB1E057E620017FAB0 /* SubmissionTextCell.swift in Sources */ = {isa = PBXBuildFile; fileRef = 43433D9A1E057E620017FAB0 /* SubmissionTextCell.swift */; };
		43433DAC1E057E620017FAB0 /* SubmissionTextCellViewModel.swift in Sources */ = {isa = PBXBuildFile; fileRef = 43433D9B1E057E620017FAB0 /* SubmissionTextCellViewModel.swift */; };
		43433DAD1E057E620017FAB0 /* SubmissionTitleCell.swift in Sources */ = {isa = PBXBuildFile; fileRef = 43433D9C1E057E620017FAB0 /* SubmissionTitleCell.swift */; };
		43433DAE1E057E620017FAB0 /* SubmissionTitleCellViewModel.swift in Sources */ = {isa = PBXBuildFile; fileRef = 43433D9D1E057E620017FAB0 /* SubmissionTitleCellViewModel.swift */; };
		43433DAF1E057E620017FAB0 /* SubmissionCell.swift in Sources */ = {isa = PBXBuildFile; fileRef = 43433DA01E057E620017FAB0 /* SubmissionCell.swift */; };
		43433DB01E057E620017FAB0 /* SubmissionCellViewModel.swift in Sources */ = {isa = PBXBuildFile; fileRef = 43433DA11E057E620017FAB0 /* SubmissionCellViewModel.swift */; };
		43433DB21E0581510017FAB0 /* SubverseSearchResultCell.swift in Sources */ = {isa = PBXBuildFile; fileRef = 43433DB11E0581510017FAB0 /* SubverseSearchResultCell.swift */; };
		43433DB41E0582420017FAB0 /* SubverseSearchResultCellViewModel.swift in Sources */ = {isa = PBXBuildFile; fileRef = 43433DB31E0582420017FAB0 /* SubverseSearchResultCellViewModel.swift */; };
		43433DBF1E059FE70017FAB0 /* SubverseSearchResultDataModelProtocol.swift in Sources */ = {isa = PBXBuildFile; fileRef = 43433DBE1E059FE70017FAB0 /* SubverseSearchResultDataModelProtocol.swift */; };
		43433DC11E05A0040017FAB0 /* SubverseSearchResultDataModelLegacy.swift in Sources */ = {isa = PBXBuildFile; fileRef = 43433DC01E05A0040017FAB0 /* SubverseSearchResultDataModelLegacy.swift */; };
		4375BFBD1DF30F5F00576CC6 /* APIVersion.swift in Sources */ = {isa = PBXBuildFile; fileRef = 4375BFBC1DF30F5F00576CC6 /* APIVersion.swift */; };
		4375BFC21DF33EFB00576CC6 /* SwiftyJSON.framework in Frameworks */ = {isa = PBXBuildFile; fileRef = 4375BFC11DF33EFB00576CC6 /* SwiftyJSON.framework */; };
		4375BFC41DF3614E00576CC6 /* NSMutableAttributedString+Bold.swift in Sources */ = {isa = PBXBuildFile; fileRef = 4375BFC31DF3614E00576CC6 /* NSMutableAttributedString+Bold.swift */; };
		4375BFC61DF3737F00576CC6 /* SubmissionType.swift in Sources */ = {isa = PBXBuildFile; fileRef = 4375BFC51DF3737F00576CC6 /* SubmissionType.swift */; };
		4375BFC81DF3EDC300576CC6 /* Delayer.swift in Sources */ = {isa = PBXBuildFile; fileRef = 4375BFC71DF3EDC300576CC6 /* Delayer.swift */; };
		4375BFCD1DF5D45400576CC6 /* SubverseRefreshControl.swift in Sources */ = {isa = PBXBuildFile; fileRef = 4375BFCC1DF5D45400576CC6 /* SubverseRefreshControl.swift */; };
		4375C0011DF62F6700576CC6 /* NVActivityIndicatorView.framework in Frameworks */ = {isa = PBXBuildFile; fileRef = 4375C0001DF62F6700576CC6 /* NVActivityIndicatorView.framework */; };
		4375C0401DF74B1700576CC6 /* Comments.storyboard in Resources */ = {isa = PBXBuildFile; fileRef = 4375C03F1DF74B1700576CC6 /* Comments.storyboard */; };
		4375C0421DF7524700576CC6 /* CommentsViewController.swift in Sources */ = {isa = PBXBuildFile; fileRef = 4375C0411DF7524700576CC6 /* CommentsViewController.swift */; };
		4375C0761DF8A3B700576CC6 /* CommentDataModelProtocol.swift in Sources */ = {isa = PBXBuildFile; fileRef = 4375C0751DF8A3B700576CC6 /* CommentDataModelProtocol.swift */; };
		4375C08C1E011F8E00576CC6 /* SortType.swift in Sources */ = {isa = PBXBuildFile; fileRef = 4375C08B1E011F8E00576CC6 /* SortType.swift */; };
		4375C08E1E01317F00576CC6 /* ActivityIndicatorProvider.swift in Sources */ = {isa = PBXBuildFile; fileRef = 4375C08D1E01317F00576CC6 /* ActivityIndicatorProvider.swift */; };
		43A359421E06681E006994F3 /* CommentDataModelLegacy.swift in Sources */ = {isa = PBXBuildFile; fileRef = 43A359411E06681E006994F3 /* CommentDataModelLegacy.swift */; };
		43ABEB7C1E137F2300458E3D /* Assets.xcassets in Resources */ = {isa = PBXBuildFile; fileRef = 43ABEB7B1E137F2300458E3D /* Assets.xcassets */; };
		43ABEB861E137FA300458E3D /* FlurryEmpty.m in Sources */ = {isa = PBXBuildFile; fileRef = 43ABEB7F1E137FA300458E3D /* FlurryEmpty.m */; };
		43ABEB871E137FA300458E3D /* FlurryWatchEmpty.m in Sources */ = {isa = PBXBuildFile; fileRef = 43ABEB821E137FA300458E3D /* FlurryWatchEmpty.m */; };
		43ABEB881E137FA300458E3D /* libFlurry_7.8.2.a in Frameworks */ = {isa = PBXBuildFile; fileRef = 43ABEB831E137FA300458E3D /* libFlurry_7.8.2.a */; };
		43ABEB8C1E13802B00458E3D /* Security.framework in Frameworks */ = {isa = PBXBuildFile; fileRef = 43ABEB8B1E13802B00458E3D /* Security.framework */; };
		43ABEB8E1E13803300458E3D /* SystemConfiguration.framework in Frameworks */ = {isa = PBXBuildFile; fileRef = 43ABEB8D1E13803300458E3D /* SystemConfiguration.framework */; };
		43ABEB911E1391B000458E3D /* AnalyticsManagerProtocol.swift in Sources */ = {isa = PBXBuildFile; fileRef = 43ABEB901E1391B000458E3D /* AnalyticsManagerProtocol.swift */; };
		43ABEB931E13924700458E3D /* AnalyticsManager.swift in Sources */ = {isa = PBXBuildFile; fileRef = 43ABEB921E13924700458E3D /* AnalyticsManager.swift */; };
		43ABEB9B1E148FDA00458E3D /* AnalyticsEvents.swift in Sources */ = {isa = PBXBuildFile; fileRef = 43ABEB9A1E148FDA00458E3D /* AnalyticsEvents.swift */; };
		43ABEB9E1E14C57800458E3D /* GoogleMobileAds.framework in Frameworks */ = {isa = PBXBuildFile; fileRef = 43ABEB9D1E14C57800458E3D /* GoogleMobileAds.framework */; };
		43ABEBA41E14E42C00458E3D /* AdManager.swift in Sources */ = {isa = PBXBuildFile; fileRef = 43ABEBA31E14E42C00458E3D /* AdManager.swift */; };
		43ABEBAC1E14E68C00458E3D /* InAppPurchaseManager.swift in Sources */ = {isa = PBXBuildFile; fileRef = 43ABEBAB1E14E68C00458E3D /* InAppPurchaseManager.swift */; };
		43ABEC1A1E14EF3000458E3D /* RMStore.m in Sources */ = {isa = PBXBuildFile; fileRef = 43ABEC0F1E14EF3000458E3D /* RMStore.m */; };
		43ABEC1C1E14FB8500458E3D /* VerionProductIds.swift in Sources */ = {isa = PBXBuildFile; fileRef = 43ABEC1B1E14FB8500458E3D /* VerionProductIds.swift */; };
		43B0565F1E0D1AA3007083E8 /* SliderController.storyboard in Resources */ = {isa = PBXBuildFile; fileRef = 43B0565E1E0D1AA3007083E8 /* SliderController.storyboard */; };
		43B056631E0D1CDA007083E8 /* SlideController.swift in Sources */ = {isa = PBXBuildFile; fileRef = 43B056621E0D1CDA007083E8 /* SlideController.swift */; };
		43B056691E0D21F4007083E8 /* LeftMenuController.swift in Sources */ = {isa = PBXBuildFile; fileRef = 43B056681E0D21F4007083E8 /* LeftMenuController.swift */; };
		43B0566B1E0D2296007083E8 /* LeftMenu.storyboard in Resources */ = {isa = PBXBuildFile; fileRef = 43B0566A1E0D2296007083E8 /* LeftMenu.storyboard */; };
		43B0566E1E0D3F8C007083E8 /* SubverseCell.swift in Sources */ = {isa = PBXBuildFile; fileRef = 43B0566D1E0D3F8C007083E8 /* SubverseCell.swift */; };
		43B056701E0D3FA0007083E8 /* SubverseCellViewModel.swift in Sources */ = {isa = PBXBuildFile; fileRef = 43B0566F1E0D3FA0007083E8 /* SubverseCellViewModel.swift */; };
		43B056731E0D416C007083E8 /* DataManagerProtocol.swift in Sources */ = {isa = PBXBuildFile; fileRef = 43B056721E0D416C007083E8 /* DataManagerProtocol.swift */; };
		43B056751E0D4272007083E8 /* VerionDataModel.swift in Sources */ = {isa = PBXBuildFile; fileRef = 43B056741E0D4272007083E8 /* VerionDataModel.swift */; };
		43B0567D1E0D5F88007083E8 /* VerionDataManager.swift in Sources */ = {isa = PBXBuildFile; fileRef = 43B0567C1E0D5F88007083E8 /* VerionDataManager.swift */; };
		43B0567F1E0D5FD3007083E8 /* DataManagerHelper.swift in Sources */ = {isa = PBXBuildFile; fileRef = 43B0567E1E0D5FD3007083E8 /* DataManagerHelper.swift */; };
		43B056811E0D6AFE007083E8 /* DataManagerTest.swift in Sources */ = {isa = PBXBuildFile; fileRef = 43B056801E0D6AFE007083E8 /* DataManagerTest.swift */; };
		43B056BB1E0E4691007083E8 /* FLAnimatedImage.m in Sources */ = {isa = PBXBuildFile; fileRef = 43B056851E0E4691007083E8 /* FLAnimatedImage.m */; };
		43B056BC1E0E4691007083E8 /* FLAnimatedImageView.m in Sources */ = {isa = PBXBuildFile; fileRef = 43B056871E0E4691007083E8 /* FLAnimatedImageView.m */; };
		43B056BD1E0E4691007083E8 /* Info.plist in Resources */ = {isa = PBXBuildFile; fileRef = 43B056881E0E4691007083E8 /* Info.plist */; };
		43B056BE1E0E4691007083E8 /* Info.plist in Resources */ = {isa = PBXBuildFile; fileRef = 43B0568A1E0E4691007083E8 /* Info.plist */; };
		43B056BF1E0E4691007083E8 /* SlideMenuController.swift in Sources */ = {isa = PBXBuildFile; fileRef = 43B0568B1E0E4691007083E8 /* SlideMenuController.swift */; };
		43B056C01E0E4691007083E8 /* AsyncButton.swift in Sources */ = {isa = PBXBuildFile; fileRef = 43B0568E1E0E4691007083E8 /* AsyncButton.swift */; };
		43B056C11E0E4691007083E8 /* AsyncImageView.swift in Sources */ = {isa = PBXBuildFile; fileRef = 43B0568F1E0E4691007083E8 /* AsyncImageView.swift */; };
		43B056C21E0E4691007083E8 /* AutoTextView.swift in Sources */ = {isa = PBXBuildFile; fileRef = 43B056901E0E4691007083E8 /* AutoTextView.swift */; };
		43B056C31E0E4691007083E8 /* BlurView.swift in Sources */ = {isa = PBXBuildFile; fileRef = 43B056911E0E4691007083E8 /* BlurView.swift */; };
		43B056C41E0E4691007083E8 /* DesignableButton.swift in Sources */ = {isa = PBXBuildFile; fileRef = 43B056921E0E4691007083E8 /* DesignableButton.swift */; };
		43B056C51E0E4691007083E8 /* DesignableImageView.swift in Sources */ = {isa = PBXBuildFile; fileRef = 43B056931E0E4691007083E8 /* DesignableImageView.swift */; };
		43B056C61E0E4691007083E8 /* DesignableLabel.swift in Sources */ = {isa = PBXBuildFile; fileRef = 43B056941E0E4691007083E8 /* DesignableLabel.swift */; };
		43B056C71E0E4691007083E8 /* DesignableTabBarController.swift in Sources */ = {isa = PBXBuildFile; fileRef = 43B056951E0E4691007083E8 /* DesignableTabBarController.swift */; };
		43B056C81E0E4691007083E8 /* DesignableTextField.swift in Sources */ = {isa = PBXBuildFile; fileRef = 43B056961E0E4691007083E8 /* DesignableTextField.swift */; };
		43B056C91E0E4691007083E8 /* DesignableTextView.swift in Sources */ = {isa = PBXBuildFile; fileRef = 43B056971E0E4691007083E8 /* DesignableTextView.swift */; };
		43B056CA1E0E4691007083E8 /* DesignableView.swift in Sources */ = {isa = PBXBuildFile; fileRef = 43B056981E0E4691007083E8 /* DesignableView.swift */; };
		43B056CB1E0E4691007083E8 /* ImageLoader.swift in Sources */ = {isa = PBXBuildFile; fileRef = 43B056991E0E4691007083E8 /* ImageLoader.swift */; };
		43B056CC1E0E4691007083E8 /* Info.plist in Resources */ = {isa = PBXBuildFile; fileRef = 43B0569A1E0E4691007083E8 /* Info.plist */; };
		43B056CD1E0E4691007083E8 /* KeyboardLayoutConstraint.swift in Sources */ = {isa = PBXBuildFile; fileRef = 43B0569B1E0E4691007083E8 /* KeyboardLayoutConstraint.swift */; };
		43B056CE1E0E4691007083E8 /* LoadingView.swift in Sources */ = {isa = PBXBuildFile; fileRef = 43B0569C1E0E4691007083E8 /* LoadingView.swift */; };
		43B056CF1E0E4691007083E8 /* LoadingView.xib in Resources */ = {isa = PBXBuildFile; fileRef = 43B0569D1E0E4691007083E8 /* LoadingView.xib */; };
		43B056D01E0E4691007083E8 /* Misc.swift in Sources */ = {isa = PBXBuildFile; fileRef = 43B0569E1E0E4691007083E8 /* Misc.swift */; };
		43B056D11E0E4691007083E8 /* SoundPlayer.swift in Sources */ = {isa = PBXBuildFile; fileRef = 43B0569F1E0E4691007083E8 /* SoundPlayer.swift */; };
		43B056D21E0E4691007083E8 /* Spring.swift in Sources */ = {isa = PBXBuildFile; fileRef = 43B056A11E0E4691007083E8 /* Spring.swift */; };
		43B056D31E0E4691007083E8 /* SpringAnimation.swift in Sources */ = {isa = PBXBuildFile; fileRef = 43B056A21E0E4691007083E8 /* SpringAnimation.swift */; };
		43B056D41E0E4691007083E8 /* SpringButton.swift in Sources */ = {isa = PBXBuildFile; fileRef = 43B056A31E0E4691007083E8 /* SpringButton.swift */; };
		43B056D51E0E4691007083E8 /* SpringImageView.swift in Sources */ = {isa = PBXBuildFile; fileRef = 43B056A41E0E4691007083E8 /* SpringImageView.swift */; };
		43B056D61E0E4691007083E8 /* SpringLabel.swift in Sources */ = {isa = PBXBuildFile; fileRef = 43B056A51E0E4691007083E8 /* SpringLabel.swift */; };
		43B056D71E0E4691007083E8 /* SpringTextField.swift in Sources */ = {isa = PBXBuildFile; fileRef = 43B056A61E0E4691007083E8 /* SpringTextField.swift */; };
		43B056D81E0E4691007083E8 /* SpringTextView.swift in Sources */ = {isa = PBXBuildFile; fileRef = 43B056A71E0E4691007083E8 /* SpringTextView.swift */; };
		43B056D91E0E4691007083E8 /* SpringView.swift in Sources */ = {isa = PBXBuildFile; fileRef = 43B056A81E0E4691007083E8 /* SpringView.swift */; };
		43B056DA1E0E4691007083E8 /* TransitionManager.swift in Sources */ = {isa = PBXBuildFile; fileRef = 43B056A91E0E4691007083E8 /* TransitionManager.swift */; };
		43B056DB1E0E4691007083E8 /* TransitionZoom.swift in Sources */ = {isa = PBXBuildFile; fileRef = 43B056AA1E0E4691007083E8 /* TransitionZoom.swift */; };
		43B056DC1E0E4691007083E8 /* UnwindSegue.swift in Sources */ = {isa = PBXBuildFile; fileRef = 43B056AB1E0E4691007083E8 /* UnwindSegue.swift */; };
		43B056DD1E0E4691007083E8 /* SwiftWebViewProgress.swift in Sources */ = {isa = PBXBuildFile; fileRef = 43B056AE1E0E4691007083E8 /* SwiftWebViewProgress.swift */; };
		43B056DE1E0E4691007083E8 /* SwiftWebViewProgressView.swift in Sources */ = {isa = PBXBuildFile; fileRef = 43B056AF1E0E4691007083E8 /* SwiftWebViewProgressView.swift */; };
		43B056DF1E0E4691007083E8 /* Info.plist in Resources */ = {isa = PBXBuildFile; fileRef = 43B056B11E0E4691007083E8 /* Info.plist */; };
		43B056E01E0E4691007083E8 /* SwiftyMarkdown.swift in Sources */ = {isa = PBXBuildFile; fileRef = 43B056B31E0E4691007083E8 /* SwiftyMarkdown.swift */; };
		43B056E11E0E4691007083E8 /* TSBaseParser.m in Sources */ = {isa = PBXBuildFile; fileRef = 43B056B61E0E4691007083E8 /* TSBaseParser.m */; };
		43B056E21E0E4691007083E8 /* TSMarkdownParser.m in Sources */ = {isa = PBXBuildFile; fileRef = 43B056B91E0E4691007083E8 /* TSMarkdownParser.m */; };
		43B057101E0E71AD007083E8 /* SubmissionDataModelV1.swift in Sources */ = {isa = PBXBuildFile; fileRef = 43B0570F1E0E71AD007083E8 /* SubmissionDataModelV1.swift */; };
		43B057121E0E7616007083E8 /* CommentDataModelV1.swift in Sources */ = {isa = PBXBuildFile; fileRef = 43B057111E0E7616007083E8 /* CommentDataModelV1.swift */; };
		43B057141E0E77A7007083E8 /* SubverseSearchResultDataModelV1.swift in Sources */ = {isa = PBXBuildFile; fileRef = 43B057131E0E77A7007083E8 /* SubverseSearchResultDataModelV1.swift */; };
		43B0571C1E0E7943007083E8 /* SampleComments_legacy.txt in Resources */ = {isa = PBXBuildFile; fileRef = 43B057161E0E7943007083E8 /* SampleComments_legacy.txt */; };
		43B0571D1E0E7943007083E8 /* SampleComments_v1.txt in Resources */ = {isa = PBXBuildFile; fileRef = 43B057171E0E7943007083E8 /* SampleComments_v1.txt */; };
		43B0571E1E0E7943007083E8 /* SampleJsonSubmissions_legacy.txt in Resources */ = {isa = PBXBuildFile; fileRef = 43B057181E0E7943007083E8 /* SampleJsonSubmissions_legacy.txt */; };
		43B0571F1E0E7943007083E8 /* SampleJsonSubmissions_v1.txt in Resources */ = {isa = PBXBuildFile; fileRef = 43B057191E0E7943007083E8 /* SampleJsonSubmissions_v1.txt */; };
		43B057201E0E7943007083E8 /* SampleSubverseList_legacy.txt in Resources */ = {isa = PBXBuildFile; fileRef = 43B0571A1E0E7943007083E8 /* SampleSubverseList_legacy.txt */; };
		43B057211E0E7943007083E8 /* SampleSubverseList_v1.txt in Resources */ = {isa = PBXBuildFile; fileRef = 43B0571B1E0E7943007083E8 /* SampleSubverseList_v1.txt */; };
		43DF44561E089F1B00478AD9 /* VoatDataProvider.swift in Sources */ = {isa = PBXBuildFile; fileRef = 43DF44551E089F1B00478AD9 /* VoatDataProvider.swift */; };
		43DF44581E08A59200478AD9 /* Alamofire.framework in Frameworks */ = {isa = PBXBuildFile; fileRef = 43DF44571E08A59200478AD9 /* Alamofire.framework */; };
		43DF44AC1E08B6B900478AD9 /* MarkdownParser.swift in Sources */ = {isa = PBXBuildFile; fileRef = 43DF44AB1E08B6B900478AD9 /* MarkdownParser.swift */; };
		43DF45311E09F04E00478AD9 /* ProgressIndicatorCell.swift in Sources */ = {isa = PBXBuildFile; fileRef = 43DF45301E09F04E00478AD9 /* ProgressIndicatorCell.swift */; };
		43DF45351E09F0A500478AD9 /* ProgressIndicatorCellViewModel.swift in Sources */ = {isa = PBXBuildFile; fileRef = 43DF45341E09F0A500478AD9 /* ProgressIndicatorCellViewModel.swift */; };
		43F674231DF11217001F83BE /* SubmissionCellViewViewModelBindingsTest.swift in Sources */ = {isa = PBXBuildFile; fileRef = 43F674221DF11217001F83BE /* SubmissionCellViewViewModelBindingsTest.swift */; };
		43F674261DF114CD001F83BE /* Nimble.framework in Frameworks */ = {isa = PBXBuildFile; fileRef = 43F674241DF114CD001F83BE /* Nimble.framework */; };
		43F674271DF114CD001F83BE /* Quick.framework in Frameworks */ = {isa = PBXBuildFile; fileRef = 43F674251DF114CD001F83BE /* Quick.framework */; };
		43F675231DF20078001F83BE /* SubmissionDataModelLegacy.swift in Sources */ = {isa = PBXBuildFile; fileRef = 43F675131DF20078001F83BE /* SubmissionDataModelLegacy.swift */; };
		43F675241DF20078001F83BE /* SubmissionDataModelProtocol.swift in Sources */ = {isa = PBXBuildFile; fileRef = 43F675141DF20078001F83BE /* SubmissionDataModelProtocol.swift */; };
		43F675251DF20078001F83BE /* DataProviderType.swift in Sources */ = {isa = PBXBuildFile; fileRef = 43F675161DF20078001F83BE /* DataProviderType.swift */; };
		43F675261DF20078001F83BE /* OfflineDataProvider.swift in Sources */ = {isa = PBXBuildFile; fileRef = 43F675171DF20078001F83BE /* OfflineDataProvider.swift */; };
		43F675271DF20078001F83BE /* SFXManager.swift in Sources */ = {isa = PBXBuildFile; fileRef = 43F675191DF20078001F83BE /* SFXManager.swift */; };
		43F675281DF20078001F83BE /* SFXManagerDummy.swift in Sources */ = {isa = PBXBuildFile; fileRef = 43F6751A1DF20078001F83BE /* SFXManagerDummy.swift */; };
		43F675291DF20078001F83BE /* SFXManagerType.swift in Sources */ = {isa = PBXBuildFile; fileRef = 43F6751B1DF20078001F83BE /* SFXManagerType.swift */; };
		43F6752A1DF20078001F83BE /* SubverseViewController.swift in Sources */ = {isa = PBXBuildFile; fileRef = 43F6751D1DF20078001F83BE /* SubverseViewController.swift */; };
		43F6752B1DF20078001F83BE /* TabBarController.swift in Sources */ = {isa = PBXBuildFile; fileRef = 43F6751E1DF20078001F83BE /* TabBarController.swift */; };
		43F675301DF2050B001F83BE /* SubCellViewModelDataModelTest.swift in Sources */ = {isa = PBXBuildFile; fileRef = 43F6752F1DF2050B001F83BE /* SubCellViewModelDataModelTest.swift */; };
		43F9A02D1DEA3AE0001EB1FC /* AppDelegate.swift in Sources */ = {isa = PBXBuildFile; fileRef = 43F9A02C1DEA3AE0001EB1FC /* AppDelegate.swift */; };
		43F9A0371DEA3AE0001EB1FC /* LaunchScreen.storyboard in Resources */ = {isa = PBXBuildFile; fileRef = 43F9A0351DEA3AE0001EB1FC /* LaunchScreen.storyboard */; };
		43F9A0421DEA3AE0001EB1FC /* VerionTests.swift in Sources */ = {isa = PBXBuildFile; fileRef = 43F9A0411DEA3AE0001EB1FC /* VerionTests.swift */; };
		43F9A04F1DEA3C26001EB1FC /* Swinject.framework in Frameworks */ = {isa = PBXBuildFile; fileRef = 43F9A04D1DEA3C26001EB1FC /* Swinject.framework */; };
		43F9A0501DEA3C26001EB1FC /* SwinjectStoryboard.framework in Frameworks */ = {isa = PBXBuildFile; fileRef = 43F9A04E1DEA3C26001EB1FC /* SwinjectStoryboard.framework */; };
/* End PBXBuildFile section */

/* Begin PBXContainerItemProxy section */
		43F9A03E1DEA3AE0001EB1FC /* PBXContainerItemProxy */ = {
			isa = PBXContainerItemProxy;
			containerPortal = 43F9A0211DEA3ADF001EB1FC /* Project object */;
			proxyType = 1;
			remoteGlobalIDString = 43F9A0281DEA3ADF001EB1FC;
			remoteInfo = Verion;
		};
/* End PBXContainerItemProxy section */

/* Begin PBXFileReference section */
		4300A0BF1DF0EF0A00497FE4 /* Bond.framework */ = {isa = PBXFileReference; lastKnownFileType = wrapper.framework; name = Bond.framework; path = Carthage/Build/iOS/Bond.framework; sourceTree = "<group>"; };
		4300A0C01DF0EF0A00497FE4 /* ReactiveKit.framework */ = {isa = PBXFileReference; lastKnownFileType = wrapper.framework; name = ReactiveKit.framework; path = Carthage/Build/iOS/ReactiveKit.framework; sourceTree = "<group>"; };
		432564381DECAE8F001B943A /* Subverse.storyboard */ = {isa = PBXFileReference; fileEncoding = 4; lastKnownFileType = file.storyboard; path = Subverse.storyboard; sourceTree = "<group>"; };
		432564B51DEEB798001B943A /* TabController.storyboard */ = {isa = PBXFileReference; fileEncoding = 4; lastKnownFileType = file.storyboard; path = TabController.storyboard; sourceTree = "<group>"; };
		432B77761E12272A00457F2C /* ActivityIndicatorCellViewModel.swift */ = {isa = PBXFileReference; fileEncoding = 4; lastKnownFileType = sourcecode.swift; path = ActivityIndicatorCellViewModel.swift; sourceTree = "<group>"; };
		432B777A1E12357700457F2C /* SubmissionsRequestParams.swift */ = {isa = PBXFileReference; fileEncoding = 4; lastKnownFileType = sourcecode.swift; path = SubmissionsRequestParams.swift; sourceTree = "<group>"; };
		43433D781E0272860017FAB0 /* DataProviderHelper.swift */ = {isa = PBXFileReference; fileEncoding = 4; lastKnownFileType = sourcecode.swift; path = DataProviderHelper.swift; sourceTree = "<group>"; };
		43433D7A1E027FD00017FAB0 /* ImageDownloader.swift */ = {isa = PBXFileReference; fileEncoding = 4; lastKnownFileType = sourcecode.swift; path = ImageDownloader.swift; sourceTree = "<group>"; };
		43433D7C1E02B8750017FAB0 /* SubmissionTextFormatter.swift */ = {isa = PBXFileReference; fileEncoding = 4; lastKnownFileType = sourcecode.swift; path = SubmissionTextFormatter.swift; sourceTree = "<group>"; };
		43433D7E1E03C8290017FAB0 /* CellHeightCalculator.swift */ = {isa = PBXFileReference; fileEncoding = 4; lastKnownFileType = sourcecode.swift; path = CellHeightCalculator.swift; sourceTree = "<group>"; };
		43433D881E03DD570017FAB0 /* Verion-Bridging-Header.h */ = {isa = PBXFileReference; lastKnownFileType = sourcecode.c.h; path = "Verion-Bridging-Header.h"; sourceTree = "<group>"; };
		43433D8B1E0575040017FAB0 /* FindSubverse.storyboard */ = {isa = PBXFileReference; fileEncoding = 4; lastKnownFileType = file.storyboard; path = FindSubverse.storyboard; sourceTree = "<group>"; };
		43433D8D1E057C160017FAB0 /* FindSubverseViewController.swift */ = {isa = PBXFileReference; fileEncoding = 4; lastKnownFileType = sourcecode.swift; path = FindSubverseViewController.swift; sourceTree = "<group>"; };
		43433D911E057E620017FAB0 /* ActivityIndicatorCell.swift */ = {isa = PBXFileReference; fileEncoding = 4; lastKnownFileType = sourcecode.swift; path = ActivityIndicatorCell.swift; sourceTree = "<group>"; };
		43433D921E057E620017FAB0 /* CommentCell.swift */ = {isa = PBXFileReference; fileEncoding = 4; lastKnownFileType = sourcecode.swift; path = CommentCell.swift; sourceTree = "<group>"; };
		43433D931E057E620017FAB0 /* CommentCellViewModel.swift */ = {isa = PBXFileReference; fileEncoding = 4; lastKnownFileType = sourcecode.swift; path = CommentCellViewModel.swift; sourceTree = "<group>"; };
		43433D941E057E620017FAB0 /* CommentsSortByCell.swift */ = {isa = PBXFileReference; fileEncoding = 4; lastKnownFileType = sourcecode.swift; path = CommentsSortByCell.swift; sourceTree = "<group>"; };
		43433D951E057E620017FAB0 /* CommentsSortByCellViewModel.swift */ = {isa = PBXFileReference; fileEncoding = 4; lastKnownFileType = sourcecode.swift; path = CommentsSortByCellViewModel.swift; sourceTree = "<group>"; };
		43433D961E057E620017FAB0 /* SubmissionImageCell.swift */ = {isa = PBXFileReference; fileEncoding = 4; lastKnownFileType = sourcecode.swift; path = SubmissionImageCell.swift; sourceTree = "<group>"; };
		43433D971E057E620017FAB0 /* SubmissionImageCellViewModel.swift */ = {isa = PBXFileReference; fileEncoding = 4; lastKnownFileType = sourcecode.swift; path = SubmissionImageCellViewModel.swift; sourceTree = "<group>"; };
		43433D981E057E620017FAB0 /* SubmissionLinkCell.swift */ = {isa = PBXFileReference; fileEncoding = 4; lastKnownFileType = sourcecode.swift; path = SubmissionLinkCell.swift; sourceTree = "<group>"; };
		43433D991E057E620017FAB0 /* SubmissionLinkCellViewModel.swift */ = {isa = PBXFileReference; fileEncoding = 4; lastKnownFileType = sourcecode.swift; path = SubmissionLinkCellViewModel.swift; sourceTree = "<group>"; };
		43433D9A1E057E620017FAB0 /* SubmissionTextCell.swift */ = {isa = PBXFileReference; fileEncoding = 4; lastKnownFileType = sourcecode.swift; path = SubmissionTextCell.swift; sourceTree = "<group>"; };
		43433D9B1E057E620017FAB0 /* SubmissionTextCellViewModel.swift */ = {isa = PBXFileReference; fileEncoding = 4; lastKnownFileType = sourcecode.swift; path = SubmissionTextCellViewModel.swift; sourceTree = "<group>"; };
		43433D9C1E057E620017FAB0 /* SubmissionTitleCell.swift */ = {isa = PBXFileReference; fileEncoding = 4; lastKnownFileType = sourcecode.swift; path = SubmissionTitleCell.swift; sourceTree = "<group>"; };
		43433D9D1E057E620017FAB0 /* SubmissionTitleCellViewModel.swift */ = {isa = PBXFileReference; fileEncoding = 4; lastKnownFileType = sourcecode.swift; path = SubmissionTitleCellViewModel.swift; sourceTree = "<group>"; };
		43433DA01E057E620017FAB0 /* SubmissionCell.swift */ = {isa = PBXFileReference; fileEncoding = 4; lastKnownFileType = sourcecode.swift; path = SubmissionCell.swift; sourceTree = "<group>"; };
		43433DA11E057E620017FAB0 /* SubmissionCellViewModel.swift */ = {isa = PBXFileReference; fileEncoding = 4; lastKnownFileType = sourcecode.swift; path = SubmissionCellViewModel.swift; sourceTree = "<group>"; };
		43433DB11E0581510017FAB0 /* SubverseSearchResultCell.swift */ = {isa = PBXFileReference; fileEncoding = 4; lastKnownFileType = sourcecode.swift; path = SubverseSearchResultCell.swift; sourceTree = "<group>"; };
		43433DB31E0582420017FAB0 /* SubverseSearchResultCellViewModel.swift */ = {isa = PBXFileReference; fileEncoding = 4; lastKnownFileType = sourcecode.swift; path = SubverseSearchResultCellViewModel.swift; sourceTree = "<group>"; };
		43433DBE1E059FE70017FAB0 /* SubverseSearchResultDataModelProtocol.swift */ = {isa = PBXFileReference; fileEncoding = 4; lastKnownFileType = sourcecode.swift; path = SubverseSearchResultDataModelProtocol.swift; sourceTree = "<group>"; };
		43433DC01E05A0040017FAB0 /* SubverseSearchResultDataModelLegacy.swift */ = {isa = PBXFileReference; fileEncoding = 4; lastKnownFileType = sourcecode.swift; path = SubverseSearchResultDataModelLegacy.swift; sourceTree = "<group>"; };
		4375BFBC1DF30F5F00576CC6 /* APIVersion.swift */ = {isa = PBXFileReference; fileEncoding = 4; lastKnownFileType = sourcecode.swift; path = APIVersion.swift; sourceTree = "<group>"; };
		4375BFC11DF33EFB00576CC6 /* SwiftyJSON.framework */ = {isa = PBXFileReference; lastKnownFileType = wrapper.framework; name = SwiftyJSON.framework; path = Carthage/Build/iOS/SwiftyJSON.framework; sourceTree = "<group>"; };
		4375BFC31DF3614E00576CC6 /* NSMutableAttributedString+Bold.swift */ = {isa = PBXFileReference; fileEncoding = 4; lastKnownFileType = sourcecode.swift; path = "NSMutableAttributedString+Bold.swift"; sourceTree = "<group>"; };
		4375BFC51DF3737F00576CC6 /* SubmissionType.swift */ = {isa = PBXFileReference; fileEncoding = 4; lastKnownFileType = sourcecode.swift; path = SubmissionType.swift; sourceTree = "<group>"; };
		4375BFC71DF3EDC300576CC6 /* Delayer.swift */ = {isa = PBXFileReference; fileEncoding = 4; lastKnownFileType = sourcecode.swift; path = Delayer.swift; sourceTree = "<group>"; };
		4375BFCC1DF5D45400576CC6 /* SubverseRefreshControl.swift */ = {isa = PBXFileReference; fileEncoding = 4; lastKnownFileType = sourcecode.swift; path = SubverseRefreshControl.swift; sourceTree = "<group>"; };
		4375C0001DF62F6700576CC6 /* NVActivityIndicatorView.framework */ = {isa = PBXFileReference; lastKnownFileType = wrapper.framework; name = NVActivityIndicatorView.framework; path = Carthage/Build/iOS/NVActivityIndicatorView.framework; sourceTree = "<group>"; };
		4375C03F1DF74B1700576CC6 /* Comments.storyboard */ = {isa = PBXFileReference; fileEncoding = 4; lastKnownFileType = file.storyboard; path = Comments.storyboard; sourceTree = "<group>"; };
		4375C0411DF7524700576CC6 /* CommentsViewController.swift */ = {isa = PBXFileReference; fileEncoding = 4; lastKnownFileType = sourcecode.swift; path = CommentsViewController.swift; sourceTree = "<group>"; };
		4375C0751DF8A3B700576CC6 /* CommentDataModelProtocol.swift */ = {isa = PBXFileReference; fileEncoding = 4; lastKnownFileType = sourcecode.swift; path = CommentDataModelProtocol.swift; sourceTree = "<group>"; };
		4375C08B1E011F8E00576CC6 /* SortType.swift */ = {isa = PBXFileReference; fileEncoding = 4; lastKnownFileType = sourcecode.swift; path = SortType.swift; sourceTree = "<group>"; };
		4375C08D1E01317F00576CC6 /* ActivityIndicatorProvider.swift */ = {isa = PBXFileReference; fileEncoding = 4; lastKnownFileType = sourcecode.swift; path = ActivityIndicatorProvider.swift; sourceTree = "<group>"; };
		43A359411E06681E006994F3 /* CommentDataModelLegacy.swift */ = {isa = PBXFileReference; fileEncoding = 4; lastKnownFileType = sourcecode.swift; path = CommentDataModelLegacy.swift; sourceTree = "<group>"; };
		43ABEB7B1E137F2300458E3D /* Assets.xcassets */ = {isa = PBXFileReference; lastKnownFileType = folder.assetcatalog; path = Assets.xcassets; sourceTree = "<group>"; };
		43ABEB7E1E137FA300458E3D /* Flurry.h */ = {isa = PBXFileReference; fileEncoding = 4; lastKnownFileType = sourcecode.c.h; path = Flurry.h; sourceTree = "<group>"; };
		43ABEB7F1E137FA300458E3D /* FlurryEmpty.m */ = {isa = PBXFileReference; fileEncoding = 4; lastKnownFileType = sourcecode.c.objc; path = FlurryEmpty.m; sourceTree = "<group>"; };
		43ABEB801E137FA300458E3D /* FlurrySessionBuilder.h */ = {isa = PBXFileReference; fileEncoding = 4; lastKnownFileType = sourcecode.c.h; path = FlurrySessionBuilder.h; sourceTree = "<group>"; };
		43ABEB811E137FA300458E3D /* FlurryWatch.h */ = {isa = PBXFileReference; fileEncoding = 4; lastKnownFileType = sourcecode.c.h; path = FlurryWatch.h; sourceTree = "<group>"; };
		43ABEB821E137FA300458E3D /* FlurryWatchEmpty.m */ = {isa = PBXFileReference; fileEncoding = 4; lastKnownFileType = sourcecode.c.objc; path = FlurryWatchEmpty.m; sourceTree = "<group>"; };
		43ABEB831E137FA300458E3D /* libFlurry_7.8.2.a */ = {isa = PBXFileReference; lastKnownFileType = archive.ar; path = libFlurry_7.8.2.a; sourceTree = "<group>"; };
		43ABEB8B1E13802B00458E3D /* Security.framework */ = {isa = PBXFileReference; lastKnownFileType = wrapper.framework; name = Security.framework; path = System/Library/Frameworks/Security.framework; sourceTree = SDKROOT; };
		43ABEB8D1E13803300458E3D /* SystemConfiguration.framework */ = {isa = PBXFileReference; lastKnownFileType = wrapper.framework; name = SystemConfiguration.framework; path = System/Library/Frameworks/SystemConfiguration.framework; sourceTree = SDKROOT; };
		43ABEB901E1391B000458E3D /* AnalyticsManagerProtocol.swift */ = {isa = PBXFileReference; fileEncoding = 4; lastKnownFileType = sourcecode.swift; path = AnalyticsManagerProtocol.swift; sourceTree = "<group>"; };
		43ABEB921E13924700458E3D /* AnalyticsManager.swift */ = {isa = PBXFileReference; fileEncoding = 4; lastKnownFileType = sourcecode.swift; path = AnalyticsManager.swift; sourceTree = "<group>"; };
		43ABEB9A1E148FDA00458E3D /* AnalyticsEvents.swift */ = {isa = PBXFileReference; fileEncoding = 4; lastKnownFileType = sourcecode.swift; path = AnalyticsEvents.swift; sourceTree = "<group>"; };
		43ABEB9D1E14C57800458E3D /* GoogleMobileAds.framework */ = {isa = PBXFileReference; lastKnownFileType = wrapper.framework; path = GoogleMobileAds.framework; sourceTree = "<group>"; };
		43ABEBA31E14E42C00458E3D /* AdManager.swift */ = {isa = PBXFileReference; fileEncoding = 4; lastKnownFileType = sourcecode.swift; path = AdManager.swift; sourceTree = "<group>"; };
		43ABEBAB1E14E68C00458E3D /* InAppPurchaseManager.swift */ = {isa = PBXFileReference; fileEncoding = 4; lastKnownFileType = sourcecode.swift; path = InAppPurchaseManager.swift; sourceTree = "<group>"; };
		43ABEC0E1E14EF3000458E3D /* RMStore.h */ = {isa = PBXFileReference; fileEncoding = 4; lastKnownFileType = sourcecode.c.h; path = RMStore.h; sourceTree = "<group>"; };
		43ABEC0F1E14EF3000458E3D /* RMStore.m */ = {isa = PBXFileReference; fileEncoding = 4; lastKnownFileType = sourcecode.c.objc; path = RMStore.m; sourceTree = "<group>"; };
		43ABEC1B1E14FB8500458E3D /* VerionProductIds.swift */ = {isa = PBXFileReference; fileEncoding = 4; lastKnownFileType = sourcecode.swift; path = VerionProductIds.swift; sourceTree = "<group>"; };
		43B0565E1E0D1AA3007083E8 /* SliderController.storyboard */ = {isa = PBXFileReference; fileEncoding = 4; lastKnownFileType = file.storyboard; path = SliderController.storyboard; sourceTree = "<group>"; };
		43B056621E0D1CDA007083E8 /* SlideController.swift */ = {isa = PBXFileReference; fileEncoding = 4; lastKnownFileType = sourcecode.swift; path = SlideController.swift; sourceTree = "<group>"; };
		43B056681E0D21F4007083E8 /* LeftMenuController.swift */ = {isa = PBXFileReference; fileEncoding = 4; lastKnownFileType = sourcecode.swift; path = LeftMenuController.swift; sourceTree = "<group>"; };
		43B0566A1E0D2296007083E8 /* LeftMenu.storyboard */ = {isa = PBXFileReference; fileEncoding = 4; lastKnownFileType = file.storyboard; path = LeftMenu.storyboard; sourceTree = "<group>"; };
		43B0566D1E0D3F8C007083E8 /* SubverseCell.swift */ = {isa = PBXFileReference; fileEncoding = 4; lastKnownFileType = sourcecode.swift; path = SubverseCell.swift; sourceTree = "<group>"; };
		43B0566F1E0D3FA0007083E8 /* SubverseCellViewModel.swift */ = {isa = PBXFileReference; fileEncoding = 4; lastKnownFileType = sourcecode.swift; path = SubverseCellViewModel.swift; sourceTree = "<group>"; };
		43B056721E0D416C007083E8 /* DataManagerProtocol.swift */ = {isa = PBXFileReference; fileEncoding = 4; lastKnownFileType = sourcecode.swift; path = DataManagerProtocol.swift; sourceTree = "<group>"; };
		43B056741E0D4272007083E8 /* VerionDataModel.swift */ = {isa = PBXFileReference; fileEncoding = 4; lastKnownFileType = sourcecode.swift; path = VerionDataModel.swift; sourceTree = "<group>"; };
		43B0567C1E0D5F88007083E8 /* VerionDataManager.swift */ = {isa = PBXFileReference; fileEncoding = 4; lastKnownFileType = sourcecode.swift; path = VerionDataManager.swift; sourceTree = "<group>"; };
		43B0567E1E0D5FD3007083E8 /* DataManagerHelper.swift */ = {isa = PBXFileReference; fileEncoding = 4; lastKnownFileType = sourcecode.swift; path = DataManagerHelper.swift; sourceTree = "<group>"; };
		43B056801E0D6AFE007083E8 /* DataManagerTest.swift */ = {isa = PBXFileReference; fileEncoding = 4; lastKnownFileType = sourcecode.swift; path = DataManagerTest.swift; sourceTree = "<group>"; };
		43B056841E0E4691007083E8 /* FLAnimatedImage.h */ = {isa = PBXFileReference; fileEncoding = 4; lastKnownFileType = sourcecode.c.h; path = FLAnimatedImage.h; sourceTree = "<group>"; };
		43B056851E0E4691007083E8 /* FLAnimatedImage.m */ = {isa = PBXFileReference; fileEncoding = 4; lastKnownFileType = sourcecode.c.objc; path = FLAnimatedImage.m; sourceTree = "<group>"; };
		43B056861E0E4691007083E8 /* FLAnimatedImageView.h */ = {isa = PBXFileReference; fileEncoding = 4; lastKnownFileType = sourcecode.c.h; path = FLAnimatedImageView.h; sourceTree = "<group>"; };
		43B056871E0E4691007083E8 /* FLAnimatedImageView.m */ = {isa = PBXFileReference; fileEncoding = 4; lastKnownFileType = sourcecode.c.objc; path = FLAnimatedImageView.m; sourceTree = "<group>"; };
		43B056881E0E4691007083E8 /* Info.plist */ = {isa = PBXFileReference; fileEncoding = 4; lastKnownFileType = text.plist.xml; path = Info.plist; sourceTree = "<group>"; };
		43B0568A1E0E4691007083E8 /* Info.plist */ = {isa = PBXFileReference; fileEncoding = 4; lastKnownFileType = text.plist.xml; path = Info.plist; sourceTree = "<group>"; };
		43B0568B1E0E4691007083E8 /* SlideMenuController.swift */ = {isa = PBXFileReference; fileEncoding = 4; lastKnownFileType = sourcecode.swift; path = SlideMenuController.swift; sourceTree = "<group>"; };
		43B0568C1E0E4691007083E8 /* SlideMenuControllerSwift.h */ = {isa = PBXFileReference; fileEncoding = 4; lastKnownFileType = sourcecode.c.h; path = SlideMenuControllerSwift.h; sourceTree = "<group>"; };
		43B0568E1E0E4691007083E8 /* AsyncButton.swift */ = {isa = PBXFileReference; fileEncoding = 4; lastKnownFileType = sourcecode.swift; path = AsyncButton.swift; sourceTree = "<group>"; };
		43B0568F1E0E4691007083E8 /* AsyncImageView.swift */ = {isa = PBXFileReference; fileEncoding = 4; lastKnownFileType = sourcecode.swift; path = AsyncImageView.swift; sourceTree = "<group>"; };
		43B056901E0E4691007083E8 /* AutoTextView.swift */ = {isa = PBXFileReference; fileEncoding = 4; lastKnownFileType = sourcecode.swift; path = AutoTextView.swift; sourceTree = "<group>"; };
		43B056911E0E4691007083E8 /* BlurView.swift */ = {isa = PBXFileReference; fileEncoding = 4; lastKnownFileType = sourcecode.swift; path = BlurView.swift; sourceTree = "<group>"; };
		43B056921E0E4691007083E8 /* DesignableButton.swift */ = {isa = PBXFileReference; fileEncoding = 4; lastKnownFileType = sourcecode.swift; path = DesignableButton.swift; sourceTree = "<group>"; };
		43B056931E0E4691007083E8 /* DesignableImageView.swift */ = {isa = PBXFileReference; fileEncoding = 4; lastKnownFileType = sourcecode.swift; path = DesignableImageView.swift; sourceTree = "<group>"; };
		43B056941E0E4691007083E8 /* DesignableLabel.swift */ = {isa = PBXFileReference; fileEncoding = 4; lastKnownFileType = sourcecode.swift; path = DesignableLabel.swift; sourceTree = "<group>"; };
		43B056951E0E4691007083E8 /* DesignableTabBarController.swift */ = {isa = PBXFileReference; fileEncoding = 4; lastKnownFileType = sourcecode.swift; path = DesignableTabBarController.swift; sourceTree = "<group>"; };
		43B056961E0E4691007083E8 /* DesignableTextField.swift */ = {isa = PBXFileReference; fileEncoding = 4; lastKnownFileType = sourcecode.swift; path = DesignableTextField.swift; sourceTree = "<group>"; };
		43B056971E0E4691007083E8 /* DesignableTextView.swift */ = {isa = PBXFileReference; fileEncoding = 4; lastKnownFileType = sourcecode.swift; path = DesignableTextView.swift; sourceTree = "<group>"; };
		43B056981E0E4691007083E8 /* DesignableView.swift */ = {isa = PBXFileReference; fileEncoding = 4; lastKnownFileType = sourcecode.swift; path = DesignableView.swift; sourceTree = "<group>"; };
		43B056991E0E4691007083E8 /* ImageLoader.swift */ = {isa = PBXFileReference; fileEncoding = 4; lastKnownFileType = sourcecode.swift; path = ImageLoader.swift; sourceTree = "<group>"; };
		43B0569A1E0E4691007083E8 /* Info.plist */ = {isa = PBXFileReference; fileEncoding = 4; lastKnownFileType = text.plist.xml; path = Info.plist; sourceTree = "<group>"; };
		43B0569B1E0E4691007083E8 /* KeyboardLayoutConstraint.swift */ = {isa = PBXFileReference; fileEncoding = 4; lastKnownFileType = sourcecode.swift; path = KeyboardLayoutConstraint.swift; sourceTree = "<group>"; };
		43B0569C1E0E4691007083E8 /* LoadingView.swift */ = {isa = PBXFileReference; fileEncoding = 4; lastKnownFileType = sourcecode.swift; path = LoadingView.swift; sourceTree = "<group>"; };
		43B0569D1E0E4691007083E8 /* LoadingView.xib */ = {isa = PBXFileReference; fileEncoding = 4; lastKnownFileType = file.xib; path = LoadingView.xib; sourceTree = "<group>"; };
		43B0569E1E0E4691007083E8 /* Misc.swift */ = {isa = PBXFileReference; fileEncoding = 4; lastKnownFileType = sourcecode.swift; path = Misc.swift; sourceTree = "<group>"; };
		43B0569F1E0E4691007083E8 /* SoundPlayer.swift */ = {isa = PBXFileReference; fileEncoding = 4; lastKnownFileType = sourcecode.swift; path = SoundPlayer.swift; sourceTree = "<group>"; };
		43B056A01E0E4691007083E8 /* Spring.h */ = {isa = PBXFileReference; fileEncoding = 4; lastKnownFileType = sourcecode.c.h; path = Spring.h; sourceTree = "<group>"; };
		43B056A11E0E4691007083E8 /* Spring.swift */ = {isa = PBXFileReference; fileEncoding = 4; lastKnownFileType = sourcecode.swift; path = Spring.swift; sourceTree = "<group>"; };
		43B056A21E0E4691007083E8 /* SpringAnimation.swift */ = {isa = PBXFileReference; fileEncoding = 4; lastKnownFileType = sourcecode.swift; path = SpringAnimation.swift; sourceTree = "<group>"; };
		43B056A31E0E4691007083E8 /* SpringButton.swift */ = {isa = PBXFileReference; fileEncoding = 4; lastKnownFileType = sourcecode.swift; path = SpringButton.swift; sourceTree = "<group>"; };
		43B056A41E0E4691007083E8 /* SpringImageView.swift */ = {isa = PBXFileReference; fileEncoding = 4; lastKnownFileType = sourcecode.swift; path = SpringImageView.swift; sourceTree = "<group>"; };
		43B056A51E0E4691007083E8 /* SpringLabel.swift */ = {isa = PBXFileReference; fileEncoding = 4; lastKnownFileType = sourcecode.swift; path = SpringLabel.swift; sourceTree = "<group>"; };
		43B056A61E0E4691007083E8 /* SpringTextField.swift */ = {isa = PBXFileReference; fileEncoding = 4; lastKnownFileType = sourcecode.swift; path = SpringTextField.swift; sourceTree = "<group>"; };
		43B056A71E0E4691007083E8 /* SpringTextView.swift */ = {isa = PBXFileReference; fileEncoding = 4; lastKnownFileType = sourcecode.swift; path = SpringTextView.swift; sourceTree = "<group>"; };
		43B056A81E0E4691007083E8 /* SpringView.swift */ = {isa = PBXFileReference; fileEncoding = 4; lastKnownFileType = sourcecode.swift; path = SpringView.swift; sourceTree = "<group>"; };
		43B056A91E0E4691007083E8 /* TransitionManager.swift */ = {isa = PBXFileReference; fileEncoding = 4; lastKnownFileType = sourcecode.swift; path = TransitionManager.swift; sourceTree = "<group>"; };
		43B056AA1E0E4691007083E8 /* TransitionZoom.swift */ = {isa = PBXFileReference; fileEncoding = 4; lastKnownFileType = sourcecode.swift; path = TransitionZoom.swift; sourceTree = "<group>"; };
		43B056AB1E0E4691007083E8 /* UnwindSegue.swift */ = {isa = PBXFileReference; fileEncoding = 4; lastKnownFileType = sourcecode.swift; path = UnwindSegue.swift; sourceTree = "<group>"; };
		43B056AE1E0E4691007083E8 /* SwiftWebViewProgress.swift */ = {isa = PBXFileReference; fileEncoding = 4; lastKnownFileType = sourcecode.swift; path = SwiftWebViewProgress.swift; sourceTree = "<group>"; };
		43B056AF1E0E4691007083E8 /* SwiftWebViewProgressView.swift */ = {isa = PBXFileReference; fileEncoding = 4; lastKnownFileType = sourcecode.swift; path = SwiftWebViewProgressView.swift; sourceTree = "<group>"; };
		43B056B11E0E4691007083E8 /* Info.plist */ = {isa = PBXFileReference; fileEncoding = 4; lastKnownFileType = text.plist.xml; path = Info.plist; sourceTree = "<group>"; };
		43B056B21E0E4691007083E8 /* SwiftyMarkdown.h */ = {isa = PBXFileReference; fileEncoding = 4; lastKnownFileType = sourcecode.c.h; path = SwiftyMarkdown.h; sourceTree = "<group>"; };
		43B056B31E0E4691007083E8 /* SwiftyMarkdown.swift */ = {isa = PBXFileReference; fileEncoding = 4; lastKnownFileType = sourcecode.swift; path = SwiftyMarkdown.swift; sourceTree = "<group>"; };
		43B056B51E0E4691007083E8 /* TSBaseParser.h */ = {isa = PBXFileReference; fileEncoding = 4; lastKnownFileType = sourcecode.c.h; path = TSBaseParser.h; sourceTree = "<group>"; };
		43B056B61E0E4691007083E8 /* TSBaseParser.m */ = {isa = PBXFileReference; fileEncoding = 4; lastKnownFileType = sourcecode.c.objc; path = TSBaseParser.m; sourceTree = "<group>"; };
		43B056B71E0E4691007083E8 /* TSMarkdownParser-Prefix.pch */ = {isa = PBXFileReference; fileEncoding = 4; lastKnownFileType = sourcecode.c.h; path = "TSMarkdownParser-Prefix.pch"; sourceTree = "<group>"; };
		43B056B81E0E4691007083E8 /* TSMarkdownParser.h */ = {isa = PBXFileReference; fileEncoding = 4; lastKnownFileType = sourcecode.c.h; path = TSMarkdownParser.h; sourceTree = "<group>"; };
		43B056B91E0E4691007083E8 /* TSMarkdownParser.m */ = {isa = PBXFileReference; fileEncoding = 4; lastKnownFileType = sourcecode.c.objc; path = TSMarkdownParser.m; sourceTree = "<group>"; };
		43B0570F1E0E71AD007083E8 /* SubmissionDataModelV1.swift */ = {isa = PBXFileReference; fileEncoding = 4; lastKnownFileType = sourcecode.swift; path = SubmissionDataModelV1.swift; sourceTree = "<group>"; };
		43B057111E0E7616007083E8 /* CommentDataModelV1.swift */ = {isa = PBXFileReference; fileEncoding = 4; lastKnownFileType = sourcecode.swift; path = CommentDataModelV1.swift; sourceTree = "<group>"; };
		43B057131E0E77A7007083E8 /* SubverseSearchResultDataModelV1.swift */ = {isa = PBXFileReference; fileEncoding = 4; lastKnownFileType = sourcecode.swift; path = SubverseSearchResultDataModelV1.swift; sourceTree = "<group>"; };
		43B057161E0E7943007083E8 /* SampleComments_legacy.txt */ = {isa = PBXFileReference; fileEncoding = 4; lastKnownFileType = text; path = SampleComments_legacy.txt; sourceTree = "<group>"; };
		43B057171E0E7943007083E8 /* SampleComments_v1.txt */ = {isa = PBXFileReference; fileEncoding = 4; lastKnownFileType = text; path = SampleComments_v1.txt; sourceTree = "<group>"; };
		43B057181E0E7943007083E8 /* SampleJsonSubmissions_legacy.txt */ = {isa = PBXFileReference; fileEncoding = 4; lastKnownFileType = text; path = SampleJsonSubmissions_legacy.txt; sourceTree = "<group>"; };
		43B057191E0E7943007083E8 /* SampleJsonSubmissions_v1.txt */ = {isa = PBXFileReference; fileEncoding = 4; lastKnownFileType = text; path = SampleJsonSubmissions_v1.txt; sourceTree = "<group>"; };
		43B0571A1E0E7943007083E8 /* SampleSubverseList_legacy.txt */ = {isa = PBXFileReference; fileEncoding = 4; lastKnownFileType = text; path = SampleSubverseList_legacy.txt; sourceTree = "<group>"; };
		43B0571B1E0E7943007083E8 /* SampleSubverseList_v1.txt */ = {isa = PBXFileReference; fileEncoding = 4; lastKnownFileType = text; path = SampleSubverseList_v1.txt; sourceTree = "<group>"; };
		43DF44551E089F1B00478AD9 /* VoatDataProvider.swift */ = {isa = PBXFileReference; fileEncoding = 4; lastKnownFileType = sourcecode.swift; path = VoatDataProvider.swift; sourceTree = "<group>"; };
		43DF44571E08A59200478AD9 /* Alamofire.framework */ = {isa = PBXFileReference; lastKnownFileType = wrapper.framework; name = Alamofire.framework; path = Carthage/Build/iOS/Alamofire.framework; sourceTree = "<group>"; };
		43DF44AB1E08B6B900478AD9 /* MarkdownParser.swift */ = {isa = PBXFileReference; fileEncoding = 4; lastKnownFileType = sourcecode.swift; path = MarkdownParser.swift; sourceTree = "<group>"; };
		43DF45301E09F04E00478AD9 /* ProgressIndicatorCell.swift */ = {isa = PBXFileReference; fileEncoding = 4; lastKnownFileType = sourcecode.swift; path = ProgressIndicatorCell.swift; sourceTree = "<group>"; };
		43DF45341E09F0A500478AD9 /* ProgressIndicatorCellViewModel.swift */ = {isa = PBXFileReference; fileEncoding = 4; lastKnownFileType = sourcecode.swift; path = ProgressIndicatorCellViewModel.swift; sourceTree = "<group>"; };
		43F674221DF11217001F83BE /* SubmissionCellViewViewModelBindingsTest.swift */ = {isa = PBXFileReference; fileEncoding = 4; lastKnownFileType = sourcecode.swift; path = SubmissionCellViewViewModelBindingsTest.swift; sourceTree = "<group>"; };
		43F674241DF114CD001F83BE /* Nimble.framework */ = {isa = PBXFileReference; lastKnownFileType = wrapper.framework; name = Nimble.framework; path = Carthage/Build/iOS/Nimble.framework; sourceTree = "<group>"; };
		43F674251DF114CD001F83BE /* Quick.framework */ = {isa = PBXFileReference; lastKnownFileType = wrapper.framework; name = Quick.framework; path = Carthage/Build/iOS/Quick.framework; sourceTree = "<group>"; };
		43F675131DF20078001F83BE /* SubmissionDataModelLegacy.swift */ = {isa = PBXFileReference; fileEncoding = 4; lastKnownFileType = sourcecode.swift; path = SubmissionDataModelLegacy.swift; sourceTree = "<group>"; };
		43F675141DF20078001F83BE /* SubmissionDataModelProtocol.swift */ = {isa = PBXFileReference; fileEncoding = 4; lastKnownFileType = sourcecode.swift; path = SubmissionDataModelProtocol.swift; sourceTree = "<group>"; };
		43F675161DF20078001F83BE /* DataProviderType.swift */ = {isa = PBXFileReference; fileEncoding = 4; lastKnownFileType = sourcecode.swift; path = DataProviderType.swift; sourceTree = "<group>"; };
		43F675171DF20078001F83BE /* OfflineDataProvider.swift */ = {isa = PBXFileReference; fileEncoding = 4; lastKnownFileType = sourcecode.swift; path = OfflineDataProvider.swift; sourceTree = "<group>"; };
		43F675191DF20078001F83BE /* SFXManager.swift */ = {isa = PBXFileReference; fileEncoding = 4; lastKnownFileType = sourcecode.swift; path = SFXManager.swift; sourceTree = "<group>"; };
		43F6751A1DF20078001F83BE /* SFXManagerDummy.swift */ = {isa = PBXFileReference; fileEncoding = 4; lastKnownFileType = sourcecode.swift; path = SFXManagerDummy.swift; sourceTree = "<group>"; };
		43F6751B1DF20078001F83BE /* SFXManagerType.swift */ = {isa = PBXFileReference; fileEncoding = 4; lastKnownFileType = sourcecode.swift; path = SFXManagerType.swift; sourceTree = "<group>"; };
		43F6751D1DF20078001F83BE /* SubverseViewController.swift */ = {isa = PBXFileReference; fileEncoding = 4; lastKnownFileType = sourcecode.swift; path = SubverseViewController.swift; sourceTree = "<group>"; };
		43F6751E1DF20078001F83BE /* TabBarController.swift */ = {isa = PBXFileReference; fileEncoding = 4; lastKnownFileType = sourcecode.swift; path = TabBarController.swift; sourceTree = "<group>"; };
		43F6752F1DF2050B001F83BE /* SubCellViewModelDataModelTest.swift */ = {isa = PBXFileReference; fileEncoding = 4; lastKnownFileType = sourcecode.swift; path = SubCellViewModelDataModelTest.swift; sourceTree = "<group>"; };
		43F9A0291DEA3AE0001EB1FC /* Verion.app */ = {isa = PBXFileReference; explicitFileType = wrapper.application; includeInIndex = 0; path = Verion.app; sourceTree = BUILT_PRODUCTS_DIR; };
		43F9A02C1DEA3AE0001EB1FC /* AppDelegate.swift */ = {isa = PBXFileReference; lastKnownFileType = sourcecode.swift; path = AppDelegate.swift; sourceTree = "<group>"; };
		43F9A0361DEA3AE0001EB1FC /* Base */ = {isa = PBXFileReference; lastKnownFileType = file.storyboard; name = Base; path = Base.lproj/LaunchScreen.storyboard; sourceTree = "<group>"; };
		43F9A0381DEA3AE0001EB1FC /* Info.plist */ = {isa = PBXFileReference; lastKnownFileType = text.plist.xml; path = Info.plist; sourceTree = "<group>"; };
		43F9A03D1DEA3AE0001EB1FC /* VerionTests.xctest */ = {isa = PBXFileReference; explicitFileType = wrapper.cfbundle; includeInIndex = 0; path = VerionTests.xctest; sourceTree = BUILT_PRODUCTS_DIR; };
		43F9A0411DEA3AE0001EB1FC /* VerionTests.swift */ = {isa = PBXFileReference; lastKnownFileType = sourcecode.swift; path = VerionTests.swift; sourceTree = "<group>"; };
		43F9A0431DEA3AE0001EB1FC /* Info.plist */ = {isa = PBXFileReference; lastKnownFileType = text.plist.xml; path = Info.plist; sourceTree = "<group>"; };
		43F9A04D1DEA3C26001EB1FC /* Swinject.framework */ = {isa = PBXFileReference; lastKnownFileType = wrapper.framework; name = Swinject.framework; path = Carthage/Build/iOS/Swinject.framework; sourceTree = "<group>"; };
		43F9A04E1DEA3C26001EB1FC /* SwinjectStoryboard.framework */ = {isa = PBXFileReference; lastKnownFileType = wrapper.framework; name = SwinjectStoryboard.framework; path = Carthage/Build/iOS/SwinjectStoryboard.framework; sourceTree = "<group>"; };
/* End PBXFileReference section */

/* Begin PBXFrameworksBuildPhase section */
		43F9A0261DEA3ADF001EB1FC /* Frameworks */ = {
			isa = PBXFrameworksBuildPhase;
			buildActionMask = 2147483647;
			files = (
				43ABEB8E1E13803300458E3D /* SystemConfiguration.framework in Frameworks */,
				43ABEB8C1E13802B00458E3D /* Security.framework in Frameworks */,
				43DF44581E08A59200478AD9 /* Alamofire.framework in Frameworks */,
				43ABEB9E1E14C57800458E3D /* GoogleMobileAds.framework in Frameworks */,
				4375BFC21DF33EFB00576CC6 /* SwiftyJSON.framework in Frameworks */,
				43F9A04F1DEA3C26001EB1FC /* Swinject.framework in Frameworks */,
				43F9A0501DEA3C26001EB1FC /* SwinjectStoryboard.framework in Frameworks */,
				4375C0011DF62F6700576CC6 /* NVActivityIndicatorView.framework in Frameworks */,
				4300A0C11DF0EF0A00497FE4 /* Bond.framework in Frameworks */,
				4300A0C21DF0EF0A00497FE4 /* ReactiveKit.framework in Frameworks */,
				43ABEB881E137FA300458E3D /* libFlurry_7.8.2.a in Frameworks */,
			);
			runOnlyForDeploymentPostprocessing = 0;
		};
		43F9A03A1DEA3AE0001EB1FC /* Frameworks */ = {
			isa = PBXFrameworksBuildPhase;
			buildActionMask = 2147483647;
			files = (
				432564BA1DEED077001B943A /* Swinject.framework in Frameworks */,
				432564BB1DEED077001B943A /* SwinjectStoryboard.framework in Frameworks */,
				43F674261DF114CD001F83BE /* Nimble.framework in Frameworks */,
				43F674271DF114CD001F83BE /* Quick.framework in Frameworks */,
			);
			runOnlyForDeploymentPostprocessing = 0;
		};
/* End PBXFrameworksBuildPhase section */

/* Begin PBXGroup section */
		43433D8F1E057E620017FAB0 /* Views+ViewModels */ = {
			isa = PBXGroup;
			children = (
				43B0566C1E0D3F6B007083E8 /* LeftMenuVCViews */,
				43433D901E057E620017FAB0 /* CommentsVCViews */,
				43433D9E1E057E620017FAB0 /* FindSubverseVCViews */,
				43433D9F1E057E620017FAB0 /* SubverseVCViews */,
			);
			path = "Views+ViewModels";
			sourceTree = "<group>";
		};
		43433D901E057E620017FAB0 /* CommentsVCViews */ = {
			isa = PBXGroup;
			children = (
				43433D911E057E620017FAB0 /* ActivityIndicatorCell.swift */,
				432B77761E12272A00457F2C /* ActivityIndicatorCellViewModel.swift */,
				43DF45301E09F04E00478AD9 /* ProgressIndicatorCell.swift */,
				43DF45341E09F0A500478AD9 /* ProgressIndicatorCellViewModel.swift */,
				43433D921E057E620017FAB0 /* CommentCell.swift */,
				43433D931E057E620017FAB0 /* CommentCellViewModel.swift */,
				43433D941E057E620017FAB0 /* CommentsSortByCell.swift */,
				43433D951E057E620017FAB0 /* CommentsSortByCellViewModel.swift */,
				43433D961E057E620017FAB0 /* SubmissionImageCell.swift */,
				43433D971E057E620017FAB0 /* SubmissionImageCellViewModel.swift */,
				43433D981E057E620017FAB0 /* SubmissionLinkCell.swift */,
				43433D991E057E620017FAB0 /* SubmissionLinkCellViewModel.swift */,
				43433D9A1E057E620017FAB0 /* SubmissionTextCell.swift */,
				43433D9B1E057E620017FAB0 /* SubmissionTextCellViewModel.swift */,
				43433D9C1E057E620017FAB0 /* SubmissionTitleCell.swift */,
				43433D9D1E057E620017FAB0 /* SubmissionTitleCellViewModel.swift */,
			);
			path = CommentsVCViews;
			sourceTree = "<group>";
		};
		43433D9E1E057E620017FAB0 /* FindSubverseVCViews */ = {
			isa = PBXGroup;
			children = (
				43433DB11E0581510017FAB0 /* SubverseSearchResultCell.swift */,
				43433DB31E0582420017FAB0 /* SubverseSearchResultCellViewModel.swift */,
			);
			path = FindSubverseVCViews;
			sourceTree = "<group>";
		};
		43433D9F1E057E620017FAB0 /* SubverseVCViews */ = {
			isa = PBXGroup;
			children = (
				43433DA01E057E620017FAB0 /* SubmissionCell.swift */,
				43433DA11E057E620017FAB0 /* SubmissionCellViewModel.swift */,
			);
			path = SubverseVCViews;
			sourceTree = "<group>";
		};
		4375BFCB1DF5D43900576CC6 /* CustomControls */ = {
			isa = PBXGroup;
			children = (
				4375BFCC1DF5D45400576CC6 /* SubverseRefreshControl.swift */,
				4375C08D1E01317F00576CC6 /* ActivityIndicatorProvider.swift */,
			);
			path = CustomControls;
			sourceTree = "<group>";
		};
		43ABEB7D1E137FA300458E3D /* Flurry */ = {
			isa = PBXGroup;
			children = (
				43ABEB7E1E137FA300458E3D /* Flurry.h */,
				43ABEB7F1E137FA300458E3D /* FlurryEmpty.m */,
				43ABEB801E137FA300458E3D /* FlurrySessionBuilder.h */,
				43ABEB811E137FA300458E3D /* FlurryWatch.h */,
				43ABEB821E137FA300458E3D /* FlurryWatchEmpty.m */,
				43ABEB831E137FA300458E3D /* libFlurry_7.8.2.a */,
			);
			path = Flurry;
			sourceTree = "<group>";
		};
		43ABEB8F1E13914B00458E3D /* Analytics */ = {
			isa = PBXGroup;
			children = (
				43ABEB901E1391B000458E3D /* AnalyticsManagerProtocol.swift */,
				43ABEB921E13924700458E3D /* AnalyticsManager.swift */,
				43ABEB9A1E148FDA00458E3D /* AnalyticsEvents.swift */,
			);
			path = Analytics;
			sourceTree = "<group>";
		};
		43ABEB9C1E14C57800458E3D /* Admob */ = {
			isa = PBXGroup;
			children = (
				43ABEB9D1E14C57800458E3D /* GoogleMobileAds.framework */,
			);
			path = Admob;
			sourceTree = "<group>";
		};
		43ABEBA21E14E42C00458E3D /* Ads+IAPs */ = {
			isa = PBXGroup;
			children = (
				43ABEBA31E14E42C00458E3D /* AdManager.swift */,
				43ABEBAB1E14E68C00458E3D /* InAppPurchaseManager.swift */,
				43ABEC1B1E14FB8500458E3D /* VerionProductIds.swift */,
			);
			path = "Ads+IAPs";
			sourceTree = "<group>";
		};
		43ABEBAD1E14EF3000458E3D /* RMStore */ = {
			isa = PBXGroup;
			children = (
				43ABEC0E1E14EF3000458E3D /* RMStore.h */,
				43ABEC0F1E14EF3000458E3D /* RMStore.m */,
			);
			path = RMStore;
			sourceTree = "<group>";
		};
		43B0566C1E0D3F6B007083E8 /* LeftMenuVCViews */ = {
			isa = PBXGroup;
			children = (
				43B0566D1E0D3F8C007083E8 /* SubverseCell.swift */,
				43B0566F1E0D3FA0007083E8 /* SubverseCellViewModel.swift */,
			);
			path = LeftMenuVCViews;
			sourceTree = "<group>";
		};
		43B056711E0D4132007083E8 /* DataAccess */ = {
			isa = PBXGroup;
			children = (
				43B056721E0D416C007083E8 /* DataManagerProtocol.swift */,
				43B0567E1E0D5FD3007083E8 /* DataManagerHelper.swift */,
				43B0567C1E0D5F88007083E8 /* VerionDataManager.swift */,
			);
			path = DataAccess;
			sourceTree = "<group>";
		};
		43B056821E0E4691007083E8 /* Libraries */ = {
			isa = PBXGroup;
			children = (
				43ABEBAD1E14EF3000458E3D /* RMStore */,
				43ABEB9C1E14C57800458E3D /* Admob */,
				43ABEB7D1E137FA300458E3D /* Flurry */,
				43B056831E0E4691007083E8 /* FLAnimatedImage */,
				43B056891E0E4691007083E8 /* SlideMenuControllerSwift */,
				43B0568D1E0E4691007083E8 /* Spring */,
				43B056AC1E0E4691007083E8 /* SwiftGifCommon */,
				43B056AD1E0E4691007083E8 /* SwiftWebViewProgress */,
				43B056B01E0E4691007083E8 /* SwiftyMarkdown */,
				43B056B41E0E4691007083E8 /* TSMarkdownParser */,
				43B056BA1E0E4691007083E8 /* UIImage+animatedGIF */,
			);
			path = Libraries;
			sourceTree = "<group>";
		};
		43B056831E0E4691007083E8 /* FLAnimatedImage */ = {
			isa = PBXGroup;
			children = (
				43B056841E0E4691007083E8 /* FLAnimatedImage.h */,
				43B056851E0E4691007083E8 /* FLAnimatedImage.m */,
				43B056861E0E4691007083E8 /* FLAnimatedImageView.h */,
				43B056871E0E4691007083E8 /* FLAnimatedImageView.m */,
				43B056881E0E4691007083E8 /* Info.plist */,
			);
			path = FLAnimatedImage;
			sourceTree = "<group>";
		};
		43B056891E0E4691007083E8 /* SlideMenuControllerSwift */ = {
			isa = PBXGroup;
			children = (
				43B0568A1E0E4691007083E8 /* Info.plist */,
				43B0568B1E0E4691007083E8 /* SlideMenuController.swift */,
				43B0568C1E0E4691007083E8 /* SlideMenuControllerSwift.h */,
			);
			path = SlideMenuControllerSwift;
			sourceTree = "<group>";
		};
		43B0568D1E0E4691007083E8 /* Spring */ = {
			isa = PBXGroup;
			children = (
				43B0568E1E0E4691007083E8 /* AsyncButton.swift */,
				43B0568F1E0E4691007083E8 /* AsyncImageView.swift */,
				43B056901E0E4691007083E8 /* AutoTextView.swift */,
				43B056911E0E4691007083E8 /* BlurView.swift */,
				43B056921E0E4691007083E8 /* DesignableButton.swift */,
				43B056931E0E4691007083E8 /* DesignableImageView.swift */,
				43B056941E0E4691007083E8 /* DesignableLabel.swift */,
				43B056951E0E4691007083E8 /* DesignableTabBarController.swift */,
				43B056961E0E4691007083E8 /* DesignableTextField.swift */,
				43B056971E0E4691007083E8 /* DesignableTextView.swift */,
				43B056981E0E4691007083E8 /* DesignableView.swift */,
				43B056991E0E4691007083E8 /* ImageLoader.swift */,
				43B0569A1E0E4691007083E8 /* Info.plist */,
				43B0569B1E0E4691007083E8 /* KeyboardLayoutConstraint.swift */,
				43B0569C1E0E4691007083E8 /* LoadingView.swift */,
				43B0569D1E0E4691007083E8 /* LoadingView.xib */,
				43B0569E1E0E4691007083E8 /* Misc.swift */,
				43B0569F1E0E4691007083E8 /* SoundPlayer.swift */,
				43B056A01E0E4691007083E8 /* Spring.h */,
				43B056A11E0E4691007083E8 /* Spring.swift */,
				43B056A21E0E4691007083E8 /* SpringAnimation.swift */,
				43B056A31E0E4691007083E8 /* SpringButton.swift */,
				43B056A41E0E4691007083E8 /* SpringImageView.swift */,
				43B056A51E0E4691007083E8 /* SpringLabel.swift */,
				43B056A61E0E4691007083E8 /* SpringTextField.swift */,
				43B056A71E0E4691007083E8 /* SpringTextView.swift */,
				43B056A81E0E4691007083E8 /* SpringView.swift */,
				43B056A91E0E4691007083E8 /* TransitionManager.swift */,
				43B056AA1E0E4691007083E8 /* TransitionZoom.swift */,
				43B056AB1E0E4691007083E8 /* UnwindSegue.swift */,
			);
			path = Spring;
			sourceTree = "<group>";
		};
		43B056AC1E0E4691007083E8 /* SwiftGifCommon */ = {
			isa = PBXGroup;
			children = (
			);
			path = SwiftGifCommon;
			sourceTree = "<group>";
		};
		43B056AD1E0E4691007083E8 /* SwiftWebViewProgress */ = {
			isa = PBXGroup;
			children = (
				43B056AE1E0E4691007083E8 /* SwiftWebViewProgress.swift */,
				43B056AF1E0E4691007083E8 /* SwiftWebViewProgressView.swift */,
			);
			path = SwiftWebViewProgress;
			sourceTree = "<group>";
		};
		43B056B01E0E4691007083E8 /* SwiftyMarkdown */ = {
			isa = PBXGroup;
			children = (
				43B056B11E0E4691007083E8 /* Info.plist */,
				43B056B21E0E4691007083E8 /* SwiftyMarkdown.h */,
				43B056B31E0E4691007083E8 /* SwiftyMarkdown.swift */,
			);
			path = SwiftyMarkdown;
			sourceTree = "<group>";
		};
		43B056B41E0E4691007083E8 /* TSMarkdownParser */ = {
			isa = PBXGroup;
			children = (
				43B056B51E0E4691007083E8 /* TSBaseParser.h */,
				43B056B61E0E4691007083E8 /* TSBaseParser.m */,
				43B056B71E0E4691007083E8 /* TSMarkdownParser-Prefix.pch */,
				43B056B81E0E4691007083E8 /* TSMarkdownParser.h */,
				43B056B91E0E4691007083E8 /* TSMarkdownParser.m */,
			);
			path = TSMarkdownParser;
			sourceTree = "<group>";
		};
		43B056BA1E0E4691007083E8 /* UIImage+animatedGIF */ = {
			isa = PBXGroup;
			children = (
			);
			path = "UIImage+animatedGIF";
			sourceTree = "<group>";
		};
		43B057151E0E7943007083E8 /* Resources */ = {
			isa = PBXGroup;
			children = (
				43B057161E0E7943007083E8 /* SampleComments_legacy.txt */,
				43B057171E0E7943007083E8 /* SampleComments_v1.txt */,
				43B057181E0E7943007083E8 /* SampleJsonSubmissions_legacy.txt */,
				43B057191E0E7943007083E8 /* SampleJsonSubmissions_v1.txt */,
				43B0571A1E0E7943007083E8 /* SampleSubverseList_legacy.txt */,
				43B0571B1E0E7943007083E8 /* SampleSubverseList_v1.txt */,
			);
			path = Resources;
			sourceTree = "<group>";
		};
		43F675111DF20078001F83BE /* Source */ = {
			isa = PBXGroup;
			children = (
				43ABEBA21E14E42C00458E3D /* Ads+IAPs */,
				43ABEB8F1E13914B00458E3D /* Analytics */,
				43B056821E0E4691007083E8 /* Libraries */,
				4375BFCB1DF5D43900576CC6 /* CustomControls */,
				43B056711E0D4132007083E8 /* DataAccess */,
				43F675121DF20078001F83BE /* DataModels */,
				43F675151DF20078001F83BE /* Networking */,
				43F675181DF20078001F83BE /* SFX */,
				43F9A05B1DEA67A1001EB1FC /* Storyboards */,
				43F6751C1DF20078001F83BE /* ViewControllers */,
				43433D8F1E057E620017FAB0 /* Views+ViewModels */,
			);
			path = Source;
			sourceTree = "<group>";
		};
		43F675121DF20078001F83BE /* DataModels */ = {
			isa = PBXGroup;
			children = (
				43F675131DF20078001F83BE /* SubmissionDataModelLegacy.swift */,
				43B0570F1E0E71AD007083E8 /* SubmissionDataModelV1.swift */,
				43F675141DF20078001F83BE /* SubmissionDataModelProtocol.swift */,
				4375C0751DF8A3B700576CC6 /* CommentDataModelProtocol.swift */,
				43A359411E06681E006994F3 /* CommentDataModelLegacy.swift */,
				43B057111E0E7616007083E8 /* CommentDataModelV1.swift */,
				43433DBE1E059FE70017FAB0 /* SubverseSearchResultDataModelProtocol.swift */,
				43433DC01E05A0040017FAB0 /* SubverseSearchResultDataModelLegacy.swift */,
				43B057131E0E77A7007083E8 /* SubverseSearchResultDataModelV1.swift */,
				4375BFC51DF3737F00576CC6 /* SubmissionType.swift */,
				4375C08B1E011F8E00576CC6 /* SortType.swift */,
				43B056741E0D4272007083E8 /* VerionDataModel.swift */,
				432B777A1E12357700457F2C /* SubmissionsRequestParams.swift */,
			);
			path = DataModels;
			sourceTree = "<group>";
		};
		43F675151DF20078001F83BE /* Networking */ = {
			isa = PBXGroup;
			children = (
				43F675161DF20078001F83BE /* DataProviderType.swift */,
				43F675171DF20078001F83BE /* OfflineDataProvider.swift */,
				43DF44551E089F1B00478AD9 /* VoatDataProvider.swift */,
				43433D781E0272860017FAB0 /* DataProviderHelper.swift */,
				4375BFBC1DF30F5F00576CC6 /* APIVersion.swift */,
				4375BFC71DF3EDC300576CC6 /* Delayer.swift */,
				43433D7A1E027FD00017FAB0 /* ImageDownloader.swift */,
			);
			path = Networking;
			sourceTree = "<group>";
		};
		43F675181DF20078001F83BE /* SFX */ = {
			isa = PBXGroup;
			children = (
				43F675191DF20078001F83BE /* SFXManager.swift */,
				43F6751A1DF20078001F83BE /* SFXManagerDummy.swift */,
				43F6751B1DF20078001F83BE /* SFXManagerType.swift */,
				4375BFC31DF3614E00576CC6 /* NSMutableAttributedString+Bold.swift */,
				43433D7C1E02B8750017FAB0 /* SubmissionTextFormatter.swift */,
				43433D7E1E03C8290017FAB0 /* CellHeightCalculator.swift */,
				43DF44AB1E08B6B900478AD9 /* MarkdownParser.swift */,
			);
			path = SFX;
			sourceTree = "<group>";
		};
		43F6751C1DF20078001F83BE /* ViewControllers */ = {
			isa = PBXGroup;
			children = (
				43F6751D1DF20078001F83BE /* SubverseViewController.swift */,
				4375C0411DF7524700576CC6 /* CommentsViewController.swift */,
				43433D8D1E057C160017FAB0 /* FindSubverseViewController.swift */,
				43B056621E0D1CDA007083E8 /* SlideController.swift */,
				43B056681E0D21F4007083E8 /* LeftMenuController.swift */,
				43F6751E1DF20078001F83BE /* TabBarController.swift */,
			);
			path = ViewControllers;
			sourceTree = "<group>";
		};
		43F9A0201DEA3ADF001EB1FC = {
			isa = PBXGroup;
			children = (
				43F9A02B1DEA3AE0001EB1FC /* Verion */,
				43F9A0401DEA3AE0001EB1FC /* VerionTests */,
				43F9A02A1DEA3AE0001EB1FC /* Products */,
				43F9A04C1DEA3C26001EB1FC /* Frameworks */,
			);
			sourceTree = "<group>";
		};
		43F9A02A1DEA3AE0001EB1FC /* Products */ = {
			isa = PBXGroup;
			children = (
				43F9A0291DEA3AE0001EB1FC /* Verion.app */,
				43F9A03D1DEA3AE0001EB1FC /* VerionTests.xctest */,
			);
			name = Products;
			sourceTree = "<group>";
		};
		43F9A02B1DEA3AE0001EB1FC /* Verion */ = {
			isa = PBXGroup;
			children = (
				43F9A02C1DEA3AE0001EB1FC /* AppDelegate.swift */,
				43433D881E03DD570017FAB0 /* Verion-Bridging-Header.h */,
				43B057151E0E7943007083E8 /* Resources */,
				43F675111DF20078001F83BE /* Source */,
				43F9A0351DEA3AE0001EB1FC /* LaunchScreen.storyboard */,
				43ABEB7B1E137F2300458E3D /* Assets.xcassets */,
				43F9A0381DEA3AE0001EB1FC /* Info.plist */,
			);
			path = Verion;
			sourceTree = "<group>";
		};
		43F9A0401DEA3AE0001EB1FC /* VerionTests */ = {
			isa = PBXGroup;
			children = (
				43F9A0411DEA3AE0001EB1FC /* VerionTests.swift */,
				43F674221DF11217001F83BE /* SubmissionCellViewViewModelBindingsTest.swift */,
				43F6752F1DF2050B001F83BE /* SubCellViewModelDataModelTest.swift */,
				43B056801E0D6AFE007083E8 /* DataManagerTest.swift */,
				43F9A0431DEA3AE0001EB1FC /* Info.plist */,
			);
			path = VerionTests;
			sourceTree = "<group>";
		};
		43F9A04C1DEA3C26001EB1FC /* Frameworks */ = {
			isa = PBXGroup;
			children = (
				43ABEB8D1E13803300458E3D /* SystemConfiguration.framework */,
				43ABEB8B1E13802B00458E3D /* Security.framework */,
				43DF44571E08A59200478AD9 /* Alamofire.framework */,
				4375C0001DF62F6700576CC6 /* NVActivityIndicatorView.framework */,
				4375BFC11DF33EFB00576CC6 /* SwiftyJSON.framework */,
				43F674241DF114CD001F83BE /* Nimble.framework */,
				43F674251DF114CD001F83BE /* Quick.framework */,
				4300A0BF1DF0EF0A00497FE4 /* Bond.framework */,
				4300A0C01DF0EF0A00497FE4 /* ReactiveKit.framework */,
				43F9A04D1DEA3C26001EB1FC /* Swinject.framework */,
				43F9A04E1DEA3C26001EB1FC /* SwinjectStoryboard.framework */,
			);
			name = Frameworks;
			sourceTree = "<group>";
		};
		43F9A05B1DEA67A1001EB1FC /* Storyboards */ = {
			isa = PBXGroup;
			children = (
				432564381DECAE8F001B943A /* Subverse.storyboard */,
				4375C03F1DF74B1700576CC6 /* Comments.storyboard */,
				43433D8B1E0575040017FAB0 /* FindSubverse.storyboard */,
				43B0565E1E0D1AA3007083E8 /* SliderController.storyboard */,
				43B0566A1E0D2296007083E8 /* LeftMenu.storyboard */,
				432564B51DEEB798001B943A /* TabController.storyboard */,
			);
			name = Storyboards;
			path = ../Storyboards;
			sourceTree = "<group>";
		};
/* End PBXGroup section */

/* Begin PBXNativeTarget section */
		43F9A0281DEA3ADF001EB1FC /* Verion */ = {
			isa = PBXNativeTarget;
			buildConfigurationList = 43F9A0461DEA3AE0001EB1FC /* Build configuration list for PBXNativeTarget "Verion" */;
			buildPhases = (
				43F9A0251DEA3ADF001EB1FC /* Sources */,
				43F9A0261DEA3ADF001EB1FC /* Frameworks */,
				43F9A0271DEA3ADF001EB1FC /* Resources */,
				43F9A0521DEA3CD8001EB1FC /* ShellScript */,
			);
			buildRules = (
			);
			dependencies = (
			);
			name = Verion;
			productName = Verion;
			productReference = 43F9A0291DEA3AE0001EB1FC /* Verion.app */;
			productType = "com.apple.product-type.application";
		};
		43F9A03C1DEA3AE0001EB1FC /* VerionTests */ = {
			isa = PBXNativeTarget;
			buildConfigurationList = 43F9A0491DEA3AE0001EB1FC /* Build configuration list for PBXNativeTarget "VerionTests" */;
			buildPhases = (
				43F9A0391DEA3AE0001EB1FC /* Sources */,
				43F9A03A1DEA3AE0001EB1FC /* Frameworks */,
				43F9A03B1DEA3AE0001EB1FC /* Resources */,
				43F674281DF11BA6001F83BE /* ShellScript */,
			);
			buildRules = (
			);
			dependencies = (
				43F9A03F1DEA3AE0001EB1FC /* PBXTargetDependency */,
			);
			name = VerionTests;
			productName = VerionTests;
			productReference = 43F9A03D1DEA3AE0001EB1FC /* VerionTests.xctest */;
			productType = "com.apple.product-type.bundle.unit-test";
		};
/* End PBXNativeTarget section */

/* Begin PBXProject section */
		43F9A0211DEA3ADF001EB1FC /* Project object */ = {
			isa = PBXProject;
			attributes = {
				LastSwiftUpdateCheck = 0810;
				LastUpgradeCheck = 0820;
				ORGANIZATIONNAME = "Workhorse Bytes";
				TargetAttributes = {
					43F9A0281DEA3ADF001EB1FC = {
						CreatedOnToolsVersion = 8.1;
						DevelopmentTeam = EZ3EL33ZBM;
						ProvisioningStyle = Manual;
					};
					43F9A03C1DEA3AE0001EB1FC = {
						CreatedOnToolsVersion = 8.1;
						DevelopmentTeam = EZ3EL33ZBM;
						ProvisioningStyle = Automatic;
						TestTargetID = 43F9A0281DEA3ADF001EB1FC;
					};
				};
			};
			buildConfigurationList = 43F9A0241DEA3ADF001EB1FC /* Build configuration list for PBXProject "Verion" */;
			compatibilityVersion = "Xcode 3.2";
			developmentRegion = English;
			hasScannedForEncodings = 0;
			knownRegions = (
				en,
				Base,
			);
			mainGroup = 43F9A0201DEA3ADF001EB1FC;
			productRefGroup = 43F9A02A1DEA3AE0001EB1FC /* Products */;
			projectDirPath = "";
			projectRoot = "";
			targets = (
				43F9A0281DEA3ADF001EB1FC /* Verion */,
				43F9A03C1DEA3AE0001EB1FC /* VerionTests */,
			);
		};
/* End PBXProject section */

/* Begin PBXResourcesBuildPhase section */
		43F9A0271DEA3ADF001EB1FC /* Resources */ = {
			isa = PBXResourcesBuildPhase;
			buildActionMask = 2147483647;
			files = (
				43B056CC1E0E4691007083E8 /* Info.plist in Resources */,
				43B0571D1E0E7943007083E8 /* SampleComments_v1.txt in Resources */,
				43B057211E0E7943007083E8 /* SampleSubverseList_v1.txt in Resources */,
				43ABEB7C1E137F2300458E3D /* Assets.xcassets in Resources */,
				4375C0401DF74B1700576CC6 /* Comments.storyboard in Resources */,
				43B0571C1E0E7943007083E8 /* SampleComments_legacy.txt in Resources */,
				43B056DF1E0E4691007083E8 /* Info.plist in Resources */,
				43F9A0371DEA3AE0001EB1FC /* LaunchScreen.storyboard in Resources */,
				43B057201E0E7943007083E8 /* SampleSubverseList_legacy.txt in Resources */,
				43B0571E1E0E7943007083E8 /* SampleJsonSubmissions_legacy.txt in Resources */,
				43B056BD1E0E4691007083E8 /* Info.plist in Resources */,
				43B056BE1E0E4691007083E8 /* Info.plist in Resources */,
				43433D8C1E0575040017FAB0 /* FindSubverse.storyboard in Resources */,
				43B056CF1E0E4691007083E8 /* LoadingView.xib in Resources */,
				43B0565F1E0D1AA3007083E8 /* SliderController.storyboard in Resources */,
				432564B61DEEB798001B943A /* TabController.storyboard in Resources */,
				432564391DECAE8F001B943A /* Subverse.storyboard in Resources */,
				43B0571F1E0E7943007083E8 /* SampleJsonSubmissions_v1.txt in Resources */,
				43B0566B1E0D2296007083E8 /* LeftMenu.storyboard in Resources */,
			);
			runOnlyForDeploymentPostprocessing = 0;
		};
		43F9A03B1DEA3AE0001EB1FC /* Resources */ = {
			isa = PBXResourcesBuildPhase;
			buildActionMask = 2147483647;
			files = (
			);
			runOnlyForDeploymentPostprocessing = 0;
		};
/* End PBXResourcesBuildPhase section */

/* Begin PBXShellScriptBuildPhase section */
		43F674281DF11BA6001F83BE /* ShellScript */ = {
			isa = PBXShellScriptBuildPhase;
			buildActionMask = 2147483647;
			files = (
			);
			inputPaths = (
				"$(SRCROOT)/Carthage/Build/iOS/Nimble.framework",
				"$(SRCROOT)/Carthage/Build/iOS/Quick.framework",
			);
			outputPaths = (
			);
			runOnlyForDeploymentPostprocessing = 0;
			shellPath = /bin/sh;
			shellScript = "/usr/local/bin/carthage copy-frameworks";
		};
		43F9A0521DEA3CD8001EB1FC /* ShellScript */ = {
			isa = PBXShellScriptBuildPhase;
			buildActionMask = 2147483647;
			files = (
			);
			inputPaths = (
				"$(SRCROOT)/Carthage/Build/iOS/Swinject.framework",
				"$(SRCROOT)/Carthage/Build/iOS/SwinjectStoryboard.framework",
				"$(SRCROOT)/Carthage/Build/iOS/Bond.framework",
				"$(SRCROOT)/Carthage/Build/iOS/ReactiveKit.framework",
				"$(SRCROOT)/Carthage/Build/iOS/SwiftyJSON.framework",
				"$(SRCROOT)/Carthage/Build/iOS/NVActivityIndicatorView.framework",
				"$(SRCROOT)/Carthage/Build/iOS/Alamofire.framework",
			);
			outputPaths = (
			);
			runOnlyForDeploymentPostprocessing = 0;
			shellPath = /bin/sh;
			shellScript = "/usr/local/bin/carthage copy-frameworks";
		};
/* End PBXShellScriptBuildPhase section */

/* Begin PBXSourcesBuildPhase section */
		43F9A0251DEA3ADF001EB1FC /* Sources */ = {
			isa = PBXSourcesBuildPhase;
			buildActionMask = 2147483647;
			files = (
				4375BFCD1DF5D45400576CC6 /* SubverseRefreshControl.swift in Sources */,
				43B056731E0D416C007083E8 /* DataManagerProtocol.swift in Sources */,
				43F675261DF20078001F83BE /* OfflineDataProvider.swift in Sources */,
				43B056C21E0E4691007083E8 /* AutoTextView.swift in Sources */,
				43433DAE1E057E620017FAB0 /* SubmissionTitleCellViewModel.swift in Sources */,
				43B056CE1E0E4691007083E8 /* LoadingView.swift in Sources */,
				43433DB41E0582420017FAB0 /* SubverseSearchResultCellViewModel.swift in Sources */,
				43433DB21E0581510017FAB0 /* SubverseSearchResultCell.swift in Sources */,
				43433DA61E057E620017FAB0 /* CommentsSortByCellViewModel.swift in Sources */,
				43ABEB871E137FA300458E3D /* FlurryWatchEmpty.m in Sources */,
				43F675251DF20078001F83BE /* DataProviderType.swift in Sources */,
				43ABEC1A1E14EF3000458E3D /* RMStore.m in Sources */,
				43433DAA1E057E620017FAB0 /* SubmissionLinkCellViewModel.swift in Sources */,
				43B056DB1E0E4691007083E8 /* TransitionZoom.swift in Sources */,
				43433D791E0272860017FAB0 /* DataProviderHelper.swift in Sources */,
				432B777B1E12357700457F2C /* SubmissionsRequestParams.swift in Sources */,
				43433DB01E057E620017FAB0 /* SubmissionCellViewModel.swift in Sources */,
				43433DAC1E057E620017FAB0 /* SubmissionTextCellViewModel.swift in Sources */,
				4375C0421DF7524700576CC6 /* CommentsViewController.swift in Sources */,
				43B056D61E0E4691007083E8 /* SpringLabel.swift in Sources */,
				43B056D31E0E4691007083E8 /* SpringAnimation.swift in Sources */,
				43B057121E0E7616007083E8 /* CommentDataModelV1.swift in Sources */,
				43B056D91E0E4691007083E8 /* SpringView.swift in Sources */,
				43B056CB1E0E4691007083E8 /* ImageLoader.swift in Sources */,
				43B056D51E0E4691007083E8 /* SpringImageView.swift in Sources */,
				43B0567F1E0D5FD3007083E8 /* DataManagerHelper.swift in Sources */,
				4375C0761DF8A3B700576CC6 /* CommentDataModelProtocol.swift in Sources */,
				43B056751E0D4272007083E8 /* VerionDataModel.swift in Sources */,
				43B056DC1E0E4691007083E8 /* UnwindSegue.swift in Sources */,
				43B056C91E0E4691007083E8 /* DesignableTextView.swift in Sources */,
				43433DAF1E057E620017FAB0 /* SubmissionCell.swift in Sources */,
				43B0566E1E0D3F8C007083E8 /* SubverseCell.swift in Sources */,
				43B056BC1E0E4691007083E8 /* FLAnimatedImageView.m in Sources */,
				43433D7B1E027FD00017FAB0 /* ImageDownloader.swift in Sources */,
				43B056E11E0E4691007083E8 /* TSBaseParser.m in Sources */,
				43B056D81E0E4691007083E8 /* SpringTextView.swift in Sources */,
				43F675231DF20078001F83BE /* SubmissionDataModelLegacy.swift in Sources */,
				43433D7F1E03C8290017FAB0 /* CellHeightCalculator.swift in Sources */,
				43B057141E0E77A7007083E8 /* SubverseSearchResultDataModelV1.swift in Sources */,
				43B056D11E0E4691007083E8 /* SoundPlayer.swift in Sources */,
				432B77771E12272A00457F2C /* ActivityIndicatorCellViewModel.swift in Sources */,
				43B056E01E0E4691007083E8 /* SwiftyMarkdown.swift in Sources */,
				43B056C41E0E4691007083E8 /* DesignableButton.swift in Sources */,
				43B056631E0D1CDA007083E8 /* SlideController.swift in Sources */,
				43433DA41E057E620017FAB0 /* CommentCellViewModel.swift in Sources */,
				43B056C31E0E4691007083E8 /* BlurView.swift in Sources */,
				43F6752B1DF20078001F83BE /* TabBarController.swift in Sources */,
				43ABEB911E1391B000458E3D /* AnalyticsManagerProtocol.swift in Sources */,
				43B056CD1E0E4691007083E8 /* KeyboardLayoutConstraint.swift in Sources */,
				4375BFBD1DF30F5F00576CC6 /* APIVersion.swift in Sources */,
				43B056D01E0E4691007083E8 /* Misc.swift in Sources */,
				4375C08E1E01317F00576CC6 /* ActivityIndicatorProvider.swift in Sources */,
				43B056DA1E0E4691007083E8 /* TransitionManager.swift in Sources */,
				43ABEC1C1E14FB8500458E3D /* VerionProductIds.swift in Sources */,
				43433DA31E057E620017FAB0 /* CommentCell.swift in Sources */,
				43F6752A1DF20078001F83BE /* SubverseViewController.swift in Sources */,
				43DF44561E089F1B00478AD9 /* VoatDataProvider.swift in Sources */,
				43B056DD1E0E4691007083E8 /* SwiftWebViewProgress.swift in Sources */,
				43B056C51E0E4691007083E8 /* DesignableImageView.swift in Sources */,
				43B056DE1E0E4691007083E8 /* SwiftWebViewProgressView.swift in Sources */,
				43433DA71E057E620017FAB0 /* SubmissionImageCell.swift in Sources */,
				43433DA91E057E620017FAB0 /* SubmissionLinkCell.swift in Sources */,
				43ABEBA41E14E42C00458E3D /* AdManager.swift in Sources */,
				43433DC11E05A0040017FAB0 /* SubverseSearchResultDataModelLegacy.swift in Sources */,
				43F675281DF20078001F83BE /* SFXManagerDummy.swift in Sources */,
				43B056BB1E0E4691007083E8 /* FLAnimatedImage.m in Sources */,
				4375BFC81DF3EDC300576CC6 /* Delayer.swift in Sources */,
				4375BFC41DF3614E00576CC6 /* NSMutableAttributedString+Bold.swift in Sources */,
				43F9A02D1DEA3AE0001EB1FC /* AppDelegate.swift in Sources */,
				43F675291DF20078001F83BE /* SFXManagerType.swift in Sources */,
				43433DA21E057E620017FAB0 /* ActivityIndicatorCell.swift in Sources */,
				43433DAB1E057E620017FAB0 /* SubmissionTextCell.swift in Sources */,
				43433DA51E057E620017FAB0 /* CommentsSortByCell.swift in Sources */,
				43ABEB861E137FA300458E3D /* FlurryEmpty.m in Sources */,
				43433D8E1E057C160017FAB0 /* FindSubverseViewController.swift in Sources */,
				43B0567D1E0D5F88007083E8 /* VerionDataManager.swift in Sources */,
				43B056D71E0E4691007083E8 /* SpringTextField.swift in Sources */,
				43B056C81E0E4691007083E8 /* DesignableTextField.swift in Sources */,
				43433DA81E057E620017FAB0 /* SubmissionImageCellViewModel.swift in Sources */,
				43B056C61E0E4691007083E8 /* DesignableLabel.swift in Sources */,
				43B056BF1E0E4691007083E8 /* SlideMenuController.swift in Sources */,
				43B056E21E0E4691007083E8 /* TSMarkdownParser.m in Sources */,
				43B056691E0D21F4007083E8 /* LeftMenuController.swift in Sources */,
				43A359421E06681E006994F3 /* CommentDataModelLegacy.swift in Sources */,
				4375BFC61DF3737F00576CC6 /* SubmissionType.swift in Sources */,
				43B056D21E0E4691007083E8 /* Spring.swift in Sources */,
				43B056701E0D3FA0007083E8 /* SubverseCellViewModel.swift in Sources */,
				43433DAD1E057E620017FAB0 /* SubmissionTitleCell.swift in Sources */,
				43B056D41E0E4691007083E8 /* SpringButton.swift in Sources */,
				43DF44AC1E08B6B900478AD9 /* MarkdownParser.swift in Sources */,
				43B056C71E0E4691007083E8 /* DesignableTabBarController.swift in Sources */,
				43ABEBAC1E14E68C00458E3D /* InAppPurchaseManager.swift in Sources */,
				43B057101E0E71AD007083E8 /* SubmissionDataModelV1.swift in Sources */,
				43DF45311E09F04E00478AD9 /* ProgressIndicatorCell.swift in Sources */,
				43B056C01E0E4691007083E8 /* AsyncButton.swift in Sources */,
				4375C08C1E011F8E00576CC6 /* SortType.swift in Sources */,
				43ABEB9B1E148FDA00458E3D /* AnalyticsEvents.swift in Sources */,
				43ABEB931E13924700458E3D /* AnalyticsManager.swift in Sources */,
				43F675241DF20078001F83BE /* SubmissionDataModelProtocol.swift in Sources */,
				43B056CA1E0E4691007083E8 /* DesignableView.swift in Sources */,
				43433DBF1E059FE70017FAB0 /* SubverseSearchResultDataModelProtocol.swift in Sources */,
				43DF45351E09F0A500478AD9 /* ProgressIndicatorCellViewModel.swift in Sources */,
				43B056C11E0E4691007083E8 /* AsyncImageView.swift in Sources */,
				43433D7D1E02B8750017FAB0 /* SubmissionTextFormatter.swift in Sources */,
				43F675271DF20078001F83BE /* SFXManager.swift in Sources */,
			);
			runOnlyForDeploymentPostprocessing = 0;
		};
		43F9A0391DEA3AE0001EB1FC /* Sources */ = {
			isa = PBXSourcesBuildPhase;
			buildActionMask = 2147483647;
			files = (
				43F9A0421DEA3AE0001EB1FC /* VerionTests.swift in Sources */,
				43B056811E0D6AFE007083E8 /* DataManagerTest.swift in Sources */,
				43F674231DF11217001F83BE /* SubmissionCellViewViewModelBindingsTest.swift in Sources */,
				43F675301DF2050B001F83BE /* SubCellViewModelDataModelTest.swift in Sources */,
			);
			runOnlyForDeploymentPostprocessing = 0;
		};
/* End PBXSourcesBuildPhase section */

/* Begin PBXTargetDependency section */
		43F9A03F1DEA3AE0001EB1FC /* PBXTargetDependency */ = {
			isa = PBXTargetDependency;
			target = 43F9A0281DEA3ADF001EB1FC /* Verion */;
			targetProxy = 43F9A03E1DEA3AE0001EB1FC /* PBXContainerItemProxy */;
		};
/* End PBXTargetDependency section */

/* Begin PBXVariantGroup section */
		43F9A0351DEA3AE0001EB1FC /* LaunchScreen.storyboard */ = {
			isa = PBXVariantGroup;
			children = (
				43F9A0361DEA3AE0001EB1FC /* Base */,
			);
			name = LaunchScreen.storyboard;
			sourceTree = "<group>";
		};
/* End PBXVariantGroup section */

/* Begin XCBuildConfiguration section */
		43F9A0441DEA3AE0001EB1FC /* Debug */ = {
			isa = XCBuildConfiguration;
			buildSettings = {
				ALWAYS_SEARCH_USER_PATHS = NO;
				CLANG_ANALYZER_NONNULL = YES;
				CLANG_CXX_LANGUAGE_STANDARD = "gnu++0x";
				CLANG_CXX_LIBRARY = "libc++";
				CLANG_ENABLE_MODULES = YES;
				CLANG_ENABLE_OBJC_ARC = YES;
				CLANG_WARN_BOOL_CONVERSION = YES;
				CLANG_WARN_CONSTANT_CONVERSION = YES;
				CLANG_WARN_DIRECT_OBJC_ISA_USAGE = YES_ERROR;
				CLANG_WARN_DOCUMENTATION_COMMENTS = YES;
				CLANG_WARN_EMPTY_BODY = YES;
				CLANG_WARN_ENUM_CONVERSION = YES;
				CLANG_WARN_INFINITE_RECURSION = YES;
				CLANG_WARN_INT_CONVERSION = YES;
				CLANG_WARN_OBJC_ROOT_CLASS = YES_ERROR;
				CLANG_WARN_SUSPICIOUS_MOVE = YES;
				CLANG_WARN_SUSPICIOUS_MOVES = YES;
				CLANG_WARN_UNREACHABLE_CODE = YES;
				CLANG_WARN__DUPLICATE_METHOD_MATCH = YES;
				"CODE_SIGN_IDENTITY[sdk=iphoneos*]" = "iPhone Developer";
				COPY_PHASE_STRIP = NO;
				DEBUG_INFORMATION_FORMAT = dwarf;
				ENABLE_STRICT_OBJC_MSGSEND = YES;
				ENABLE_TESTABILITY = YES;
				GCC_C_LANGUAGE_STANDARD = gnu99;
				GCC_DYNAMIC_NO_PIC = NO;
				GCC_NO_COMMON_BLOCKS = YES;
				GCC_OPTIMIZATION_LEVEL = 0;
				GCC_PREPROCESSOR_DEFINITIONS = (
					"DEBUG=1",
					"$(inherited)",
				);
				GCC_WARN_64_TO_32_BIT_CONVERSION = YES;
				GCC_WARN_ABOUT_RETURN_TYPE = YES_ERROR;
				GCC_WARN_UNDECLARED_SELECTOR = YES;
				GCC_WARN_UNINITIALIZED_AUTOS = YES_AGGRESSIVE;
				GCC_WARN_UNUSED_FUNCTION = YES;
				GCC_WARN_UNUSED_VARIABLE = YES;
				IPHONEOS_DEPLOYMENT_TARGET = 10.1;
				MTL_ENABLE_DEBUG_INFO = YES;
				ONLY_ACTIVE_ARCH = YES;
				SDKROOT = iphoneos;
				SWIFT_ACTIVE_COMPILATION_CONDITIONS = DEBUG;
				SWIFT_OPTIMIZATION_LEVEL = "-Onone";
				TARGETED_DEVICE_FAMILY = "1,2";
			};
			name = Debug;
		};
		43F9A0451DEA3AE0001EB1FC /* Release */ = {
			isa = XCBuildConfiguration;
			buildSettings = {
				ALWAYS_SEARCH_USER_PATHS = NO;
				CLANG_ANALYZER_NONNULL = YES;
				CLANG_CXX_LANGUAGE_STANDARD = "gnu++0x";
				CLANG_CXX_LIBRARY = "libc++";
				CLANG_ENABLE_MODULES = YES;
				CLANG_ENABLE_OBJC_ARC = YES;
				CLANG_WARN_BOOL_CONVERSION = YES;
				CLANG_WARN_CONSTANT_CONVERSION = YES;
				CLANG_WARN_DIRECT_OBJC_ISA_USAGE = YES_ERROR;
				CLANG_WARN_DOCUMENTATION_COMMENTS = YES;
				CLANG_WARN_EMPTY_BODY = YES;
				CLANG_WARN_ENUM_CONVERSION = YES;
				CLANG_WARN_INFINITE_RECURSION = YES;
				CLANG_WARN_INT_CONVERSION = YES;
				CLANG_WARN_OBJC_ROOT_CLASS = YES_ERROR;
				CLANG_WARN_SUSPICIOUS_MOVE = YES;
				CLANG_WARN_SUSPICIOUS_MOVES = YES;
				CLANG_WARN_UNREACHABLE_CODE = YES;
				CLANG_WARN__DUPLICATE_METHOD_MATCH = YES;
				"CODE_SIGN_IDENTITY[sdk=iphoneos*]" = "iPhone Developer";
				COPY_PHASE_STRIP = NO;
				DEBUG_INFORMATION_FORMAT = "dwarf-with-dsym";
				ENABLE_NS_ASSERTIONS = NO;
				ENABLE_STRICT_OBJC_MSGSEND = YES;
				GCC_C_LANGUAGE_STANDARD = gnu99;
				GCC_NO_COMMON_BLOCKS = YES;
				GCC_WARN_64_TO_32_BIT_CONVERSION = YES;
				GCC_WARN_ABOUT_RETURN_TYPE = YES_ERROR;
				GCC_WARN_UNDECLARED_SELECTOR = YES;
				GCC_WARN_UNINITIALIZED_AUTOS = YES_AGGRESSIVE;
				GCC_WARN_UNUSED_FUNCTION = YES;
				GCC_WARN_UNUSED_VARIABLE = YES;
				IPHONEOS_DEPLOYMENT_TARGET = 10.1;
				MTL_ENABLE_DEBUG_INFO = NO;
				SDKROOT = iphoneos;
				SWIFT_OPTIMIZATION_LEVEL = "-Owholemodule";
				TARGETED_DEVICE_FAMILY = "1,2";
				VALIDATE_PRODUCT = YES;
			};
			name = Release;
		};
		43F9A0471DEA3AE0001EB1FC /* Debug */ = {
			isa = XCBuildConfiguration;
			buildSettings = {
				ASSETCATALOG_COMPILER_APPICON_NAME = AppIcon;
				"CODE_SIGN_IDENTITY[sdk=iphoneos*]" = "iPhone Developer";
				DEVELOPMENT_TEAM = EZ3EL33ZBM;
				FRAMEWORK_SEARCH_PATHS = (
					"$(inherited)",
					"$(PROJECT_DIR)/Carthage/Build/iOS",
					"$(PROJECT_DIR)/Verion/Source/Libraries/Admob",
				);
				INFOPLIST_FILE = Verion/Info.plist;
				IPHONEOS_DEPLOYMENT_TARGET = 9.0;
				LD_RUNPATH_SEARCH_PATHS = "$(inherited) @executable_path/Frameworks";
				LIBRARY_SEARCH_PATHS = (
					"$(inherited)",
					"$(PROJECT_DIR)/Verion/Source/Libraries/Flurry",
					"$(PROJECT_DIR)/Verion/Source/Libraries/RMStore/Optional/openssl-1.0.1e/lib",
				);
				PRODUCT_BUNDLE_IDENTIFIER = com.workhorsebytes.verion;
				PRODUCT_NAME = "$(TARGET_NAME)";
				PROVISIONING_PROFILE = "f7321550-4cf4-4c26-b905-7c8ab641418b";
				PROVISIONING_PROFILE_SPECIFIER = "Verion Development Profile";
				SWIFT_OBJC_BRIDGING_HEADER = "Verion/Verion-Bridging-Header.h";
				SWIFT_VERSION = 3.0;
				TARGETED_DEVICE_FAMILY = "1,2";
			};
			name = Debug;
		};
		43F9A0481DEA3AE0001EB1FC /* Release */ = {
			isa = XCBuildConfiguration;
			buildSettings = {
				ASSETCATALOG_COMPILER_APPICON_NAME = AppIcon;
				CODE_SIGN_IDENTITY = "iPhone Distribution";
				"CODE_SIGN_IDENTITY[sdk=iphoneos*]" = "iPhone Distribution";
				DEVELOPMENT_TEAM = EZ3EL33ZBM;
				FRAMEWORK_SEARCH_PATHS = (
					"$(inherited)",
					"$(PROJECT_DIR)/Carthage/Build/iOS",
					"$(PROJECT_DIR)/Verion/Source/Libraries/Admob",
				);
				INFOPLIST_FILE = Verion/Info.plist;
				IPHONEOS_DEPLOYMENT_TARGET = 9.0;
				LD_RUNPATH_SEARCH_PATHS = "$(inherited) @executable_path/Frameworks";
				LIBRARY_SEARCH_PATHS = (
					"$(inherited)",
					"$(PROJECT_DIR)/Verion/Source/Libraries/Flurry",
					"$(PROJECT_DIR)/Verion/Source/Libraries/RMStore/Optional/openssl-1.0.1e/lib",
				);
				PRODUCT_BUNDLE_IDENTIFIER = com.workhorsebytes.verion;
				PRODUCT_NAME = "$(TARGET_NAME)";
				PROVISIONING_PROFILE = "b5ac1be2-e88b-4942-82e8-a0a4d4842e6f";
				PROVISIONING_PROFILE_SPECIFIER = "Verion Distribution Profile";
				SWIFT_OBJC_BRIDGING_HEADER = "Verion/Verion-Bridging-Header.h";
				SWIFT_VERSION = 3.0;
				TARGETED_DEVICE_FAMILY = "1,2";
			};
			name = Release;
		};
		43F9A04A1DEA3AE0001EB1FC /* Debug */ = {
			isa = XCBuildConfiguration;
			buildSettings = {
				ALWAYS_EMBED_SWIFT_STANDARD_LIBRARIES = YES;
				BUNDLE_LOADER = "$(TEST_HOST)";
				DEVELOPMENT_TEAM = EZ3EL33ZBM;
				FRAMEWORK_SEARCH_PATHS = (
					"$(inherited)",
					"$(PROJECT_DIR)/Carthage/Build/iOS",
				);
				INFOPLIST_FILE = VerionTests/Info.plist;
				LD_RUNPATH_SEARCH_PATHS = "$(inherited) @executable_path/Frameworks @loader_path/Frameworks";
				PRODUCT_BUNDLE_IDENTIFIER = com.workhorsebytes.VerionTests;
				PRODUCT_NAME = "$(TARGET_NAME)";
				SWIFT_VERSION = 3.0;
				TEST_HOST = "$(BUILT_PRODUCTS_DIR)/Verion.app/Verion";
			};
			name = Debug;
		};
		43F9A04B1DEA3AE0001EB1FC /* Release */ = {
			isa = XCBuildConfiguration;
			buildSettings = {
				ALWAYS_EMBED_SWIFT_STANDARD_LIBRARIES = YES;
				BUNDLE_LOADER = "$(TEST_HOST)";
				DEVELOPMENT_TEAM = EZ3EL33ZBM;
				FRAMEWORK_SEARCH_PATHS = (
					"$(inherited)",
					"$(PROJECT_DIR)/Carthage/Build/iOS",
				);
				INFOPLIST_FILE = VerionTests/Info.plist;
				LD_RUNPATH_SEARCH_PATHS = "$(inherited) @executable_path/Frameworks @loader_path/Frameworks";
				PRODUCT_BUNDLE_IDENTIFIER = com.workhorsebytes.VerionTests;
				PRODUCT_NAME = "$(TARGET_NAME)";
				SWIFT_VERSION = 3.0;
				TEST_HOST = "$(BUILT_PRODUCTS_DIR)/Verion.app/Verion";
			};
			name = Release;
		};
/* End XCBuildConfiguration section */

/* Begin XCConfigurationList section */
		43F9A0241DEA3ADF001EB1FC /* Build configuration list for PBXProject "Verion" */ = {
			isa = XCConfigurationList;
			buildConfigurations = (
				43F9A0441DEA3AE0001EB1FC /* Debug */,
				43F9A0451DEA3AE0001EB1FC /* Release */,
			);
			defaultConfigurationIsVisible = 0;
			defaultConfigurationName = Release;
		};
		43F9A0461DEA3AE0001EB1FC /* Build configuration list for PBXNativeTarget "Verion" */ = {
			isa = XCConfigurationList;
			buildConfigurations = (
				43F9A0471DEA3AE0001EB1FC /* Debug */,
				43F9A0481DEA3AE0001EB1FC /* Release */,
			);
			defaultConfigurationIsVisible = 0;
			defaultConfigurationName = Release;
		};
		43F9A0491DEA3AE0001EB1FC /* Build configuration list for PBXNativeTarget "VerionTests" */ = {
			isa = XCConfigurationList;
			buildConfigurations = (
				43F9A04A1DEA3AE0001EB1FC /* Debug */,
				43F9A04B1DEA3AE0001EB1FC /* Release */,
			);
			defaultConfigurationIsVisible = 0;
			defaultConfigurationName = Release;
		};
/* End XCConfigurationList section */
	};
	rootObject = 43F9A0211DEA3ADF001EB1FC /* Project object */;
}
