// !$*UTF8*$!
{
	archiveVersion = 1;
	classes = {
	};
	objectVersion = 46;
	objects = {

/* Begin PBXBuildFile section */
		4300A0B81DF0BBFB00497FE4 /* SubmissionCell.swift in Sources */ = {isa = PBXBuildFile; fileRef = 4300A0B71DF0BBFB00497FE4 /* SubmissionCell.swift */; };
		4300A0BB1DF0BC7C00497FE4 /* SubmissionCellModel.swift in Sources */ = {isa = PBXBuildFile; fileRef = 4300A0BA1DF0BC7C00497FE4 /* SubmissionCellModel.swift */; };
		432564391DECAE8F001B943A /* Subverse.storyboard in Resources */ = {isa = PBXBuildFile; fileRef = 432564381DECAE8F001B943A /* Subverse.storyboard */; };
		432564AA1DEE5FB8001B943A /* SubverseViewController.swift in Sources */ = {isa = PBXBuildFile; fileRef = 432564A91DEE5FB8001B943A /* SubverseViewController.swift */; };
		432564AD1DEEABD9001B943A /* SFXManagerType.swift in Sources */ = {isa = PBXBuildFile; fileRef = 432564AC1DEEABD9001B943A /* SFXManagerType.swift */; };
		432564AF1DEEACB7001B943A /* SFXManager.swift in Sources */ = {isa = PBXBuildFile; fileRef = 432564AE1DEEACB7001B943A /* SFXManager.swift */; };
		432564B11DEEACC4001B943A /* SFXManagerDummy.swift in Sources */ = {isa = PBXBuildFile; fileRef = 432564B01DEEACC4001B943A /* SFXManagerDummy.swift */; };
		432564B61DEEB798001B943A /* TabController.storyboard in Resources */ = {isa = PBXBuildFile; fileRef = 432564B51DEEB798001B943A /* TabController.storyboard */; };
		432564B81DEEB8B5001B943A /* TabBarController.swift in Sources */ = {isa = PBXBuildFile; fileRef = 432564B71DEEB8B5001B943A /* TabBarController.swift */; };
		432564BA1DEED077001B943A /* Swinject.framework in Frameworks */ = {isa = PBXBuildFile; fileRef = 43F9A04D1DEA3C26001EB1FC /* Swinject.framework */; };
		432564BB1DEED077001B943A /* SwinjectStoryboard.framework in Frameworks */ = {isa = PBXBuildFile; fileRef = 43F9A04E1DEA3C26001EB1FC /* SwinjectStoryboard.framework */; };
		43F9A02D1DEA3AE0001EB1FC /* AppDelegate.swift in Sources */ = {isa = PBXBuildFile; fileRef = 43F9A02C1DEA3AE0001EB1FC /* AppDelegate.swift */; };
		43F9A0341DEA3AE0001EB1FC /* Assets.xcassets in Resources */ = {isa = PBXBuildFile; fileRef = 43F9A0331DEA3AE0001EB1FC /* Assets.xcassets */; };
		43F9A0371DEA3AE0001EB1FC /* LaunchScreen.storyboard in Resources */ = {isa = PBXBuildFile; fileRef = 43F9A0351DEA3AE0001EB1FC /* LaunchScreen.storyboard */; };
		43F9A0421DEA3AE0001EB1FC /* VerionTests.swift in Sources */ = {isa = PBXBuildFile; fileRef = 43F9A0411DEA3AE0001EB1FC /* VerionTests.swift */; };
		43F9A04F1DEA3C26001EB1FC /* Swinject.framework in Frameworks */ = {isa = PBXBuildFile; fileRef = 43F9A04D1DEA3C26001EB1FC /* Swinject.framework */; };
		43F9A0501DEA3C26001EB1FC /* SwinjectStoryboard.framework in Frameworks */ = {isa = PBXBuildFile; fileRef = 43F9A04E1DEA3C26001EB1FC /* SwinjectStoryboard.framework */; };
		43F9A0B51DEA947B001EB1FC /* Main.storyboard in Resources */ = {isa = PBXBuildFile; fileRef = 43F9A0B41DEA947B001EB1FC /* Main.storyboard */; };
		43F9A0B71DEA94B6001EB1FC /* ViewController.swift in Sources */ = {isa = PBXBuildFile; fileRef = 43F9A0B61DEA94B6001EB1FC /* ViewController.swift */; };
/* End PBXBuildFile section */

/* Begin PBXContainerItemProxy section */
		43F9A03E1DEA3AE0001EB1FC /* PBXContainerItemProxy */ = {
			isa = PBXContainerItemProxy;
			containerPortal = 43F9A0211DEA3ADF001EB1FC /* Project object */;
			proxyType = 1;
			remoteGlobalIDString = 43F9A0281DEA3ADF001EB1FC;
			remoteInfo = Verion;
		};
/* End PBXContainerItemProxy section */

/* Begin PBXFileReference section */
		4300A0B71DF0BBFB00497FE4 /* SubmissionCell.swift */ = {isa = PBXFileReference; fileEncoding = 4; lastKnownFileType = sourcecode.swift; name = SubmissionCell.swift; path = Verion/Source/Views/SubmissionCell.swift; sourceTree = SOURCE_ROOT; };
		4300A0BA1DF0BC7C00497FE4 /* SubmissionCellModel.swift */ = {isa = PBXFileReference; fileEncoding = 4; lastKnownFileType = sourcecode.swift; path = SubmissionCellModel.swift; sourceTree = "<group>"; };
		432564381DECAE8F001B943A /* Subverse.storyboard */ = {isa = PBXFileReference; fileEncoding = 4; lastKnownFileType = file.storyboard; path = Subverse.storyboard; sourceTree = "<group>"; };
		432564A91DEE5FB8001B943A /* SubverseViewController.swift */ = {isa = PBXFileReference; fileEncoding = 4; lastKnownFileType = sourcecode.swift; path = SubverseViewController.swift; sourceTree = "<group>"; };
		432564AC1DEEABD9001B943A /* SFXManagerType.swift */ = {isa = PBXFileReference; fileEncoding = 4; lastKnownFileType = sourcecode.swift; path = SFXManagerType.swift; sourceTree = "<group>"; };
		432564AE1DEEACB7001B943A /* SFXManager.swift */ = {isa = PBXFileReference; fileEncoding = 4; lastKnownFileType = sourcecode.swift; path = SFXManager.swift; sourceTree = "<group>"; };
		432564B01DEEACC4001B943A /* SFXManagerDummy.swift */ = {isa = PBXFileReference; fileEncoding = 4; lastKnownFileType = sourcecode.swift; path = SFXManagerDummy.swift; sourceTree = "<group>"; };
		432564B51DEEB798001B943A /* TabController.storyboard */ = {isa = PBXFileReference; fileEncoding = 4; lastKnownFileType = file.storyboard; path = TabController.storyboard; sourceTree = "<group>"; };
		432564B71DEEB8B5001B943A /* TabBarController.swift */ = {isa = PBXFileReference; fileEncoding = 4; lastKnownFileType = sourcecode.swift; path = TabBarController.swift; sourceTree = "<group>"; };
		43F9A0291DEA3AE0001EB1FC /* Verion.app */ = {isa = PBXFileReference; explicitFileType = wrapper.application; includeInIndex = 0; path = Verion.app; sourceTree = BUILT_PRODUCTS_DIR; };
		43F9A02C1DEA3AE0001EB1FC /* AppDelegate.swift */ = {isa = PBXFileReference; lastKnownFileType = sourcecode.swift; path = AppDelegate.swift; sourceTree = "<group>"; };
		43F9A0331DEA3AE0001EB1FC /* Assets.xcassets */ = {isa = PBXFileReference; lastKnownFileType = folder.assetcatalog; path = Assets.xcassets; sourceTree = "<group>"; };
		43F9A0361DEA3AE0001EB1FC /* Base */ = {isa = PBXFileReference; lastKnownFileType = file.storyboard; name = Base; path = Base.lproj/LaunchScreen.storyboard; sourceTree = "<group>"; };
		43F9A0381DEA3AE0001EB1FC /* Info.plist */ = {isa = PBXFileReference; lastKnownFileType = text.plist.xml; path = Info.plist; sourceTree = "<group>"; };
		43F9A03D1DEA3AE0001EB1FC /* VerionTests.xctest */ = {isa = PBXFileReference; explicitFileType = wrapper.cfbundle; includeInIndex = 0; path = VerionTests.xctest; sourceTree = BUILT_PRODUCTS_DIR; };
		43F9A0411DEA3AE0001EB1FC /* VerionTests.swift */ = {isa = PBXFileReference; lastKnownFileType = sourcecode.swift; path = VerionTests.swift; sourceTree = "<group>"; };
		43F9A0431DEA3AE0001EB1FC /* Info.plist */ = {isa = PBXFileReference; lastKnownFileType = text.plist.xml; path = Info.plist; sourceTree = "<group>"; };
		43F9A04D1DEA3C26001EB1FC /* Swinject.framework */ = {isa = PBXFileReference; lastKnownFileType = wrapper.framework; name = Swinject.framework; path = Carthage/Build/iOS/Swinject.framework; sourceTree = "<group>"; };
		43F9A04E1DEA3C26001EB1FC /* SwinjectStoryboard.framework */ = {isa = PBXFileReference; lastKnownFileType = wrapper.framework; name = SwinjectStoryboard.framework; path = Carthage/Build/iOS/SwinjectStoryboard.framework; sourceTree = "<group>"; };
		43F9A0B41DEA947B001EB1FC /* Main.storyboard */ = {isa = PBXFileReference; fileEncoding = 4; lastKnownFileType = file.storyboard; path = Main.storyboard; sourceTree = "<group>"; };
		43F9A0B61DEA94B6001EB1FC /* ViewController.swift */ = {isa = PBXFileReference; fileEncoding = 4; lastKnownFileType = sourcecode.swift; path = ViewController.swift; sourceTree = "<group>"; };
/* End PBXFileReference section */

/* Begin PBXFrameworksBuildPhase section */
		43F9A0261DEA3ADF001EB1FC /* Frameworks */ = {
			isa = PBXFrameworksBuildPhase;
			buildActionMask = 2147483647;
			files = (
				43F9A04F1DEA3C26001EB1FC /* Swinject.framework in Frameworks */,
				43F9A0501DEA3C26001EB1FC /* SwinjectStoryboard.framework in Frameworks */,
			);
			runOnlyForDeploymentPostprocessing = 0;
		};
		43F9A03A1DEA3AE0001EB1FC /* Frameworks */ = {
			isa = PBXFrameworksBuildPhase;
			buildActionMask = 2147483647;
			files = (
				432564BA1DEED077001B943A /* Swinject.framework in Frameworks */,
				432564BB1DEED077001B943A /* SwinjectStoryboard.framework in Frameworks */,
			);
			runOnlyForDeploymentPostprocessing = 0;
		};
/* End PBXFrameworksBuildPhase section */

/* Begin PBXGroup section */
		4300A0B91DF0BC2900497FE4 /* ViewModels */ = {
			isa = PBXGroup;
			children = (
				4300A0BA1DF0BC7C00497FE4 /* SubmissionCellModel.swift */,
			);
			path = ViewModels;
			sourceTree = "<group>";
		};
		432564AB1DEEAB57001B943A /* SFX */ = {
			isa = PBXGroup;
			children = (
				432564AC1DEEABD9001B943A /* SFXManagerType.swift */,
				432564AE1DEEACB7001B943A /* SFXManager.swift */,
				432564B01DEEACC4001B943A /* SFXManagerDummy.swift */,
			);
			path = SFX;
			sourceTree = "<group>";
		};
		432564B21DEEB0E6001B943A /* Views */ = {
			isa = PBXGroup;
			children = (
				4300A0B71DF0BBFB00497FE4 /* SubmissionCell.swift */,
			);
			name = Views;
			path = TableCells;
			sourceTree = "<group>";
		};
		43F9A0201DEA3ADF001EB1FC = {
			isa = PBXGroup;
			children = (
				43F9A02B1DEA3AE0001EB1FC /* Verion */,
				43F9A0401DEA3AE0001EB1FC /* VerionTests */,
				43F9A02A1DEA3AE0001EB1FC /* Products */,
				43F9A04C1DEA3C26001EB1FC /* Frameworks */,
			);
			sourceTree = "<group>";
		};
		43F9A02A1DEA3AE0001EB1FC /* Products */ = {
			isa = PBXGroup;
			children = (
				43F9A0291DEA3AE0001EB1FC /* Verion.app */,
				43F9A03D1DEA3AE0001EB1FC /* VerionTests.xctest */,
			);
			name = Products;
			sourceTree = "<group>";
		};
		43F9A02B1DEA3AE0001EB1FC /* Verion */ = {
			isa = PBXGroup;
			children = (
				43F9A02C1DEA3AE0001EB1FC /* AppDelegate.swift */,
				43F9A05E1DEA67E9001EB1FC /* Source */,
				43F9A05B1DEA67A1001EB1FC /* Storyboards */,
				43F9A0331DEA3AE0001EB1FC /* Assets.xcassets */,
				43F9A0351DEA3AE0001EB1FC /* LaunchScreen.storyboard */,
				43F9A0381DEA3AE0001EB1FC /* Info.plist */,
			);
			path = Verion;
			sourceTree = "<group>";
		};
		43F9A0401DEA3AE0001EB1FC /* VerionTests */ = {
			isa = PBXGroup;
			children = (
				43F9A0411DEA3AE0001EB1FC /* VerionTests.swift */,
				43F9A0431DEA3AE0001EB1FC /* Info.plist */,
			);
			path = VerionTests;
			sourceTree = "<group>";
		};
		43F9A04C1DEA3C26001EB1FC /* Frameworks */ = {
			isa = PBXGroup;
			children = (
				43F9A04D1DEA3C26001EB1FC /* Swinject.framework */,
				43F9A04E1DEA3C26001EB1FC /* SwinjectStoryboard.framework */,
			);
			name = Frameworks;
			sourceTree = "<group>";
		};
		43F9A05B1DEA67A1001EB1FC /* Storyboards */ = {
			isa = PBXGroup;
			children = (
				43F9A0B41DEA947B001EB1FC /* Main.storyboard */,
				432564381DECAE8F001B943A /* Subverse.storyboard */,
				432564B51DEEB798001B943A /* TabController.storyboard */,
			);
			path = Storyboards;
			sourceTree = "<group>";
		};
		43F9A05E1DEA67E9001EB1FC /* Source */ = {
			isa = PBXGroup;
			children = (
				4300A0B91DF0BC2900497FE4 /* ViewModels */,
				432564AB1DEEAB57001B943A /* SFX */,
				43F9A05F1DEA67E9001EB1FC /* Networking */,
				432564B21DEEB0E6001B943A /* Views */,
				43F9A0631DEA67E9001EB1FC /* ViewControllers */,
			);
			path = Source;
			sourceTree = "<group>";
		};
		43F9A05F1DEA67E9001EB1FC /* Networking */ = {
			isa = PBXGroup;
			children = (
			);
			path = Networking;
			sourceTree = "<group>";
		};
		43F9A0631DEA67E9001EB1FC /* ViewControllers */ = {
			isa = PBXGroup;
			children = (
				43F9A0B61DEA94B6001EB1FC /* ViewController.swift */,
				432564A91DEE5FB8001B943A /* SubverseViewController.swift */,
				432564B71DEEB8B5001B943A /* TabBarController.swift */,
			);
			path = ViewControllers;
			sourceTree = "<group>";
		};
/* End PBXGroup section */

/* Begin PBXNativeTarget section */
		43F9A0281DEA3ADF001EB1FC /* Verion */ = {
			isa = PBXNativeTarget;
			buildConfigurationList = 43F9A0461DEA3AE0001EB1FC /* Build configuration list for PBXNativeTarget "Verion" */;
			buildPhases = (
				43F9A0251DEA3ADF001EB1FC /* Sources */,
				43F9A0261DEA3ADF001EB1FC /* Frameworks */,
				43F9A0271DEA3ADF001EB1FC /* Resources */,
				43F9A0521DEA3CD8001EB1FC /* ShellScript */,
			);
			buildRules = (
			);
			dependencies = (
			);
			name = Verion;
			productName = Verion;
			productReference = 43F9A0291DEA3AE0001EB1FC /* Verion.app */;
			productType = "com.apple.product-type.application";
		};
		43F9A03C1DEA3AE0001EB1FC /* VerionTests */ = {
			isa = PBXNativeTarget;
			buildConfigurationList = 43F9A0491DEA3AE0001EB1FC /* Build configuration list for PBXNativeTarget "VerionTests" */;
			buildPhases = (
				43F9A0391DEA3AE0001EB1FC /* Sources */,
				43F9A03A1DEA3AE0001EB1FC /* Frameworks */,
				43F9A03B1DEA3AE0001EB1FC /* Resources */,
			);
			buildRules = (
			);
			dependencies = (
				43F9A03F1DEA3AE0001EB1FC /* PBXTargetDependency */,
			);
			name = VerionTests;
			productName = VerionTests;
			productReference = 43F9A03D1DEA3AE0001EB1FC /* VerionTests.xctest */;
			productType = "com.apple.product-type.bundle.unit-test";
		};
/* End PBXNativeTarget section */

/* Begin PBXProject section */
		43F9A0211DEA3ADF001EB1FC /* Project object */ = {
			isa = PBXProject;
			attributes = {
				LastSwiftUpdateCheck = 0810;
				LastUpgradeCheck = 0810;
				ORGANIZATIONNAME = "Workhorse Bytes";
				TargetAttributes = {
					43F9A0281DEA3ADF001EB1FC = {
						CreatedOnToolsVersion = 8.1;
						DevelopmentTeam = EZ3EL33ZBM;
						ProvisioningStyle = Automatic;
					};
					43F9A03C1DEA3AE0001EB1FC = {
						CreatedOnToolsVersion = 8.1;
						DevelopmentTeam = EZ3EL33ZBM;
						ProvisioningStyle = Automatic;
						TestTargetID = 43F9A0281DEA3ADF001EB1FC;
					};
				};
			};
			buildConfigurationList = 43F9A0241DEA3ADF001EB1FC /* Build configuration list for PBXProject "Verion" */;
			compatibilityVersion = "Xcode 3.2";
			developmentRegion = English;
			hasScannedForEncodings = 0;
			knownRegions = (
				en,
				Base,
			);
			mainGroup = 43F9A0201DEA3ADF001EB1FC;
			productRefGroup = 43F9A02A1DEA3AE0001EB1FC /* Products */;
			projectDirPath = "";
			projectRoot = "";
			targets = (
				43F9A0281DEA3ADF001EB1FC /* Verion */,
				43F9A03C1DEA3AE0001EB1FC /* VerionTests */,
			);
		};
/* End PBXProject section */

/* Begin PBXResourcesBuildPhase section */
		43F9A0271DEA3ADF001EB1FC /* Resources */ = {
			isa = PBXResourcesBuildPhase;
			buildActionMask = 2147483647;
			files = (
				43F9A0371DEA3AE0001EB1FC /* LaunchScreen.storyboard in Resources */,
				432564B61DEEB798001B943A /* TabController.storyboard in Resources */,
				432564391DECAE8F001B943A /* Subverse.storyboard in Resources */,
				43F9A0341DEA3AE0001EB1FC /* Assets.xcassets in Resources */,
				43F9A0B51DEA947B001EB1FC /* Main.storyboard in Resources */,
			);
			runOnlyForDeploymentPostprocessing = 0;
		};
		43F9A03B1DEA3AE0001EB1FC /* Resources */ = {
			isa = PBXResourcesBuildPhase;
			buildActionMask = 2147483647;
			files = (
			);
			runOnlyForDeploymentPostprocessing = 0;
		};
/* End PBXResourcesBuildPhase section */

/* Begin PBXShellScriptBuildPhase section */
		43F9A0521DEA3CD8001EB1FC /* ShellScript */ = {
			isa = PBXShellScriptBuildPhase;
			buildActionMask = 2147483647;
			files = (
			);
			inputPaths = (
				"$(SRCROOT)/Carthage/Build/iOS/Swinject.framework",
				"$(SRCROOT)/Carthage/Build/iOS/SwinjectStoryboard.framework",
			);
			outputPaths = (
			);
			runOnlyForDeploymentPostprocessing = 0;
			shellPath = /bin/sh;
			shellScript = "/usr/local/bin/carthage copy-frameworks";
		};
/* End PBXShellScriptBuildPhase section */

/* Begin PBXSourcesBuildPhase section */
		43F9A0251DEA3ADF001EB1FC /* Sources */ = {
			isa = PBXSourcesBuildPhase;
			buildActionMask = 2147483647;
			files = (
				432564AA1DEE5FB8001B943A /* SubverseViewController.swift in Sources */,
				432564B81DEEB8B5001B943A /* TabBarController.swift in Sources */,
				432564AD1DEEABD9001B943A /* SFXManagerType.swift in Sources */,
				4300A0B81DF0BBFB00497FE4 /* SubmissionCell.swift in Sources */,
				432564B11DEEACC4001B943A /* SFXManagerDummy.swift in Sources */,
				43F9A0B71DEA94B6001EB1FC /* ViewController.swift in Sources */,
				4300A0BB1DF0BC7C00497FE4 /* SubmissionCellModel.swift in Sources */,
				43F9A02D1DEA3AE0001EB1FC /* AppDelegate.swift in Sources */,
				432564AF1DEEACB7001B943A /* SFXManager.swift in Sources */,
			);
			runOnlyForDeploymentPostprocessing = 0;
		};
		43F9A0391DEA3AE0001EB1FC /* Sources */ = {
			isa = PBXSourcesBuildPhase;
			buildActionMask = 2147483647;
			files = (
				43F9A0421DEA3AE0001EB1FC /* VerionTests.swift in Sources */,
			);
			runOnlyForDeploymentPostprocessing = 0;
		};
/* End PBXSourcesBuildPhase section */

/* Begin PBXTargetDependency section */
		43F9A03F1DEA3AE0001EB1FC /* PBXTargetDependency */ = {
			isa = PBXTargetDependency;
			target = 43F9A0281DEA3ADF001EB1FC /* Verion */;
			targetProxy = 43F9A03E1DEA3AE0001EB1FC /* PBXContainerItemProxy */;
		};
/* End PBXTargetDependency section */

/* Begin PBXVariantGroup section */
		43F9A0351DEA3AE0001EB1FC /* LaunchScreen.storyboard */ = {
			isa = PBXVariantGroup;
			children = (
				43F9A0361DEA3AE0001EB1FC /* Base */,
			);
			name = LaunchScreen.storyboard;
			sourceTree = "<group>";
		};
/* End PBXVariantGroup section */

/* Begin XCBuildConfiguration section */
		43F9A0441DEA3AE0001EB1FC /* Debug */ = {
			isa = XCBuildConfiguration;
			buildSettings = {
				ALWAYS_SEARCH_USER_PATHS = NO;
				CLANG_ANALYZER_NONNULL = YES;
				CLANG_CXX_LANGUAGE_STANDARD = "gnu++0x";
				CLANG_CXX_LIBRARY = "libc++";
				CLANG_ENABLE_MODULES = YES;
				CLANG_ENABLE_OBJC_ARC = YES;
				CLANG_WARN_BOOL_CONVERSION = YES;
				CLANG_WARN_CONSTANT_CONVERSION = YES;
				CLANG_WARN_DIRECT_OBJC_ISA_USAGE = YES_ERROR;
				CLANG_WARN_DOCUMENTATION_COMMENTS = YES;
				CLANG_WARN_EMPTY_BODY = YES;
				CLANG_WARN_ENUM_CONVERSION = YES;
				CLANG_WARN_INFINITE_RECURSION = YES;
				CLANG_WARN_INT_CONVERSION = YES;
				CLANG_WARN_OBJC_ROOT_CLASS = YES_ERROR;
				CLANG_WARN_SUSPICIOUS_MOVES = YES;
				CLANG_WARN_UNREACHABLE_CODE = YES;
				CLANG_WARN__DUPLICATE_METHOD_MATCH = YES;
				"CODE_SIGN_IDENTITY[sdk=iphoneos*]" = "iPhone Developer";
				COPY_PHASE_STRIP = NO;
				DEBUG_INFORMATION_FORMAT = dwarf;
				ENABLE_STRICT_OBJC_MSGSEND = YES;
				ENABLE_TESTABILITY = YES;
				GCC_C_LANGUAGE_STANDARD = gnu99;
				GCC_DYNAMIC_NO_PIC = NO;
				GCC_NO_COMMON_BLOCKS = YES;
				GCC_OPTIMIZATION_LEVEL = 0;
				GCC_PREPROCESSOR_DEFINITIONS = (
					"DEBUG=1",
					"$(inherited)",
				);
				GCC_WARN_64_TO_32_BIT_CONVERSION = YES;
				GCC_WARN_ABOUT_RETURN_TYPE = YES_ERROR;
				GCC_WARN_UNDECLARED_SELECTOR = YES;
				GCC_WARN_UNINITIALIZED_AUTOS = YES_AGGRESSIVE;
				GCC_WARN_UNUSED_FUNCTION = YES;
				GCC_WARN_UNUSED_VARIABLE = YES;
				IPHONEOS_DEPLOYMENT_TARGET = 10.1;
				MTL_ENABLE_DEBUG_INFO = YES;
				ONLY_ACTIVE_ARCH = YES;
				SDKROOT = iphoneos;
				SWIFT_ACTIVE_COMPILATION_CONDITIONS = DEBUG;
				SWIFT_OPTIMIZATION_LEVEL = "-Onone";
				TARGETED_DEVICE_FAMILY = "1,2";
			};
			name = Debug;
		};
		43F9A0451DEA3AE0001EB1FC /* Release */ = {
			isa = XCBuildConfiguration;
			buildSettings = {
				ALWAYS_SEARCH_USER_PATHS = NO;
				CLANG_ANALYZER_NONNULL = YES;
				CLANG_CXX_LANGUAGE_STANDARD = "gnu++0x";
				CLANG_CXX_LIBRARY = "libc++";
				CLANG_ENABLE_MODULES = YES;
				CLANG_ENABLE_OBJC_ARC = YES;
				CLANG_WARN_BOOL_CONVERSION = YES;
				CLANG_WARN_CONSTANT_CONVERSION = YES;
				CLANG_WARN_DIRECT_OBJC_ISA_USAGE = YES_ERROR;
				CLANG_WARN_DOCUMENTATION_COMMENTS = YES;
				CLANG_WARN_EMPTY_BODY = YES;
				CLANG_WARN_ENUM_CONVERSION = YES;
				CLANG_WARN_INFINITE_RECURSION = YES;
				CLANG_WARN_INT_CONVERSION = YES;
				CLANG_WARN_OBJC_ROOT_CLASS = YES_ERROR;
				CLANG_WARN_SUSPICIOUS_MOVES = YES;
				CLANG_WARN_UNREACHABLE_CODE = YES;
				CLANG_WARN__DUPLICATE_METHOD_MATCH = YES;
				"CODE_SIGN_IDENTITY[sdk=iphoneos*]" = "iPhone Developer";
				COPY_PHASE_STRIP = NO;
				DEBUG_INFORMATION_FORMAT = "dwarf-with-dsym";
				ENABLE_NS_ASSERTIONS = NO;
				ENABLE_STRICT_OBJC_MSGSEND = YES;
				GCC_C_LANGUAGE_STANDARD = gnu99;
				GCC_NO_COMMON_BLOCKS = YES;
				GCC_WARN_64_TO_32_BIT_CONVERSION = YES;
				GCC_WARN_ABOUT_RETURN_TYPE = YES_ERROR;
				GCC_WARN_UNDECLARED_SELECTOR = YES;
				GCC_WARN_UNINITIALIZED_AUTOS = YES_AGGRESSIVE;
				GCC_WARN_UNUSED_FUNCTION = YES;
				GCC_WARN_UNUSED_VARIABLE = YES;
				IPHONEOS_DEPLOYMENT_TARGET = 10.1;
				MTL_ENABLE_DEBUG_INFO = NO;
				SDKROOT = iphoneos;
				SWIFT_OPTIMIZATION_LEVEL = "-Owholemodule";
				TARGETED_DEVICE_FAMILY = "1,2";
				VALIDATE_PRODUCT = YES;
			};
			name = Release;
		};
		43F9A0471DEA3AE0001EB1FC /* Debug */ = {
			isa = XCBuildConfiguration;
			buildSettings = {
				ASSETCATALOG_COMPILER_APPICON_NAME = AppIcon;
				DEVELOPMENT_TEAM = EZ3EL33ZBM;
				FRAMEWORK_SEARCH_PATHS = (
					"$(inherited)",
					"$(PROJECT_DIR)/Carthage/Build/iOS",
				);
				INFOPLIST_FILE = Verion/Info.plist;
				IPHONEOS_DEPLOYMENT_TARGET = 9.0;
				LD_RUNPATH_SEARCH_PATHS = "$(inherited) @executable_path/Frameworks";
				PRODUCT_BUNDLE_IDENTIFIER = com.workhorsebytes.Verion;
				PRODUCT_NAME = "$(TARGET_NAME)";
				SWIFT_VERSION = 3.0;
				TARGETED_DEVICE_FAMILY = "1,2";
			};
			name = Debug;
		};
		43F9A0481DEA3AE0001EB1FC /* Release */ = {
			isa = XCBuildConfiguration;
			buildSettings = {
				ASSETCATALOG_COMPILER_APPICON_NAME = AppIcon;
				DEVELOPMENT_TEAM = EZ3EL33ZBM;
				FRAMEWORK_SEARCH_PATHS = (
					"$(inherited)",
					"$(PROJECT_DIR)/Carthage/Build/iOS",
				);
				INFOPLIST_FILE = Verion/Info.plist;
				IPHONEOS_DEPLOYMENT_TARGET = 9.0;
				LD_RUNPATH_SEARCH_PATHS = "$(inherited) @executable_path/Frameworks";
				PRODUCT_BUNDLE_IDENTIFIER = com.workhorsebytes.Verion;
				PRODUCT_NAME = "$(TARGET_NAME)";
				SWIFT_VERSION = 3.0;
				TARGETED_DEVICE_FAMILY = "1,2";
			};
			name = Release;
		};
		43F9A04A1DEA3AE0001EB1FC /* Debug */ = {
			isa = XCBuildConfiguration;
			buildSettings = {
				ALWAYS_EMBED_SWIFT_STANDARD_LIBRARIES = YES;
				BUNDLE_LOADER = "$(TEST_HOST)";
				DEVELOPMENT_TEAM = EZ3EL33ZBM;
				FRAMEWORK_SEARCH_PATHS = (
					"$(inherited)",
					"$(PROJECT_DIR)/Carthage/Build/iOS",
				);
				INFOPLIST_FILE = VerionTests/Info.plist;
				LD_RUNPATH_SEARCH_PATHS = "$(inherited) @executable_path/Frameworks @loader_path/Frameworks";
				PRODUCT_BUNDLE_IDENTIFIER = com.workhorsebytes.VerionTests;
				PRODUCT_NAME = "$(TARGET_NAME)";
				SWIFT_VERSION = 3.0;
				TEST_HOST = "$(BUILT_PRODUCTS_DIR)/Verion.app/Verion";
			};
			name = Debug;
		};
		43F9A04B1DEA3AE0001EB1FC /* Release */ = {
			isa = XCBuildConfiguration;
			buildSettings = {
				ALWAYS_EMBED_SWIFT_STANDARD_LIBRARIES = YES;
				BUNDLE_LOADER = "$(TEST_HOST)";
				DEVELOPMENT_TEAM = EZ3EL33ZBM;
				FRAMEWORK_SEARCH_PATHS = (
					"$(inherited)",
					"$(PROJECT_DIR)/Carthage/Build/iOS",
				);
				INFOPLIST_FILE = VerionTests/Info.plist;
				LD_RUNPATH_SEARCH_PATHS = "$(inherited) @executable_path/Frameworks @loader_path/Frameworks";
				PRODUCT_BUNDLE_IDENTIFIER = com.workhorsebytes.VerionTests;
				PRODUCT_NAME = "$(TARGET_NAME)";
				SWIFT_VERSION = 3.0;
				TEST_HOST = "$(BUILT_PRODUCTS_DIR)/Verion.app/Verion";
			};
			name = Release;
		};
/* End XCBuildConfiguration section */

/* Begin XCConfigurationList section */
		43F9A0241DEA3ADF001EB1FC /* Build configuration list for PBXProject "Verion" */ = {
			isa = XCConfigurationList;
			buildConfigurations = (
				43F9A0441DEA3AE0001EB1FC /* Debug */,
				43F9A0451DEA3AE0001EB1FC /* Release */,
			);
			defaultConfigurationIsVisible = 0;
			defaultConfigurationName = Release;
		};
		43F9A0461DEA3AE0001EB1FC /* Build configuration list for PBXNativeTarget "Verion" */ = {
			isa = XCConfigurationList;
			buildConfigurations = (
				43F9A0471DEA3AE0001EB1FC /* Debug */,
				43F9A0481DEA3AE0001EB1FC /* Release */,
			);
			defaultConfigurationIsVisible = 0;
			defaultConfigurationName = Release;
		};
		43F9A0491DEA3AE0001EB1FC /* Build configuration list for PBXNativeTarget "VerionTests" */ = {
			isa = XCConfigurationList;
			buildConfigurations = (
				43F9A04A1DEA3AE0001EB1FC /* Debug */,
				43F9A04B1DEA3AE0001EB1FC /* Release */,
			);
			defaultConfigurationIsVisible = 0;
			defaultConfigurationName = Release;
		};
/* End XCConfigurationList section */
	};
	rootObject = 43F9A0211DEA3ADF001EB1FC /* Project object */;
}
